# THIS IS AN AUTOGENERATED FILE. DO NOT EDIT THIS FILE DIRECTLY.
# yarn lockfile v1


"@babel/runtime@^7.17.2", "@babel/runtime@^7.17.8", "@babel/runtime@^7.17.9":
  "integrity" "sha512-lSiBBvodq29uShpWGNbgFdKYNiFDo5/HIYsaCEY9ff4sb10x9jizo2+pRrSyF4jKZCXqgzuqBOQKbUm90gQwJg=="
  "resolved" "https://registry.npmjs.org/@babel/runtime/-/runtime-7.17.9.tgz"
  "version" "7.17.9"
  dependencies:
    "regenerator-runtime" "^0.13.4"

"@cspotcode/source-map-consumer@0.8.0":
  "integrity" "sha512-41qniHzTU8yAGbCp04ohlmSrZf8bkf/iJsl3V0dRGsQN/5GFfx+LbCSsCpp2gqrqjTVg/K6O8ycoV35JIwAzAg=="
  "resolved" "https://registry.npmjs.org/@cspotcode/source-map-consumer/-/source-map-consumer-0.8.0.tgz"
  "version" "0.8.0"

"@cspotcode/source-map-support@0.7.0":
  "integrity" "sha512-X4xqRHqN8ACt2aHVe51OxeA2HjbcL4MqFqXkrmQszJ1NOUuUu5u6Vqx/0lZSVNku7velL5FC/s5uEAj1lsBMhA=="
  "resolved" "https://registry.npmjs.org/@cspotcode/source-map-support/-/source-map-support-0.7.0.tgz"
  "version" "0.7.0"
  dependencies:
    "@cspotcode/source-map-consumer" "0.8.0"

"@noble/hashes@1.0.0":
  "integrity" "sha512-DZVbtY62kc3kkBtMHqwCOfXrT/hnoORy5BJ4+HU1IR59X0KWAOqsfzQPcUl/lQLlG7qXbe/fZ3r/emxtAl+sqg=="
  "resolved" "https://registry.npmjs.org/@noble/hashes/-/hashes-1.0.0.tgz"
  "version" "1.0.0"

"@noble/secp256k1@1.5.5":
  "integrity" "sha512-sZ1W6gQzYnu45wPrWx8D3kwI2/U29VYTx9OjbDAd7jwRItJ0cSTMPRL/C8AWZFn9kWFLQGqEXVEE86w4Z8LpIQ=="
  "resolved" "https://registry.npmjs.org/@noble/secp256k1/-/secp256k1-1.5.5.tgz"
  "version" "1.5.5"

"@polkadot/api-augment@7.9.1":
  "integrity" "sha512-mfCcN73uXH/KN69Gfsijzas7L68FU/oV5AhVW4ijp7/9uG66+VWYkhRTnHRBgFdavUQME7fTQ+eQiyA3kRozTg=="
  "resolved" "https://registry.npmjs.org/@polkadot/api-augment/-/api-augment-7.9.1.tgz"
  "version" "7.9.1"
  dependencies:
    "@babel/runtime" "^7.17.2"
    "@polkadot/api-base" "7.9.1"
    "@polkadot/rpc-augment" "7.9.1"
    "@polkadot/types" "7.9.1"
    "@polkadot/types-augment" "7.9.1"
    "@polkadot/types-codec" "7.9.1"
    "@polkadot/util" "^8.4.1"

"@polkadot/api-base@7.9.1":
  "integrity" "sha512-sxUEbQAt80/UEtnY5ho+tNmh0Zl8fJxhIaSlWbSyEr15gAOeP2vu4U9RxFzESOK393QuUsm8Ef0F79RkQYG5Ew=="
  "resolved" "https://registry.npmjs.org/@polkadot/api-base/-/api-base-7.9.1.tgz"
  "version" "7.9.1"
  dependencies:
    "@babel/runtime" "^7.17.2"
    "@polkadot/rpc-core" "7.9.1"
    "@polkadot/types" "7.9.1"
    "@polkadot/util" "^8.4.1"
    "rxjs" "^7.5.4"

"@polkadot/api-derive@7.9.1":
  "integrity" "sha512-yEBSGPkQN+eR2RPYWxt91pR5k8gljV8zYo+6m5NvESYCrPWzfOJL1mQRr+N+4cNcfZ+ZL0+8e0LUIlac4MMesw=="
  "resolved" "https://registry.npmjs.org/@polkadot/api-derive/-/api-derive-7.9.1.tgz"
  "version" "7.9.1"
  dependencies:
    "@babel/runtime" "^7.17.2"
    "@polkadot/api" "7.9.1"
    "@polkadot/api-augment" "7.9.1"
    "@polkadot/api-base" "7.9.1"
    "@polkadot/rpc-core" "7.9.1"
    "@polkadot/types" "7.9.1"
    "@polkadot/types-codec" "7.9.1"
    "@polkadot/util" "^8.4.1"
    "@polkadot/util-crypto" "^8.4.1"
    "rxjs" "^7.5.4"

"@polkadot/api@=7.9.1", "@polkadot/api@7.9.1":
  "integrity" "sha512-bV+qaUwbNsPwLYVQ2ZmA7Spi8znp1RrNGJPP3ZiR96vdShe4iLizbkcPpV+X9+E/tytvTouU2pGUM4UW4EsQ5w=="
  "resolved" "https://registry.npmjs.org/@polkadot/api/-/api-7.9.1.tgz"
  "version" "7.9.1"
  dependencies:
    "@babel/runtime" "^7.17.2"
    "@polkadot/api-augment" "7.9.1"
    "@polkadot/api-base" "7.9.1"
    "@polkadot/api-derive" "7.9.1"
    "@polkadot/keyring" "^8.4.1"
    "@polkadot/rpc-augment" "7.9.1"
    "@polkadot/rpc-core" "7.9.1"
    "@polkadot/rpc-provider" "7.9.1"
    "@polkadot/types" "7.9.1"
    "@polkadot/types-augment" "7.9.1"
    "@polkadot/types-codec" "7.9.1"
    "@polkadot/types-create" "7.9.1"
    "@polkadot/types-known" "7.9.1"
    "@polkadot/util" "^8.4.1"
    "@polkadot/util-crypto" "^8.4.1"
    "eventemitter3" "^4.0.7"
    "rxjs" "^7.5.4"

"@polkadot/keyring@^8.4.1", "@polkadot/keyring@^8.6.1":
  "integrity" "sha512-Ra3L6JwMMnlnmpGIOanMT7XqWtqp2gXpGEmA6eE9bL9xUo6e3RPudFncYrWizUjzbYXnaO4bFExRcp2RIBuvWA=="
  "resolved" "https://registry.npmjs.org/@polkadot/keyring/-/keyring-8.6.1.tgz"
  "version" "8.6.1"
  dependencies:
    "@babel/runtime" "^7.17.8"
    "@polkadot/util" "8.6.1"
    "@polkadot/util-crypto" "8.6.1"

"@polkadot/networks@^8.4.1", "@polkadot/networks@8.6.1":
  "integrity" "sha512-NG59Oc6KqbGbQiF6nb8uD16VVAgMFcAI5RVJWE5yN4dwh3eVdKemIezSii5Pc9sxBUP/SrBDf6KAI84TmsXUUA=="
  "resolved" "https://registry.npmjs.org/@polkadot/networks/-/networks-8.6.1.tgz"
  "version" "8.6.1"
  dependencies:
    "@babel/runtime" "^7.17.8"
    "@polkadot/util" "8.6.1"
    "@substrate/ss58-registry" "^1.17.0"

"@polkadot/networks@9.0.1":
  "integrity" "sha512-jWunZIgA1ocYtF6WGWg3EsPQD19FJ/QCSjiyzHIqVZez8EgFSRQ1iqnawVLOJCd2UA319ZOzjLcuUt6QO0IqRQ=="
  "resolved" "https://registry.npmjs.org/@polkadot/networks/-/networks-9.0.1.tgz"
  "version" "9.0.1"
  dependencies:
    "@babel/runtime" "^7.17.9"
    "@polkadot/util" "9.0.1"
    "@substrate/ss58-registry" "^1.17.0"

"@polkadot/rpc-augment@7.9.1":
  "integrity" "sha512-8rI0cfNT7A6rdrk7lBRcB/1Qm8x6yarDTVUaRuqTBLzjgr/4WExg1h7sjjFOLVPE6T+SXBY0RKjRKglTcolv5g=="
  "resolved" "https://registry.npmjs.org/@polkadot/rpc-augment/-/rpc-augment-7.9.1.tgz"
  "version" "7.9.1"
  dependencies:
    "@babel/runtime" "^7.17.2"
    "@polkadot/rpc-core" "7.9.1"
    "@polkadot/types" "7.9.1"
    "@polkadot/types-codec" "7.9.1"
    "@polkadot/util" "^8.4.1"

"@polkadot/rpc-core@7.9.1":
  "integrity" "sha512-p1Z0Ii+/w31EBS3lcE9fr83Gf3zZK7IM1+AEuCW7NGM9iHMTLZtzMKE23B34Hs8eR5JdDBcXMYtcwNL+W/I5jA=="
  "resolved" "https://registry.npmjs.org/@polkadot/rpc-core/-/rpc-core-7.9.1.tgz"
  "version" "7.9.1"
  dependencies:
    "@babel/runtime" "^7.17.2"
    "@polkadot/rpc-augment" "7.9.1"
    "@polkadot/rpc-provider" "7.9.1"
    "@polkadot/types" "7.9.1"
    "@polkadot/util" "^8.4.1"
    "rxjs" "^7.5.4"

"@polkadot/rpc-provider@7.9.1":
  "integrity" "sha512-gDcWFxzea5sfjEOCiO3rRRGxWYiUzlcra8PK/aS0H7GU6QnYNi7VXQY4fgM0VZbo1tkrw0+lBlpXrEZcPAP6Qg=="
  "resolved" "https://registry.npmjs.org/@polkadot/rpc-provider/-/rpc-provider-7.9.1.tgz"
  "version" "7.9.1"
  dependencies:
    "@babel/runtime" "^7.17.2"
    "@polkadot/keyring" "^8.4.1"
    "@polkadot/types" "7.9.1"
    "@polkadot/types-support" "7.9.1"
    "@polkadot/util" "^8.4.1"
    "@polkadot/util-crypto" "^8.4.1"
    "@polkadot/x-fetch" "^8.4.1"
    "@polkadot/x-global" "^8.4.1"
    "@polkadot/x-ws" "^8.4.1"
    "eventemitter3" "^4.0.7"
    "mock-socket" "^9.1.2"
    "nock" "^13.2.4"

"@polkadot/types-augment@7.9.1":
  "integrity" "sha512-2dl7CzgEBgGSjcqNcH2F2ZIlGVkf/mtbvu8ObmVw4z/ojpRLv26MO2TexF6fUMAFi7uNnq4r4yB9NsAxdUv2ZQ=="
  "resolved" "https://registry.npmjs.org/@polkadot/types-augment/-/types-augment-7.9.1.tgz"
  "version" "7.9.1"
  dependencies:
    "@babel/runtime" "^7.17.2"
    "@polkadot/types" "7.9.1"
    "@polkadot/types-codec" "7.9.1"
    "@polkadot/util" "^8.4.1"

"@polkadot/types-codec@7.9.1":
  "integrity" "sha512-wFSvVrBuk7s8SF1pIs1ftwE0B1TpU2CuWy/AGCh4TG510nbrpCh7DaJQJKfsRXprpbo08ybkocT2p6Snv6SIOA=="
  "resolved" "https://registry.npmjs.org/@polkadot/types-codec/-/types-codec-7.9.1.tgz"
  "version" "7.9.1"
  dependencies:
    "@babel/runtime" "^7.17.2"
    "@polkadot/util" "^8.4.1"

"@polkadot/types-create@7.9.1":
  "integrity" "sha512-/l0EIMrtQFlD7mltwyWv2GuZiOYCHWOSvMMIYSocmhijKIBlJb0Wsn5RIpmUaDojYre01tx5NSwnLH82uTK6mQ=="
  "resolved" "https://registry.npmjs.org/@polkadot/types-create/-/types-create-7.9.1.tgz"
  "version" "7.9.1"
  dependencies:
    "@babel/runtime" "^7.17.2"
    "@polkadot/types-codec" "7.9.1"
    "@polkadot/util" "^8.4.1"

"@polkadot/types-known@7.9.1":
  "integrity" "sha512-O4Mir1Iec4Dex+i5tu9ouUjD2hEV1LzwWsqnu690QoIKNdb4Kc3LDSBt4CyCsb/yTvn4tXIMwO+D3n0i91QJuQ=="
  "resolved" "https://registry.npmjs.org/@polkadot/types-known/-/types-known-7.9.1.tgz"
  "version" "7.9.1"
  dependencies:
    "@babel/runtime" "^7.17.2"
    "@polkadot/networks" "^8.4.1"
    "@polkadot/types" "7.9.1"
    "@polkadot/types-codec" "7.9.1"
    "@polkadot/types-create" "7.9.1"
    "@polkadot/util" "^8.4.1"

"@polkadot/types-support@7.9.1":
  "integrity" "sha512-WO0xE2P01KqfQ7vJH0DGRYeK/UdIEKakJLdm7Js5zXoWwAtjSJ9Xk66F6TOpqnji5dvYlVcEA0t3a5NgivuzcQ=="
  "resolved" "https://registry.npmjs.org/@polkadot/types-support/-/types-support-7.9.1.tgz"
  "version" "7.9.1"
  dependencies:
    "@babel/runtime" "^7.17.2"
    "@polkadot/util" "^8.4.1"

"@polkadot/types@7.9.1":
  "integrity" "sha512-yyBMqPh3pmEWY+G5XWwO8HK6Xh80rrrPiq+BoggPIue8c9ecrXhwRbOyzah7Gk4/Mq2My7nwsDwyhqJfwkUtKw=="
  "resolved" "https://registry.npmjs.org/@polkadot/types/-/types-7.9.1.tgz"
  "version" "7.9.1"
  dependencies:
    "@babel/runtime" "^7.17.2"
    "@polkadot/keyring" "^8.4.1"
    "@polkadot/types-augment" "7.9.1"
    "@polkadot/types-codec" "7.9.1"
    "@polkadot/types-create" "7.9.1"
    "@polkadot/util" "^8.4.1"
    "@polkadot/util-crypto" "^8.4.1"
    "rxjs" "^7.5.4"

"@polkadot/util-crypto@^8.4.1":
  "integrity" "sha512-+eAKZM7aUIPKLuVl8C2UYauZ0kza0Lq3n3TkVS32bjXmS/Lo+qeMqj8jBSLD8a5BApDUiCL1j+L9cA/wq8pvIQ=="
  "resolved" "https://registry.npmjs.org/@polkadot/util-crypto/-/util-crypto-8.6.1.tgz"
  "version" "8.6.1"
  dependencies:
    "@babel/runtime" "^7.17.8"
    "@noble/hashes" "1.0.0"
    "@noble/secp256k1" "1.5.5"
    "@polkadot/networks" "8.6.1"
    "@polkadot/util" "8.6.1"
    "@polkadot/wasm-crypto" "^5.0.1"
    "@polkadot/x-bigint" "8.6.1"
    "@polkadot/x-randomvalues" "8.6.1"
    "@scure/base" "1.0.0"
    "ed2curve" "^0.3.0"
    "tweetnacl" "^1.0.3"

"@polkadot/util-crypto@^9.0.1":
  "integrity" "sha512-HPze3+VHY899B6CXwyrgWNDqmjmhfYy6+l29giXLfT/kmaL5FodRPCO36BNTbGCITuVajDR9wdZ/LeLZdIb79w=="
  "resolved" "https://registry.npmjs.org/@polkadot/util-crypto/-/util-crypto-9.0.1.tgz"
  "version" "9.0.1"
  dependencies:
    "@babel/runtime" "^7.17.9"
    "@noble/hashes" "1.0.0"
    "@noble/secp256k1" "1.5.5"
    "@polkadot/networks" "9.0.1"
    "@polkadot/util" "9.0.1"
    "@polkadot/wasm-crypto" "^6.0.1"
    "@polkadot/x-bigint" "9.0.1"
    "@polkadot/x-randomvalues" "9.0.1"
    "@scure/base" "1.0.0"
    "ed2curve" "^0.3.0"
    "tweetnacl" "^1.0.3"

"@polkadot/util-crypto@8.6.1":
  "integrity" "sha512-+eAKZM7aUIPKLuVl8C2UYauZ0kza0Lq3n3TkVS32bjXmS/Lo+qeMqj8jBSLD8a5BApDUiCL1j+L9cA/wq8pvIQ=="
  "resolved" "https://registry.npmjs.org/@polkadot/util-crypto/-/util-crypto-8.6.1.tgz"
  "version" "8.6.1"
  dependencies:
    "@babel/runtime" "^7.17.8"
    "@noble/hashes" "1.0.0"
    "@noble/secp256k1" "1.5.5"
    "@polkadot/networks" "8.6.1"
    "@polkadot/util" "8.6.1"
    "@polkadot/wasm-crypto" "^5.0.1"
    "@polkadot/x-bigint" "8.6.1"
    "@polkadot/x-randomvalues" "8.6.1"
    "@scure/base" "1.0.0"
    "ed2curve" "^0.3.0"
    "tweetnacl" "^1.0.3"

"@polkadot/util@*", "@polkadot/util@^9.0.1", "@polkadot/util@9.0.1":
  "integrity" "sha512-MuiuAb0VcnNpBFpbXZ4v0roxEVSpfx3bDR9qR31XCYCUODDKXa04srFz2EXI0pov087mTprIUE+x9wIWkH9QUg=="
  "resolved" "https://registry.npmjs.org/@polkadot/util/-/util-9.0.1.tgz"
  "version" "9.0.1"
  dependencies:
    "@babel/runtime" "^7.17.9"
    "@polkadot/x-bigint" "9.0.1"
    "@polkadot/x-global" "9.0.1"
    "@polkadot/x-textdecoder" "9.0.1"
    "@polkadot/x-textencoder" "9.0.1"
    "@types/bn.js" "^5.1.0"
    "bn.js" "^5.2.0"
    "ip-regex" "^4.3.0"

"@polkadot/util@^8.4.1", "@polkadot/util@8.6.1":
  "integrity" "sha512-/I0DDo/32wUH6A5qC7SPSSpzHfgZUaRkmWIzovCsIddY389S+C7lI1Ow/A0vhr1bHWrI0L5sV5IJfNpUOQfaSQ=="
  "resolved" "https://registry.npmjs.org/@polkadot/util/-/util-8.6.1.tgz"
  "version" "8.6.1"
  dependencies:
    "@babel/runtime" "^7.17.8"
    "@polkadot/x-bigint" "8.6.1"
    "@polkadot/x-global" "8.6.1"
    "@polkadot/x-textdecoder" "8.6.1"
    "@polkadot/x-textencoder" "8.6.1"
    "@types/bn.js" "^5.1.0"
    "bn.js" "^5.2.0"
    "ip-regex" "^4.3.0"

"@polkadot/wasm-crypto-asmjs@^5.0.1":
  "integrity" "sha512-AskQIC/Eu7kD8E2lV2I0nx5dCOJc+V5zitzDsGPHvIx9mtm87rjSHbR/pGNu2NwVxJhVMEoFjGxKA7KSwrefhA=="
  "resolved" "https://registry.npmjs.org/@polkadot/wasm-crypto-asmjs/-/wasm-crypto-asmjs-5.0.1.tgz"
  "version" "5.0.1"
  dependencies:
    "@babel/runtime" "^7.17.8"

"@polkadot/wasm-crypto-asmjs@^6.0.1":
  "integrity" "sha512-cSGsHBLfPW2nHztgZd+gisCoScA02jbAzwjop/b8xumQ2kq7yAed/K9G1lOQiofEKRetIJeqBzJyk0etopRORw=="
  "resolved" "https://registry.npmjs.org/@polkadot/wasm-crypto-asmjs/-/wasm-crypto-asmjs-6.0.1.tgz"
  "version" "6.0.1"
  dependencies:
    "@babel/runtime" "^7.17.9"

"@polkadot/wasm-crypto-wasm@^5.0.1":
  "integrity" "sha512-X0najgKPvsB3Jmx1+4EuS1c9ra9YN9m+Eo7CpQmRP3LLdcV0AfRd7PT4B8po5lZ2/a3ftTdkxOxnsqdvjb5qwA=="
  "resolved" "https://registry.npmjs.org/@polkadot/wasm-crypto-wasm/-/wasm-crypto-wasm-5.0.1.tgz"
  "version" "5.0.1"
  dependencies:
    "@babel/runtime" "^7.17.8"

"@polkadot/wasm-crypto-wasm@^6.0.1":
  "integrity" "sha512-0r/QgOjIyw4U0mLk6Tm97Di92uxcSPjTo7dK6tdXo1PwYouhzO5IJnL/jNgma8dm5hQoBhk7rcErmkh8c1kLFQ=="
  "resolved" "https://registry.npmjs.org/@polkadot/wasm-crypto-wasm/-/wasm-crypto-wasm-6.0.1.tgz"
  "version" "6.0.1"
  dependencies:
    "@babel/runtime" "^7.17.9"

"@polkadot/wasm-crypto@^5.0.1":
  "integrity" "sha512-/FzetOeC4rPKt5LO3CHPxtbsk+ps9BE19KkbfoRYOphPNgRd/Rq9in0BuGwsCWayfDGdhkYq+wxixPRZQ5A8LQ=="
  "resolved" "https://registry.npmjs.org/@polkadot/wasm-crypto/-/wasm-crypto-5.0.1.tgz"
  "version" "5.0.1"
  dependencies:
    "@babel/runtime" "^7.17.8"
    "@polkadot/wasm-crypto-asmjs" "^5.0.1"
    "@polkadot/wasm-crypto-wasm" "^5.0.1"

"@polkadot/wasm-crypto@^6.0.1":
  "integrity" "sha512-nW5DDrciHGbZbj0Xh7w0Bnh5exSJUw96Zux7RuGfXuoXXHZBcf0QiB4E2dcVh3d/NkF7PkB99FlkdQxQp4M0Rg=="
  "resolved" "https://registry.npmjs.org/@polkadot/wasm-crypto/-/wasm-crypto-6.0.1.tgz"
  "version" "6.0.1"
  dependencies:
    "@babel/runtime" "^7.17.9"
    "@polkadot/wasm-crypto-asmjs" "^6.0.1"
    "@polkadot/wasm-crypto-wasm" "^6.0.1"

"@polkadot/x-bigint@8.6.1":
  "integrity" "sha512-k8FiamE5t8WSSVGaFTMdpkyCwvpq8rq0FfGq82bZabkzmEps1lIj8h5nNwwsPHleO55LtVIMYvZZ4VR3fth+xA=="
  "resolved" "https://registry.npmjs.org/@polkadot/x-bigint/-/x-bigint-8.6.1.tgz"
  "version" "8.6.1"
  dependencies:
    "@babel/runtime" "^7.17.8"
    "@polkadot/x-global" "8.6.1"

"@polkadot/x-bigint@9.0.1":
  "integrity" "sha512-At+huOL4WYdNh8PHy7r94y5JpilphsPLEuyM+K3M/aE2R9G/2f0qTK9AjHeyNyeIrhw6Bc4uzO5K2Ka72HjS2g=="
  "resolved" "https://registry.npmjs.org/@polkadot/x-bigint/-/x-bigint-9.0.1.tgz"
  "version" "9.0.1"
  dependencies:
    "@babel/runtime" "^7.17.9"
    "@polkadot/x-global" "9.0.1"

"@polkadot/x-fetch@^8.4.1":
  "integrity" "sha512-NBZi4MMfeach/tUFQCG0VXGsdbGaFsCWGabalYAeHRweERmh0kE0r6AECdp3YSQJTl7eVTiMX7gr1qZLUDgfcg=="
  "resolved" "https://registry.npmjs.org/@polkadot/x-fetch/-/x-fetch-8.6.1.tgz"
  "version" "8.6.1"
  dependencies:
    "@babel/runtime" "^7.17.8"
    "@polkadot/x-global" "8.6.1"
    "@types/node-fetch" "^2.6.1"
    "node-fetch" "^2.6.7"

"@polkadot/x-global@^8.4.1", "@polkadot/x-global@8.6.1":
  "integrity" "sha512-08ePLMEh8MVNk+jvl82L/CRwfIutwbpziC1XhgM+/iJShac7kEqI1ZL6F91sHp6+mFLm8OtyL4NJuPxglchppQ=="
  "resolved" "https://registry.npmjs.org/@polkadot/x-global/-/x-global-8.6.1.tgz"
  "version" "8.6.1"
  dependencies:
    "@babel/runtime" "^7.17.8"

"@polkadot/x-global@9.0.1":
  "integrity" "sha512-C4K3laEYWMlWc1fJFUC5Kd6gxSC0GIe/ajClPjiKf5cwCGkGgtkcB7uvpzvnMAdxYpXiUnMHbJB6X/QyV/VG+Q=="
  "resolved" "https://registry.npmjs.org/@polkadot/x-global/-/x-global-9.0.1.tgz"
  "version" "9.0.1"
  dependencies:
    "@babel/runtime" "^7.17.9"

"@polkadot/x-randomvalues@*", "@polkadot/x-randomvalues@9.0.1":
  "integrity" "sha512-F/1Eabzx9kWivSXA23SW5BzfjtDWqaNct+GkC5dlm2lg/iE2IRY2JIqoKKkfh1u1/3iQ5YfjA96NmD/swNAcew=="
  "resolved" "https://registry.npmjs.org/@polkadot/x-randomvalues/-/x-randomvalues-9.0.1.tgz"
  "version" "9.0.1"
  dependencies:
    "@babel/runtime" "^7.17.9"
    "@polkadot/x-global" "9.0.1"

"@polkadot/x-randomvalues@8.6.1":
  "integrity" "sha512-F0mQ4D8IOMKftvZIaAPgthhg93C/wfjfgRvaxg8dsGz34+xBNGopHvzG0o7AbBmI2DBgzXd1nQrokYTwv7OfhA=="
  "resolved" "https://registry.npmjs.org/@polkadot/x-randomvalues/-/x-randomvalues-8.6.1.tgz"
  "version" "8.6.1"
  dependencies:
    "@babel/runtime" "^7.17.8"
    "@polkadot/x-global" "8.6.1"

"@polkadot/x-textdecoder@8.6.1":
  "integrity" "sha512-AIVZRpujjlzSqr51XW0JnX9O3K753R7YnPxseztHwqAREvY1HP7Jm9hDBk415qf8IcB2Ttm1fzpwphKu6/nTwA=="
  "resolved" "https://registry.npmjs.org/@polkadot/x-textdecoder/-/x-textdecoder-8.6.1.tgz"
  "version" "8.6.1"
  dependencies:
    "@babel/runtime" "^7.17.8"
    "@polkadot/x-global" "8.6.1"

"@polkadot/x-textdecoder@9.0.1":
  "integrity" "sha512-SudTQiluYIRO8EXF02kfWZGfsXrvJq4D2yURiIeIeWbrAShRUcQES7W01iGa5xvaHSW249eJ3fHbeDTNQd5B6Q=="
  "resolved" "https://registry.npmjs.org/@polkadot/x-textdecoder/-/x-textdecoder-9.0.1.tgz"
  "version" "9.0.1"
  dependencies:
    "@babel/runtime" "^7.17.9"
    "@polkadot/x-global" "9.0.1"

"@polkadot/x-textencoder@8.6.1":
  "integrity" "sha512-16Poz8vpHgMDe7QeQ1J49P547okfWUO/CfHLVz9GRgz4SVFPqFGmZ2bfQlWI9TfaYlyw7MjGW5Qq3VijO2vBbw=="
  "resolved" "https://registry.npmjs.org/@polkadot/x-textencoder/-/x-textencoder-8.6.1.tgz"
  "version" "8.6.1"
  dependencies:
    "@babel/runtime" "^7.17.8"
    "@polkadot/x-global" "8.6.1"

"@polkadot/x-textencoder@9.0.1":
  "integrity" "sha512-73LeTasA3iDJMCLQXZd21wzNjs1Xr2xNXW03Yja3OPLneGK6Zlqz77AAYcjhQd2dgSFoH2NQ1JvdffXT9y1sGA=="
  "resolved" "https://registry.npmjs.org/@polkadot/x-textencoder/-/x-textencoder-9.0.1.tgz"
  "version" "9.0.1"
  dependencies:
    "@babel/runtime" "^7.17.9"
    "@polkadot/x-global" "9.0.1"

"@polkadot/x-ws@^8.4.1":
  "integrity" "sha512-h5XZxb5h0SEqdtEIYf7kAta0fnOgGVJ0nsxiqI/KKLso2HA1AsZLvj1t9eQbn1FIyFSgA50mlA++iJQNgX9kvA=="
  "resolved" "https://registry.npmjs.org/@polkadot/x-ws/-/x-ws-8.6.1.tgz"
  "version" "8.6.1"
  dependencies:
    "@babel/runtime" "^7.17.8"
    "@polkadot/x-global" "8.6.1"
    "@types/websocket" "^1.0.5"
    "websocket" "^1.0.34"

"@scure/base@1.0.0":
  "integrity" "sha512-gIVaYhUsy+9s58m/ETjSJVKHhKTBMmcRb9cEV5/5dwvfDlfORjKrFsDeDHWRrm6RjcPvCLZFwGJjAjLj1gg4HA=="
  "resolved" "https://registry.npmjs.org/@scure/base/-/base-1.0.0.tgz"
  "version" "1.0.0"

"@substrate/ss58-registry@^1.17.0":
  "integrity" "sha512-YdQOxCtEZLnYZFg/zSzfROYtvIs5+iLD7p/VHoll7AVEhrPAmxgF5ggMDB2Dass7dfwABVx7heATbPFNg95Q8w=="
  "resolved" "https://registry.npmjs.org/@substrate/ss58-registry/-/ss58-registry-1.17.0.tgz"
  "version" "1.17.0"

"@tsconfig/node10@^1.0.7":
  "integrity" "sha512-6XFfSQmMgq0CFLY1MslA/CPUfhIL919M1rMsa5lP2P097N2Wd1sSX0tx1u4olM16fLNhtHZpRhedZJphNJqmZg=="
  "resolved" "https://registry.npmjs.org/@tsconfig/node10/-/node10-1.0.8.tgz"
  "version" "1.0.8"

"@tsconfig/node12@^1.0.7":
  "integrity" "sha512-/yBMcem+fbvhSREH+s14YJi18sp7J9jpuhYByADT2rypfajMZZN4WQ6zBGgBKp53NKmqI36wFYDb3yaMPurITw=="
  "resolved" "https://registry.npmjs.org/@tsconfig/node12/-/node12-1.0.9.tgz"
  "version" "1.0.9"

"@tsconfig/node14@^1.0.0":
  "integrity" "sha512-509r2+yARFfHHE7T6Puu2jjkoycftovhXRqW328PDXTVGKihlb1P8Z9mMZH04ebyajfRY7dedfGynlrFHJUQCg=="
  "resolved" "https://registry.npmjs.org/@tsconfig/node14/-/node14-1.0.1.tgz"
  "version" "1.0.1"

"@tsconfig/node16@^1.0.2":
  "integrity" "sha512-eZxlbI8GZscaGS7kkc/trHTT5xgrjH3/1n2JDwusC9iahPKWMRvRjJSAN5mCXviuTGQ/lHnhvv8Q1YTpnfz9gA=="
  "resolved" "https://registry.npmjs.org/@tsconfig/node16/-/node16-1.0.2.tgz"
  "version" "1.0.2"

"@types/bn.js@^5.1.0":
  "integrity" "sha512-QSSVYj7pYFN49kW77o2s9xTCwZ8F2xLbjLLSEVh8D2F4JUhZtPAGOFLTD+ffqksBx/u4cE/KImFjyhqCjn/LIA=="
  "resolved" "https://registry.npmjs.org/@types/bn.js/-/bn.js-5.1.0.tgz"
  "version" "5.1.0"
  dependencies:
    "@types/node" "*"

"@types/node-fetch@^2.6.1":
  "integrity" "sha512-oMqjURCaxoSIsHSr1E47QHzbmzNR5rK8McHuNb11BOM9cHcIK3Avy0s/b2JlXHoQGTYS3NsvWzV1M0iK7l0wbA=="
  "resolved" "https://registry.npmjs.org/@types/node-fetch/-/node-fetch-2.6.1.tgz"
  "version" "2.6.1"
  dependencies:
    "@types/node" "*"
    "form-data" "^3.0.0"

"@types/node@*":
  "integrity" "sha512-DBZCJbhII3r90XbQxI8Y9IjjiiOGlZ0Hr32omXIZvwwZ7p4DMMXGrKXVyPfuoBOri9XNtL0UK69jYIBIsRX3QQ=="
  "resolved" "https://registry.npmjs.org/@types/node/-/node-17.0.21.tgz"
  "version" "17.0.21"

"@types/websocket@^1.0.5":
  "integrity" "sha512-NbsqiNX9CnEfC1Z0Vf4mE1SgAJ07JnRYcNex7AJ9zAVzmiGHmjKFEk7O4TJIsgv2B1sLEb6owKFZrACwdYngsQ=="
  "resolved" "https://registry.npmjs.org/@types/websocket/-/websocket-1.0.5.tgz"
  "version" "1.0.5"
  dependencies:
    "@types/node" "*"

"acorn-walk@^8.1.1":
  "integrity" "sha512-k+iyHEuPgSw6SbuDpGQM+06HQUa04DZ3o+F6CSzXMvvI5KMvnaEqXe+YVe555R9nn6GPt404fos4wcgpw12SDA=="
  "resolved" "https://registry.npmjs.org/acorn-walk/-/acorn-walk-8.2.0.tgz"
  "version" "8.2.0"

"acorn@^8.4.1":
  "integrity" "sha512-Xx54uLJQZ19lKygFXOWsscKUbsBZW0CPykPhVQdhIeIwrbPmJzqeASDInc8nKBnp/JT6igTs82qPXz069H8I/A=="
  "resolved" "https://registry.npmjs.org/acorn/-/acorn-8.7.1.tgz"
  "version" "8.7.1"

"arg@^4.1.0":
  "integrity" "sha512-58S9QDqG0Xx27YwPSt9fJxivjYl432YCwfDMfZ+71RAqUrZef7LrKQZ3LHLOwCS4FLNBplP533Zx895SeOCHvA=="
  "resolved" "https://registry.npmjs.org/arg/-/arg-4.1.3.tgz"
  "version" "4.1.3"

"asynckit@^0.4.0":
  "integrity" "sha1-x57Zf380y48robyXkLzDZkdLS3k="
  "resolved" "https://registry.npmjs.org/asynckit/-/asynckit-0.4.0.tgz"
  "version" "0.4.0"

"bn.js@^5.2.0":
  "integrity" "sha512-D7iWRBvnZE8ecXiLj/9wbxH7Tk79fAh8IHaTNq1RWRixsS02W+5qS+iE9yq6RYl0asXx5tw0bLhmT5pIfbSquw=="
  "resolved" "https://registry.npmjs.org/bn.js/-/bn.js-5.2.0.tgz"
  "version" "5.2.0"

"bufferutil@^4.0.1":
  "integrity" "sha512-jduaYOYtnio4aIAyc6UbvPCVcgq7nYpVnucyxr6eCYg/Woad9Hf/oxxBRDnGGjPfjUm6j5O/uBWhIu4iLebFaw=="
  "resolved" "https://registry.npmjs.org/bufferutil/-/bufferutil-4.0.6.tgz"
  "version" "4.0.6"
  dependencies:
    "node-gyp-build" "^4.3.0"

"combined-stream@^1.0.8":
  "integrity" "sha512-FQN4MRfuJeHf7cBbBMJFXhKSDq+2kAArBlmRBvcvFE5BB1HZKXtSFASDhdlz9zOYwxh8lDdnvmMOe/+5cdoEdg=="
  "resolved" "https://registry.npmjs.org/combined-stream/-/combined-stream-1.0.8.tgz"
  "version" "1.0.8"
  dependencies:
    "delayed-stream" "~1.0.0"

"create-require@^1.1.0":
  "integrity" "sha512-dcKFX3jn0MpIaXjisoRvexIJVEKzaq7z2rZKxf+MSr9TkdmHmsU4m2lcLojrj/FHl8mk5VxMmYA+ftRkP/3oKQ=="
  "resolved" "https://registry.npmjs.org/create-require/-/create-require-1.1.1.tgz"
  "version" "1.1.1"

"d@^1.0.1", "d@1":
  "integrity" "sha512-m62ShEObQ39CfralilEQRjH6oAMtNCV1xJyEx5LpRYUVN+EviphDgUc/F3hnYbADmkiNs67Y+3ylmlG7Lnu+FA=="
  "resolved" "https://registry.npmjs.org/d/-/d-1.0.1.tgz"
  "version" "1.0.1"
  dependencies:
    "es5-ext" "^0.10.50"
    "type" "^1.0.1"

"debug@^2.2.0":
  "integrity" "sha512-bC7ElrdJaJnPbAP+1EotYvqZsb3ecl5wi6Bfi6BJTUcNowp6cvspg0jXznRTKDjm/E7AdgFBVeAPVMNcKGsHMA=="
  "resolved" "https://registry.npmjs.org/debug/-/debug-2.6.9.tgz"
  "version" "2.6.9"
  dependencies:
    "ms" "2.0.0"

"debug@^4.1.0":
  "integrity" "sha512-PRWFHuSU3eDtQJPvnNY7Jcket1j0t5OuOsFzPPzsekD52Zl8qUfFIPEiswXqIvHWGVHOgX+7G/vCNNhehwxfkQ=="
  "resolved" "https://registry.npmjs.org/debug/-/debug-4.3.4.tgz"
  "version" "4.3.4"
  dependencies:
    "ms" "2.1.2"

"delayed-stream@~1.0.0":
  "integrity" "sha1-3zrhmayt+31ECqrgsp4icrJOxhk="
  "resolved" "https://registry.npmjs.org/delayed-stream/-/delayed-stream-1.0.0.tgz"
  "version" "1.0.0"

"diff@^4.0.1":
  "integrity" "sha512-58lmxKSA4BNyLz+HHMUzlOEpg09FV+ev6ZMe3vJihgdxzgcwZ8VoEEPmALCZG9LmqfVoNMMKpttIYTVG6uDY7A=="
  "resolved" "https://registry.npmjs.org/diff/-/diff-4.0.2.tgz"
  "version" "4.0.2"

"dotenv@^16.0.0":
  "integrity" "sha512-qD9WU0MPM4SWLPJy/r2Be+2WgQj8plChsyrCNQzW/0WjvcJQiKQJ9mH3ZgB3fxbUUxgc/11ZJ0Fi5KiimWGz2Q=="
  "resolved" "https://registry.npmjs.org/dotenv/-/dotenv-16.0.0.tgz"
  "version" "16.0.0"

"ed2curve@^0.3.0":
  "integrity" "sha512-8w2fmmq3hv9rCrcI7g9hms2pMunQr1JINfcjwR9tAyZqhtyaMN991lF/ZfHfr5tzZQ8c7y7aBgZbjfbd0fjFwQ=="
  "resolved" "https://registry.npmjs.org/ed2curve/-/ed2curve-0.3.0.tgz"
  "version" "0.3.0"
  dependencies:
    "tweetnacl" "1.x.x"

"es5-ext@^0.10.35", "es5-ext@^0.10.50":
  "integrity" "sha512-cOgyhW0tIJyQY1Kfw6Kr0viu9ZlUctVchRMZ7R0HiH3dxTSp5zJDLecwxUqPUrGKMsgBI1wd1FL+d9Jxfi4cLw=="
  "resolved" "https://registry.npmjs.org/es5-ext/-/es5-ext-0.10.59.tgz"
  "version" "0.10.59"
  dependencies:
    "es6-iterator" "^2.0.3"
    "es6-symbol" "^3.1.3"
    "next-tick" "^1.1.0"

"es6-iterator@^2.0.3":
  "integrity" "sha1-p96IkUGgWpSwhUQDstCg+/qY87c="
  "resolved" "https://registry.npmjs.org/es6-iterator/-/es6-iterator-2.0.3.tgz"
  "version" "2.0.3"
  dependencies:
    "d" "1"
    "es5-ext" "^0.10.35"
    "es6-symbol" "^3.1.1"

"es6-symbol@^3.1.1", "es6-symbol@^3.1.3":
  "integrity" "sha512-NJ6Yn3FuDinBaBRWl/q5X/s4koRHBrgKAu+yGI6JCBeiu3qrcbJhwT2GeR/EXVfylRk8dpQVJoLEFhK+Mu31NA=="
  "resolved" "https://registry.npmjs.org/es6-symbol/-/es6-symbol-3.1.3.tgz"
  "version" "3.1.3"
  dependencies:
    "d" "^1.0.1"
    "ext" "^1.1.2"

"eventemitter3@^4.0.7":
  "integrity" "sha512-8guHBZCwKnFhYdHr2ysuRWErTwhoN2X8XELRlrRwpmfeY2jjuUN4taQMsULKUVo1K4DvZl+0pgfyoysHxvmvEw=="
  "resolved" "https://registry.npmjs.org/eventemitter3/-/eventemitter3-4.0.7.tgz"
  "version" "4.0.7"

"ext@^1.1.2":
  "integrity" "sha512-sdBImtzkq2HpkdRLtlLWDa6w4DX22ijZLKx8BMPUuKe1c5lbN6xwQDQCxSfxBQnHZ13ls/FH0MQZx/q/gr6FQg=="
  "resolved" "https://registry.npmjs.org/ext/-/ext-1.6.0.tgz"
  "version" "1.6.0"
  dependencies:
    "type" "^2.5.0"

"form-data@^3.0.0":
  "integrity" "sha512-RHkBKtLWUVwd7SqRIvCZMEvAMoGUp0XU+seQiZejj0COz3RI3hWP4sCv3gZWWLjJTd7rGwcsF5eKZGii0r/hbg=="
  "resolved" "https://registry.npmjs.org/form-data/-/form-data-3.0.1.tgz"
  "version" "3.0.1"
  dependencies:
    "asynckit" "^0.4.0"
    "combined-stream" "^1.0.8"
    "mime-types" "^2.1.12"

"ip-regex@^4.3.0":
  "integrity" "sha512-B9ZWJxHHOHUhUjCPrMpLD4xEq35bUTClHM1S6CBU5ixQnkZmwipwgc96vAd7AAGM9TGHvJR+Uss+/Ak6UphK+Q=="
  "resolved" "https://registry.npmjs.org/ip-regex/-/ip-regex-4.3.0.tgz"
  "version" "4.3.0"

"is-typedarray@^1.0.0":
  "integrity" "sha1-5HnICFjfDBsR3dppQPlgEfzaSpo="
  "resolved" "https://registry.npmjs.org/is-typedarray/-/is-typedarray-1.0.0.tgz"
  "version" "1.0.0"

"json-stringify-safe@^5.0.1":
  "integrity" "sha1-Epai1Y/UXxmg9s4B1lcB4sc1tus="
  "resolved" "https://registry.npmjs.org/json-stringify-safe/-/json-stringify-safe-5.0.1.tgz"
  "version" "5.0.1"

"lodash.set@^4.3.2":
  "integrity" "sha1-2HV7HagH3eJIFrDWqEvqGnYjCyM="
  "resolved" "https://registry.npmjs.org/lodash.set/-/lodash.set-4.3.2.tgz"
  "version" "4.3.2"

"make-error@^1.1.1":
  "integrity" "sha512-s8UhlNe7vPKomQhC1qFelMokr/Sc3AgNbso3n74mVPA5LTZwkB9NlXf4XPamLxJE8h0gh73rM94xvwRT2CVInw=="
  "resolved" "https://registry.npmjs.org/make-error/-/make-error-1.3.6.tgz"
  "version" "1.3.6"

"mime-db@1.52.0":
  "integrity" "sha512-sPU4uV7dYlvtWJxwwxHD0PuihVNiE7TyAbQ5SWxDCB9mUYvOgroQOwYQQOKPJ8CIbE+1ETVlOoK1UC2nU3gYvg=="
  "resolved" "https://registry.npmjs.org/mime-db/-/mime-db-1.52.0.tgz"
  "version" "1.52.0"

"mime-types@^2.1.12":
  "integrity" "sha512-ZDY+bPm5zTTF+YpCrAU9nK0UgICYPT0QtT1NZWFv4s++TNkcgVaT0g6+4R2uI4MjQjzysHB1zxuWL50hzaeXiw=="
  "resolved" "https://registry.npmjs.org/mime-types/-/mime-types-2.1.35.tgz"
  "version" "2.1.35"
  dependencies:
    "mime-db" "1.52.0"

"mock-socket@^9.1.2":
  "integrity" "sha512-XKZkCnQ9ISOlTnaPg4LYYSMj7+6i78HyadYzLA5JM4465ibLdjappZD9Csnqc3Tfzep/eEK/LCJ29BTaLHoB1A=="
  "resolved" "https://registry.npmjs.org/mock-socket/-/mock-socket-9.1.2.tgz"
  "version" "9.1.2"

"ms@2.0.0":
  "integrity" "sha1-VgiurfwAvmwpAd9fmGF4jeDVl8g="
  "resolved" "https://registry.npmjs.org/ms/-/ms-2.0.0.tgz"
  "version" "2.0.0"

"ms@2.1.2":
  "integrity" "sha512-sGkPx+VjMtmA6MX27oA4FBFELFCZZ4S4XqeGOXCv68tT+jb3vk/RyaKWP0PTKyWtmLSM0b+adUTEvbs1PEaH2w=="
  "resolved" "https://registry.npmjs.org/ms/-/ms-2.1.2.tgz"
  "version" "2.1.2"

"next-tick@^1.1.0":
  "integrity" "sha512-CXdUiJembsNjuToQvxayPZF9Vqht7hewsvy2sOWafLvi2awflj9mOC6bHIg50orX8IJvWKY9wYQ/zB2kogPslQ=="
  "resolved" "https://registry.npmjs.org/next-tick/-/next-tick-1.1.0.tgz"
  "version" "1.1.0"

"nock@^13.2.4":
  "integrity" "sha512-8GPznwxcPNCH/h8B+XZcKjYPXnUV5clOKCjAqyjsiqA++MpNx9E9+t8YPp0MbThO+KauRo7aZJ1WuIZmOrT2Ug=="
  "resolved" "https://registry.npmjs.org/nock/-/nock-13.2.4.tgz"
  "version" "13.2.4"
  dependencies:
    "debug" "^4.1.0"
    "json-stringify-safe" "^5.0.1"
    "lodash.set" "^4.3.2"
    "propagate" "^2.0.0"

"node-fetch@^2.6.7":
  "integrity" "sha512-ZjMPFEfVx5j+y2yF35Kzx5sF7kDzxuDj6ziH4FFbOp87zKDZNx8yExJIb05OGF4Nlt9IHFIMBkRl41VdvcNdbQ=="
  "resolved" "https://registry.npmjs.org/node-fetch/-/node-fetch-2.6.7.tgz"
  "version" "2.6.7"
  dependencies:
    "whatwg-url" "^5.0.0"

"node-gyp-build@^4.3.0":
  "integrity" "sha512-iWjXZvmboq0ja1pUGULQBexmxq8CV4xBhX7VDOTbL7ZR4FOowwY/VOtRxBN/yKxmdGoIp4j5ysNT4u3S2pDQ3Q=="
  "resolved" "https://registry.npmjs.org/node-gyp-build/-/node-gyp-build-4.3.0.tgz"
  "version" "4.3.0"

"propagate@^2.0.0":
  "integrity" "sha512-vGrhOavPSTz4QVNuBNdcNXePNdNMaO1xj9yBeH1ScQPjk/rhg9sSlCXPhMkFuaNNW/syTvYqsnbIJxMBfRbbag=="
  "resolved" "https://registry.npmjs.org/propagate/-/propagate-2.0.1.tgz"
  "version" "2.0.1"

"regenerator-runtime@^0.13.4":
  "integrity" "sha512-p3VT+cOEgxFsRRA9X4lkI1E+k2/CtnKtU4gcxyaCUreilL/vqI6CdZ3wxVUx3UOUg+gnUOQQcRI7BmSI656MYA=="
  "resolved" "https://registry.npmjs.org/regenerator-runtime/-/regenerator-runtime-0.13.9.tgz"
  "version" "0.13.9"

"rxjs@^7.5.4":
  "integrity" "sha512-sy+H0pQofO95VDmFLzyaw9xNJU4KTRSwQIGM6+iG3SypAtCiLDzpeG8sJrNCWn2Up9km+KhkvTdbkrdy+yzZdw=="
  "resolved" "https://registry.npmjs.org/rxjs/-/rxjs-7.5.5.tgz"
  "version" "7.5.5"
  dependencies:
    "tslib" "^2.1.0"

"tr46@~0.0.3":
  "integrity" "sha1-gYT9NH2snNwYWZLzpmIuFLnZq2o="
  "resolved" "https://registry.npmjs.org/tr46/-/tr46-0.0.3.tgz"
  "version" "0.0.3"

"ts-node@^10.7.0":
  "integrity" "sha512-TbIGS4xgJoX2i3do417KSaep1uRAW/Lu+WAL2doDHC0D6ummjirVOXU5/7aiZotbQ5p1Zp9tP7U6cYhA0O7M8A=="
  "resolved" "https://registry.npmjs.org/ts-node/-/ts-node-10.7.0.tgz"
  "version" "10.7.0"
  dependencies:
    "@cspotcode/source-map-support" "0.7.0"
    "@tsconfig/node10" "^1.0.7"
    "@tsconfig/node12" "^1.0.7"
    "@tsconfig/node14" "^1.0.0"
    "@tsconfig/node16" "^1.0.2"
    "acorn" "^8.4.1"
    "acorn-walk" "^8.1.1"
    "arg" "^4.1.0"
    "create-require" "^1.1.0"
    "diff" "^4.0.1"
    "make-error" "^1.1.1"
    "v8-compile-cache-lib" "^3.0.0"
    "yn" "3.1.1"

"tslib@^2.1.0":
  "integrity" "sha512-77EbyPPpMz+FRFRuAFlWMtmgUWGe9UOG2Z25NqCwiIjRhOf5iKGuzSe5P2w1laq+FkRy4p+PCuVkJSGkzTEKVw=="
  "resolved" "https://registry.npmjs.org/tslib/-/tslib-2.3.1.tgz"
  "version" "2.3.1"

"tweetnacl@^1.0.3", "tweetnacl@1.x.x":
  "integrity" "sha512-6rt+RN7aOi1nGMyC4Xa5DdYiukl2UWCbcJft7YhxReBGQD7OAM8Pbxw6YMo4r2diNEA8FEmu32YOn9rhaiE5yw=="
  "resolved" "https://registry.npmjs.org/tweetnacl/-/tweetnacl-1.0.3.tgz"
  "version" "1.0.3"

"type@^1.0.1":
  "integrity" "sha512-+5nt5AAniqsCnu2cEQQdpzCAh33kVx8n0VoFidKpB1dVVLAN/F+bgVOqOJqOnEnrhp222clB5p3vUlD+1QAnfg=="
  "resolved" "https://registry.npmjs.org/type/-/type-1.2.0.tgz"
  "version" "1.2.0"

"type@^2.5.0":
  "integrity" "sha512-eiDBDOmkih5pMbo9OqsqPRGMljLodLcwd5XD5JbtNB0o89xZAwynY9EdCDsJU7LtcVCClu9DvM7/0Ep1hYX3EQ=="
  "resolved" "https://registry.npmjs.org/type/-/type-2.6.0.tgz"
  "version" "2.6.0"

"typedarray-to-buffer@^3.1.5":
  "integrity" "sha512-zdu8XMNEDepKKR+XYOXAVPtWui0ly0NtohUscw+UmaHiAWT8hrV1rr//H6V+0DvJ3OQ19S979M0laLfX8rm82Q=="
  "resolved" "https://registry.npmjs.org/typedarray-to-buffer/-/typedarray-to-buffer-3.1.5.tgz"
  "version" "3.1.5"
  dependencies:
    "is-typedarray" "^1.0.0"

"typescript@>=2.7":
  "integrity" "sha512-9ia/jWHIEbo49HfjrLGfKbZSuWo9iTMwXO+Ca3pRsSpbsMbc7/IU8NKdCZVRRBafVPGnoJeFL76ZOAA84I9fEg=="
  "resolved" "https://registry.npmjs.org/typescript/-/typescript-4.6.4.tgz"
  "version" "4.6.4"

"utf-8-validate@^5.0.2":
  "integrity" "sha512-Yek7dAy0v3Kl0orwMlvi7TPtiCNrdfHNd7Gcc/pLq4BLXqfAmd0J7OWMizUQnTTJsyjKn02mU7anqwfmUP4J8Q=="
  "resolved" "https://registry.npmjs.org/utf-8-validate/-/utf-8-validate-5.0.9.tgz"
  "version" "5.0.9"
  dependencies:
    "node-gyp-build" "^4.3.0"

"v8-compile-cache-lib@^3.0.0":
  "integrity" "sha512-wa7YjyUGfNZngI/vtK0UHAN+lgDCxBPCylVXGp0zu59Fz5aiGtNXaq3DhIov063MorB+VfufLh3JlF2KdTK3xg=="
  "resolved" "https://registry.npmjs.org/v8-compile-cache-lib/-/v8-compile-cache-lib-3.0.1.tgz"
  "version" "3.0.1"

"webidl-conversions@^3.0.0":
  "integrity" "sha1-JFNCdeKnvGvnvIZhHMFq4KVlSHE="
  "resolved" "https://registry.npmjs.org/webidl-conversions/-/webidl-conversions-3.0.1.tgz"
  "version" "3.0.1"

"websocket@^1.0.34":
  "integrity" "sha512-PRDso2sGwF6kM75QykIesBijKSVceR6jL2G8NGYyq2XrItNC2P5/qL5XeR056GhA+Ly7JMFvJb9I312mJfmqnQ=="
  "resolved" "https://registry.npmjs.org/websocket/-/websocket-1.0.34.tgz"
  "version" "1.0.34"
  dependencies:
    "bufferutil" "^4.0.1"
    "debug" "^2.2.0"
    "es5-ext" "^0.10.50"
    "typedarray-to-buffer" "^3.1.5"
    "utf-8-validate" "^5.0.2"
    "yaeti" "^0.0.6"

"whatwg-url@^5.0.0":
  "integrity" "sha1-lmRU6HZUYuN2RNNib2dCzotwll0="
  "resolved" "https://registry.npmjs.org/whatwg-url/-/whatwg-url-5.0.0.tgz"
  "version" "5.0.0"
  dependencies:
    "tr46" "~0.0.3"
    "webidl-conversions" "^3.0.0"

"yaeti@^0.0.6":
  "integrity" "sha1-8m9ITXJoTPQr7ft2lwqhYI+/lXc="
  "resolved" "https://registry.npmjs.org/yaeti/-/yaeti-0.0.6.tgz"
  "version" "0.0.6"

"yn@3.1.1":
  "integrity" "sha512-Ux4ygGWsu2c7isFWe8Yu1YluJmqVhxqK2cLXNQA5AcC3QfbGNpM7fu0Y8b/z16pXLnFxZYvWhd3fhBY9DLmC6Q=="
  "resolved" "https://registry.npmjs.org/yn/-/yn-3.1.1.tgz"
  "version" "3.1.1"
