# THIS IS AN AUTOGENERATED FILE. DO NOT EDIT THIS FILE DIRECTLY.
# yarn lockfile v1


"@babel/runtime@^7.17.2":
  version "7.17.7"
  resolved "https://registry.yarnpkg.com/@babel/runtime/-/runtime-7.17.7.tgz#a5f3328dc41ff39d803f311cfe17703418cf9825"
  integrity sha512-L6rvG9GDxaLgFjg41K+5Yv9OMrU98sWe+Ykmc6FDJW/+vYZMhdOMKkISgzptMaERHvS2Y2lw9MDRm2gHhlQQoA==
  dependencies:
    regenerator-runtime "^0.13.4"

"@babel/runtime@^7.17.8":
  version "7.17.8"
  resolved "https://registry.yarnpkg.com/@babel/runtime/-/runtime-7.17.8.tgz#3e56e4aff81befa55ac3ac6a0967349fd1c5bca2"
  integrity sha512-dQpEpK0O9o6lj6oPu0gRDbbnk+4LeHlNcBpspf6Olzt3GIX4P1lWF1gS+pHLDFlaJvbR6q7jCfQ08zA4QJBnmA==
  dependencies:
    regenerator-runtime "^0.13.4"

"@noble/hashes@1.0.0":
  version "1.0.0"
  resolved "https://registry.yarnpkg.com/@noble/hashes/-/hashes-1.0.0.tgz#d5e38bfbdaba174805a4e649f13be9a9ed3351ae"
  integrity sha512-DZVbtY62kc3kkBtMHqwCOfXrT/hnoORy5BJ4+HU1IR59X0KWAOqsfzQPcUl/lQLlG7qXbe/fZ3r/emxtAl+sqg==

"@noble/secp256k1@1.5.5":
  version "1.5.5"
  resolved "https://registry.yarnpkg.com/@noble/secp256k1/-/secp256k1-1.5.5.tgz#315ab5745509d1a8c8e90d0bdf59823ccf9bcfc3"
  integrity sha512-sZ1W6gQzYnu45wPrWx8D3kwI2/U29VYTx9OjbDAd7jwRItJ0cSTMPRL/C8AWZFn9kWFLQGqEXVEE86w4Z8LpIQ==

"@polkadot/api-augment@7.9.1":
  version "7.9.1"
  resolved "https://registry.yarnpkg.com/@polkadot/api-augment/-/api-augment-7.9.1.tgz#1a7bea0934757677b88d240bd43c8ae61ddce266"
  integrity sha512-mfCcN73uXH/KN69Gfsijzas7L68FU/oV5AhVW4ijp7/9uG66+VWYkhRTnHRBgFdavUQME7fTQ+eQiyA3kRozTg==
  dependencies:
    "@babel/runtime" "^7.17.2"
    "@polkadot/api-base" "7.9.1"
    "@polkadot/rpc-augment" "7.9.1"
    "@polkadot/types" "7.9.1"
    "@polkadot/types-augment" "7.9.1"
    "@polkadot/types-codec" "7.9.1"
    "@polkadot/util" "^8.4.1"

"@polkadot/api-base@7.9.1":
  version "7.9.1"
  resolved "https://registry.yarnpkg.com/@polkadot/api-base/-/api-base-7.9.1.tgz#54d35dfd662e2fdd5c8e462f35015c7697cad818"
  integrity sha512-sxUEbQAt80/UEtnY5ho+tNmh0Zl8fJxhIaSlWbSyEr15gAOeP2vu4U9RxFzESOK393QuUsm8Ef0F79RkQYG5Ew==
  dependencies:
    "@babel/runtime" "^7.17.2"
    "@polkadot/rpc-core" "7.9.1"
    "@polkadot/types" "7.9.1"
    "@polkadot/util" "^8.4.1"
    rxjs "^7.5.4"

"@polkadot/api-derive@7.9.1":
  version "7.9.1"
  resolved "https://registry.yarnpkg.com/@polkadot/api-derive/-/api-derive-7.9.1.tgz#65ac3b494890c65ef9245038141e4badf7d657ff"
  integrity sha512-yEBSGPkQN+eR2RPYWxt91pR5k8gljV8zYo+6m5NvESYCrPWzfOJL1mQRr+N+4cNcfZ+ZL0+8e0LUIlac4MMesw==
  dependencies:
    "@babel/runtime" "^7.17.2"
    "@polkadot/api" "7.9.1"
    "@polkadot/api-augment" "7.9.1"
    "@polkadot/api-base" "7.9.1"
    "@polkadot/rpc-core" "7.9.1"
    "@polkadot/types" "7.9.1"
    "@polkadot/types-codec" "7.9.1"
    "@polkadot/util" "^8.4.1"
    "@polkadot/util-crypto" "^8.4.1"
    rxjs "^7.5.4"

"@polkadot/api@7.9.1", "@polkadot/api@=7.9.1":
  version "7.9.1"
  resolved "https://registry.yarnpkg.com/@polkadot/api/-/api-7.9.1.tgz#56d29bb3bc4822e80c94b1267e8f63a7f067e6ea"
  integrity sha512-bV+qaUwbNsPwLYVQ2ZmA7Spi8znp1RrNGJPP3ZiR96vdShe4iLizbkcPpV+X9+E/tytvTouU2pGUM4UW4EsQ5w==
  dependencies:
    "@babel/runtime" "^7.17.2"
    "@polkadot/api-augment" "7.9.1"
    "@polkadot/api-base" "7.9.1"
    "@polkadot/api-derive" "7.9.1"
    "@polkadot/keyring" "^8.4.1"
    "@polkadot/rpc-augment" "7.9.1"
    "@polkadot/rpc-core" "7.9.1"
    "@polkadot/rpc-provider" "7.9.1"
    "@polkadot/types" "7.9.1"
    "@polkadot/types-augment" "7.9.1"
    "@polkadot/types-codec" "7.9.1"
    "@polkadot/types-create" "7.9.1"
    "@polkadot/types-known" "7.9.1"
    "@polkadot/util" "^8.4.1"
    "@polkadot/util-crypto" "^8.4.1"
    eventemitter3 "^4.0.7"
    rxjs "^7.5.4"

"@polkadot/keyring@^8.4.1", "@polkadot/keyring@^8.6.1":
  version "8.6.1"
  resolved "https://registry.yarnpkg.com/@polkadot/keyring/-/keyring-8.6.1.tgz#ab1d4e31268317daabf7fe0d951254b770ba194c"
  integrity sha512-Ra3L6JwMMnlnmpGIOanMT7XqWtqp2gXpGEmA6eE9bL9xUo6e3RPudFncYrWizUjzbYXnaO4bFExRcp2RIBuvWA==
  dependencies:
    "@babel/runtime" "^7.17.8"
    "@polkadot/util" "8.6.1"
    "@polkadot/util-crypto" "8.6.1"

"@polkadot/networks@8.6.1", "@polkadot/networks@^8.4.1":
  version "8.6.1"
  resolved "https://registry.yarnpkg.com/@polkadot/networks/-/networks-8.6.1.tgz#dd3f51a9f861ed9c81da8a87845fb1f152f55255"
  integrity sha512-NG59Oc6KqbGbQiF6nb8uD16VVAgMFcAI5RVJWE5yN4dwh3eVdKemIezSii5Pc9sxBUP/SrBDf6KAI84TmsXUUA==
  dependencies:
    "@babel/runtime" "^7.17.8"
    "@polkadot/util" "8.6.1"
    "@substrate/ss58-registry" "^1.17.0"

"@polkadot/rpc-augment@7.9.1":
  version "7.9.1"
  resolved "https://registry.yarnpkg.com/@polkadot/rpc-augment/-/rpc-augment-7.9.1.tgz#f10272ebb44ea256a3d8b42bbcf4964205f1291f"
  integrity sha512-8rI0cfNT7A6rdrk7lBRcB/1Qm8x6yarDTVUaRuqTBLzjgr/4WExg1h7sjjFOLVPE6T+SXBY0RKjRKglTcolv5g==
  dependencies:
    "@babel/runtime" "^7.17.2"
    "@polkadot/rpc-core" "7.9.1"
    "@polkadot/types" "7.9.1"
    "@polkadot/types-codec" "7.9.1"
    "@polkadot/util" "^8.4.1"

"@polkadot/rpc-core@7.9.1":
  version "7.9.1"
  resolved "https://registry.yarnpkg.com/@polkadot/rpc-core/-/rpc-core-7.9.1.tgz#302210d7bebfc31740b2bff682e7a3be62bea613"
  integrity sha512-p1Z0Ii+/w31EBS3lcE9fr83Gf3zZK7IM1+AEuCW7NGM9iHMTLZtzMKE23B34Hs8eR5JdDBcXMYtcwNL+W/I5jA==
  dependencies:
    "@babel/runtime" "^7.17.2"
    "@polkadot/rpc-augment" "7.9.1"
    "@polkadot/rpc-provider" "7.9.1"
    "@polkadot/types" "7.9.1"
    "@polkadot/util" "^8.4.1"
    rxjs "^7.5.4"

"@polkadot/rpc-provider@7.9.1":
  version "7.9.1"
  resolved "https://registry.yarnpkg.com/@polkadot/rpc-provider/-/rpc-provider-7.9.1.tgz#1dd6e64c69a397ad117d2d9c2dbf14a9339b0fc0"
  integrity sha512-gDcWFxzea5sfjEOCiO3rRRGxWYiUzlcra8PK/aS0H7GU6QnYNi7VXQY4fgM0VZbo1tkrw0+lBlpXrEZcPAP6Qg==
  dependencies:
    "@babel/runtime" "^7.17.2"
    "@polkadot/keyring" "^8.4.1"
    "@polkadot/types" "7.9.1"
    "@polkadot/types-support" "7.9.1"
    "@polkadot/util" "^8.4.1"
    "@polkadot/util-crypto" "^8.4.1"
    "@polkadot/x-fetch" "^8.4.1"
    "@polkadot/x-global" "^8.4.1"
    "@polkadot/x-ws" "^8.4.1"
    eventemitter3 "^4.0.7"
    mock-socket "^9.1.2"
    nock "^13.2.4"

"@polkadot/types-augment@7.9.1":
  version "7.9.1"
  resolved "https://registry.yarnpkg.com/@polkadot/types-augment/-/types-augment-7.9.1.tgz#a7ba01d89d6a80fa3a403c31c26ecad28e6dbcfa"
  integrity sha512-2dl7CzgEBgGSjcqNcH2F2ZIlGVkf/mtbvu8ObmVw4z/ojpRLv26MO2TexF6fUMAFi7uNnq4r4yB9NsAxdUv2ZQ==
  dependencies:
    "@babel/runtime" "^7.17.2"
    "@polkadot/types" "7.9.1"
    "@polkadot/types-codec" "7.9.1"
    "@polkadot/util" "^8.4.1"

"@polkadot/types-codec@7.9.1":
  version "7.9.1"
  resolved "https://registry.yarnpkg.com/@polkadot/types-codec/-/types-codec-7.9.1.tgz#b41c090cce86c3416ded572c2d38beec00b69408"
  integrity sha512-wFSvVrBuk7s8SF1pIs1ftwE0B1TpU2CuWy/AGCh4TG510nbrpCh7DaJQJKfsRXprpbo08ybkocT2p6Snv6SIOA==
  dependencies:
    "@babel/runtime" "^7.17.2"
    "@polkadot/util" "^8.4.1"

"@polkadot/types-create@7.9.1":
  version "7.9.1"
  resolved "https://registry.yarnpkg.com/@polkadot/types-create/-/types-create-7.9.1.tgz#75575a30a6dc761aee5d4b7bac33d38493349bc2"
  integrity sha512-/l0EIMrtQFlD7mltwyWv2GuZiOYCHWOSvMMIYSocmhijKIBlJb0Wsn5RIpmUaDojYre01tx5NSwnLH82uTK6mQ==
  dependencies:
    "@babel/runtime" "^7.17.2"
    "@polkadot/types-codec" "7.9.1"
    "@polkadot/util" "^8.4.1"

"@polkadot/types-known@7.9.1":
  version "7.9.1"
  resolved "https://registry.yarnpkg.com/@polkadot/types-known/-/types-known-7.9.1.tgz#1b97783f6cf78c2ee12c3311a9b7c073fefed4af"
  integrity sha512-O4Mir1Iec4Dex+i5tu9ouUjD2hEV1LzwWsqnu690QoIKNdb4Kc3LDSBt4CyCsb/yTvn4tXIMwO+D3n0i91QJuQ==
  dependencies:
    "@babel/runtime" "^7.17.2"
    "@polkadot/networks" "^8.4.1"
    "@polkadot/types" "7.9.1"
    "@polkadot/types-codec" "7.9.1"
    "@polkadot/types-create" "7.9.1"
    "@polkadot/util" "^8.4.1"

"@polkadot/types-support@7.9.1":
  version "7.9.1"
  resolved "https://registry.yarnpkg.com/@polkadot/types-support/-/types-support-7.9.1.tgz#e883bec5ac5c1787083a0c8b8bb883f7eff546a0"
  integrity sha512-WO0xE2P01KqfQ7vJH0DGRYeK/UdIEKakJLdm7Js5zXoWwAtjSJ9Xk66F6TOpqnji5dvYlVcEA0t3a5NgivuzcQ==
  dependencies:
    "@babel/runtime" "^7.17.2"
    "@polkadot/util" "^8.4.1"

"@polkadot/types@7.9.1":
  version "7.9.1"
  resolved "https://registry.yarnpkg.com/@polkadot/types/-/types-7.9.1.tgz#db133d405a25b193b2b14c4ec4dcbc600014568e"
  integrity sha512-yyBMqPh3pmEWY+G5XWwO8HK6Xh80rrrPiq+BoggPIue8c9ecrXhwRbOyzah7Gk4/Mq2My7nwsDwyhqJfwkUtKw==
  dependencies:
    "@babel/runtime" "^7.17.2"
    "@polkadot/keyring" "^8.4.1"
    "@polkadot/types-augment" "7.9.1"
    "@polkadot/types-codec" "7.9.1"
    "@polkadot/types-create" "7.9.1"
    "@polkadot/util" "^8.4.1"
    "@polkadot/util-crypto" "^8.4.1"
    rxjs "^7.5.4"

"@polkadot/util-crypto@8.6.1", "@polkadot/util-crypto@^8.4.1":
  version "8.6.1"
  resolved "https://registry.yarnpkg.com/@polkadot/util-crypto/-/util-crypto-8.6.1.tgz#b030598931c061b3ef7584524dab3dab3e97b1cd"
  integrity sha512-+eAKZM7aUIPKLuVl8C2UYauZ0kza0Lq3n3TkVS32bjXmS/Lo+qeMqj8jBSLD8a5BApDUiCL1j+L9cA/wq8pvIQ==
  dependencies:
    "@babel/runtime" "^7.17.8"
    "@noble/hashes" "1.0.0"
    "@noble/secp256k1" "1.5.5"
    "@polkadot/networks" "8.6.1"
    "@polkadot/util" "8.6.1"
    "@polkadot/wasm-crypto" "^5.0.1"
    "@polkadot/x-bigint" "8.6.1"
    "@polkadot/x-randomvalues" "8.6.1"
    "@scure/base" "1.0.0"
    ed2curve "^0.3.0"
    tweetnacl "^1.0.3"

"@polkadot/util@8.6.1", "@polkadot/util@^8.4.1":
  version "8.6.1"
  resolved "https://registry.yarnpkg.com/@polkadot/util/-/util-8.6.1.tgz#48216218ed643401e66512579f95223cac15037b"
  integrity sha512-/I0DDo/32wUH6A5qC7SPSSpzHfgZUaRkmWIzovCsIddY389S+C7lI1Ow/A0vhr1bHWrI0L5sV5IJfNpUOQfaSQ==
  dependencies:
    "@babel/runtime" "^7.17.8"
    "@polkadot/x-bigint" "8.6.1"
    "@polkadot/x-global" "8.6.1"
    "@polkadot/x-textdecoder" "8.6.1"
    "@polkadot/x-textencoder" "8.6.1"
    "@types/bn.js" "^5.1.0"
    bn.js "^5.2.0"
    ip-regex "^4.3.0"

"@polkadot/wasm-crypto-asmjs@^5.0.1":
  version "5.0.1"
  resolved "https://registry.yarnpkg.com/@polkadot/wasm-crypto-asmjs/-/wasm-crypto-asmjs-5.0.1.tgz#0b9f5018c6f3b8f7ba1a6084ac5fc0c9dc951423"
  integrity sha512-AskQIC/Eu7kD8E2lV2I0nx5dCOJc+V5zitzDsGPHvIx9mtm87rjSHbR/pGNu2NwVxJhVMEoFjGxKA7KSwrefhA==
  dependencies:
    "@babel/runtime" "^7.17.8"

"@polkadot/wasm-crypto-wasm@^5.0.1":
  version "5.0.1"
  resolved "https://registry.yarnpkg.com/@polkadot/wasm-crypto-wasm/-/wasm-crypto-wasm-5.0.1.tgz#9c011e8c6c28b9cce2994cdd5743f8720a912fff"
  integrity sha512-X0najgKPvsB3Jmx1+4EuS1c9ra9YN9m+Eo7CpQmRP3LLdcV0AfRd7PT4B8po5lZ2/a3ftTdkxOxnsqdvjb5qwA==
  dependencies:
    "@babel/runtime" "^7.17.8"

"@polkadot/wasm-crypto@^5.0.1":
  version "5.0.1"
  resolved "https://registry.yarnpkg.com/@polkadot/wasm-crypto/-/wasm-crypto-5.0.1.tgz#e9e95b1147db341e2765f34639ea686be2d2cb30"
  integrity sha512-/FzetOeC4rPKt5LO3CHPxtbsk+ps9BE19KkbfoRYOphPNgRd/Rq9in0BuGwsCWayfDGdhkYq+wxixPRZQ5A8LQ==
  dependencies:
    "@babel/runtime" "^7.17.8"
    "@polkadot/wasm-crypto-asmjs" "^5.0.1"
    "@polkadot/wasm-crypto-wasm" "^5.0.1"

"@polkadot/x-bigint@8.6.1":
  version "8.6.1"
  resolved "https://registry.yarnpkg.com/@polkadot/x-bigint/-/x-bigint-8.6.1.tgz#0d404307faab90f348d97dd181e0275067bf77e9"
  integrity sha512-k8FiamE5t8WSSVGaFTMdpkyCwvpq8rq0FfGq82bZabkzmEps1lIj8h5nNwwsPHleO55LtVIMYvZZ4VR3fth+xA==
  dependencies:
    "@babel/runtime" "^7.17.8"
    "@polkadot/x-global" "8.6.1"

"@polkadot/x-fetch@^8.4.1":
  version "8.6.1"
  resolved "https://registry.yarnpkg.com/@polkadot/x-fetch/-/x-fetch-8.6.1.tgz#c664801082ec129207b8b673b0346bf4e561f446"
  integrity sha512-NBZi4MMfeach/tUFQCG0VXGsdbGaFsCWGabalYAeHRweERmh0kE0r6AECdp3YSQJTl7eVTiMX7gr1qZLUDgfcg==
  dependencies:
    "@babel/runtime" "^7.17.8"
    "@polkadot/x-global" "8.6.1"
    "@types/node-fetch" "^2.6.1"
    node-fetch "^2.6.7"

"@polkadot/x-global@8.6.1", "@polkadot/x-global@^8.4.1":
  version "8.6.1"
  resolved "https://registry.yarnpkg.com/@polkadot/x-global/-/x-global-8.6.1.tgz#0e7ba5238c20e0ed6c75b8e9b916cb8ca2c950aa"
  integrity sha512-08ePLMEh8MVNk+jvl82L/CRwfIutwbpziC1XhgM+/iJShac7kEqI1ZL6F91sHp6+mFLm8OtyL4NJuPxglchppQ==
  dependencies:
    "@babel/runtime" "^7.17.8"

"@polkadot/x-randomvalues@8.6.1":
  version "8.6.1"
  resolved "https://registry.yarnpkg.com/@polkadot/x-randomvalues/-/x-randomvalues-8.6.1.tgz#526bf55b3eb504efd4f8ed4c8d6dead33b2db0c2"
  integrity sha512-F0mQ4D8IOMKftvZIaAPgthhg93C/wfjfgRvaxg8dsGz34+xBNGopHvzG0o7AbBmI2DBgzXd1nQrokYTwv7OfhA==
  dependencies:
    "@babel/runtime" "^7.17.8"
    "@polkadot/x-global" "8.6.1"

"@polkadot/x-textdecoder@8.6.1":
  version "8.6.1"
  resolved "https://registry.yarnpkg.com/@polkadot/x-textdecoder/-/x-textdecoder-8.6.1.tgz#2bddda36d541d491b608098aad7c844fed384685"
  integrity sha512-AIVZRpujjlzSqr51XW0JnX9O3K753R7YnPxseztHwqAREvY1HP7Jm9hDBk415qf8IcB2Ttm1fzpwphKu6/nTwA==
  dependencies:
    "@babel/runtime" "^7.17.8"
    "@polkadot/x-global" "8.6.1"

"@polkadot/x-textencoder@8.6.1":
  version "8.6.1"
  resolved "https://registry.yarnpkg.com/@polkadot/x-textencoder/-/x-textencoder-8.6.1.tgz#d7f177194184784a78ca85b0a79f0f2684da9b38"
  integrity sha512-16Poz8vpHgMDe7QeQ1J49P547okfWUO/CfHLVz9GRgz4SVFPqFGmZ2bfQlWI9TfaYlyw7MjGW5Qq3VijO2vBbw==
  dependencies:
    "@babel/runtime" "^7.17.8"
    "@polkadot/x-global" "8.6.1"

"@polkadot/x-ws@^8.4.1":
  version "8.6.1"
  resolved "https://registry.yarnpkg.com/@polkadot/x-ws/-/x-ws-8.6.1.tgz#b5e22ac6ac7cf065b9d5f21656595e1eb816dada"
  integrity sha512-h5XZxb5h0SEqdtEIYf7kAta0fnOgGVJ0nsxiqI/KKLso2HA1AsZLvj1t9eQbn1FIyFSgA50mlA++iJQNgX9kvA==
  dependencies:
    "@babel/runtime" "^7.17.8"
    "@polkadot/x-global" "8.6.1"
    "@types/websocket" "^1.0.5"
    websocket "^1.0.34"

"@scure/base@1.0.0":
  version "1.0.0"
  resolved "https://registry.yarnpkg.com/@scure/base/-/base-1.0.0.tgz#109fb595021de285f05a7db6806f2f48296fcee7"
  integrity sha512-gIVaYhUsy+9s58m/ETjSJVKHhKTBMmcRb9cEV5/5dwvfDlfORjKrFsDeDHWRrm6RjcPvCLZFwGJjAjLj1gg4HA==

"@substrate/ss58-registry@^1.17.0":
  version "1.17.0"
  resolved "https://registry.yarnpkg.com/@substrate/ss58-registry/-/ss58-registry-1.17.0.tgz#a6a50dbef67da0114aff7cdae7c6eec685c5983b"
  integrity sha512-YdQOxCtEZLnYZFg/zSzfROYtvIs5+iLD7p/VHoll7AVEhrPAmxgF5ggMDB2Dass7dfwABVx7heATbPFNg95Q8w==

"@types/bn.js@^5.1.0":
  version "5.1.0"
  resolved "https://registry.yarnpkg.com/@types/bn.js/-/bn.js-5.1.0.tgz#32c5d271503a12653c62cf4d2b45e6eab8cebc68"
  integrity sha512-QSSVYj7pYFN49kW77o2s9xTCwZ8F2xLbjLLSEVh8D2F4JUhZtPAGOFLTD+ffqksBx/u4cE/KImFjyhqCjn/LIA==
  dependencies:
    "@types/node" "*"

"@types/node-fetch@^2.6.1":
  version "2.6.1"
  resolved "https://registry.yarnpkg.com/@types/node-fetch/-/node-fetch-2.6.1.tgz#8f127c50481db65886800ef496f20bbf15518975"
  integrity sha512-oMqjURCaxoSIsHSr1E47QHzbmzNR5rK8McHuNb11BOM9cHcIK3Avy0s/b2JlXHoQGTYS3NsvWzV1M0iK7l0wbA==
  dependencies:
    "@types/node" "*"
    form-data "^3.0.0"

"@types/node@*":
  version "17.0.21"
  resolved "https://registry.yarnpkg.com/@types/node/-/node-17.0.21.tgz#864b987c0c68d07b4345845c3e63b75edd143644"
  integrity sha512-DBZCJbhII3r90XbQxI8Y9IjjiiOGlZ0Hr32omXIZvwwZ7p4DMMXGrKXVyPfuoBOri9XNtL0UK69jYIBIsRX3QQ==

"@types/websocket@^1.0.5":
  version "1.0.5"
  resolved "https://registry.yarnpkg.com/@types/websocket/-/websocket-1.0.5.tgz#3fb80ed8e07f88e51961211cd3682a3a4a81569c"
  integrity sha512-NbsqiNX9CnEfC1Z0Vf4mE1SgAJ07JnRYcNex7AJ9zAVzmiGHmjKFEk7O4TJIsgv2B1sLEb6owKFZrACwdYngsQ==
  dependencies:
    "@types/node" "*"

asynckit@^0.4.0:
  version "0.4.0"
  resolved "https://registry.yarnpkg.com/asynckit/-/asynckit-0.4.0.tgz#c79ed97f7f34cb8f2ba1bc9790bcc366474b4b79"
  integrity sha1-x57Zf380y48robyXkLzDZkdLS3k=

bn.js@^5.2.0:
  version "5.2.0"
  resolved "https://registry.yarnpkg.com/bn.js/-/bn.js-5.2.0.tgz#358860674396c6997771a9d051fcc1b57d4ae002"
  integrity sha512-D7iWRBvnZE8ecXiLj/9wbxH7Tk79fAh8IHaTNq1RWRixsS02W+5qS+iE9yq6RYl0asXx5tw0bLhmT5pIfbSquw==

bufferutil@^4.0.1:
  version "4.0.6"
  resolved "https://registry.yarnpkg.com/bufferutil/-/bufferutil-4.0.6.tgz#ebd6c67c7922a0e902f053e5d8be5ec850e48433"
  integrity sha512-jduaYOYtnio4aIAyc6UbvPCVcgq7nYpVnucyxr6eCYg/Woad9Hf/oxxBRDnGGjPfjUm6j5O/uBWhIu4iLebFaw==
  dependencies:
    node-gyp-build "^4.3.0"

combined-stream@^1.0.8:
  version "1.0.8"
  resolved "https://registry.yarnpkg.com/combined-stream/-/combined-stream-1.0.8.tgz#c3d45a8b34fd730631a110a8a2520682b31d5a7f"
  integrity sha512-FQN4MRfuJeHf7cBbBMJFXhKSDq+2kAArBlmRBvcvFE5BB1HZKXtSFASDhdlz9zOYwxh8lDdnvmMOe/+5cdoEdg==
  dependencies:
    delayed-stream "~1.0.0"

d@1, d@^1.0.1:
  version "1.0.1"
  resolved "https://registry.yarnpkg.com/d/-/d-1.0.1.tgz#8698095372d58dbee346ffd0c7093f99f8f9eb5a"
  integrity sha512-m62ShEObQ39CfralilEQRjH6oAMtNCV1xJyEx5LpRYUVN+EviphDgUc/F3hnYbADmkiNs67Y+3ylmlG7Lnu+FA==
  dependencies:
    es5-ext "^0.10.50"
    type "^1.0.1"

debug@^2.2.0:
  version "2.6.9"
  resolved "https://registry.yarnpkg.com/debug/-/debug-2.6.9.tgz#5d128515df134ff327e90a4c93f4e077a536341f"
  integrity sha512-bC7ElrdJaJnPbAP+1EotYvqZsb3ecl5wi6Bfi6BJTUcNowp6cvspg0jXznRTKDjm/E7AdgFBVeAPVMNcKGsHMA==
  dependencies:
    ms "2.0.0"

debug@^4.1.0:
  version "4.3.4"
  resolved "https://registry.yarnpkg.com/debug/-/debug-4.3.4.tgz#1319f6579357f2338d3337d2cdd4914bb5dcc865"
  integrity sha512-PRWFHuSU3eDtQJPvnNY7Jcket1j0t5OuOsFzPPzsekD52Zl8qUfFIPEiswXqIvHWGVHOgX+7G/vCNNhehwxfkQ==
  dependencies:
    ms "2.1.2"

delayed-stream@~1.0.0:
  version "1.0.0"
  resolved "https://registry.yarnpkg.com/delayed-stream/-/delayed-stream-1.0.0.tgz#df3ae199acadfb7d440aaae0b29e2272b24ec619"
  integrity sha1-3zrhmayt+31ECqrgsp4icrJOxhk=

dotenv@^16.0.0:
  version "16.0.0"
  resolved "https://registry.yarnpkg.com/dotenv/-/dotenv-16.0.0.tgz#c619001253be89ebb638d027b609c75c26e47411"
  integrity sha512-qD9WU0MPM4SWLPJy/r2Be+2WgQj8plChsyrCNQzW/0WjvcJQiKQJ9mH3ZgB3fxbUUxgc/11ZJ0Fi5KiimWGz2Q==

ed2curve@^0.3.0:
  version "0.3.0"
  resolved "https://registry.yarnpkg.com/ed2curve/-/ed2curve-0.3.0.tgz#322b575152a45305429d546b071823a93129a05d"
  integrity sha512-8w2fmmq3hv9rCrcI7g9hms2pMunQr1JINfcjwR9tAyZqhtyaMN991lF/ZfHfr5tzZQ8c7y7aBgZbjfbd0fjFwQ==
  dependencies:
    tweetnacl "1.x.x"

es5-ext@^0.10.35, es5-ext@^0.10.50:
  version "0.10.59"
  resolved "https://registry.yarnpkg.com/es5-ext/-/es5-ext-0.10.59.tgz#71038939730eb6f4f165f1421308fb60be363bc6"
  integrity sha512-cOgyhW0tIJyQY1Kfw6Kr0viu9ZlUctVchRMZ7R0HiH3dxTSp5zJDLecwxUqPUrGKMsgBI1wd1FL+d9Jxfi4cLw==
  dependencies:
    es6-iterator "^2.0.3"
    es6-symbol "^3.1.3"
    next-tick "^1.1.0"

es6-iterator@^2.0.3:
  version "2.0.3"
  resolved "https://registry.yarnpkg.com/es6-iterator/-/es6-iterator-2.0.3.tgz#a7de889141a05a94b0854403b2d0a0fbfa98f3b7"
  integrity sha1-p96IkUGgWpSwhUQDstCg+/qY87c=
  dependencies:
    d "1"
    es5-ext "^0.10.35"
    es6-symbol "^3.1.1"

es6-symbol@^3.1.1, es6-symbol@^3.1.3:
  version "3.1.3"
  resolved "https://registry.yarnpkg.com/es6-symbol/-/es6-symbol-3.1.3.tgz#bad5d3c1bcdac28269f4cb331e431c78ac705d18"
  integrity sha512-NJ6Yn3FuDinBaBRWl/q5X/s4koRHBrgKAu+yGI6JCBeiu3qrcbJhwT2GeR/EXVfylRk8dpQVJoLEFhK+Mu31NA==
  dependencies:
    d "^1.0.1"
    ext "^1.1.2"

eventemitter3@^4.0.7:
  version "4.0.7"
  resolved "https://registry.yarnpkg.com/eventemitter3/-/eventemitter3-4.0.7.tgz#2de9b68f6528d5644ef5c59526a1b4a07306169f"
  integrity sha512-8guHBZCwKnFhYdHr2ysuRWErTwhoN2X8XELRlrRwpmfeY2jjuUN4taQMsULKUVo1K4DvZl+0pgfyoysHxvmvEw==

ext@^1.1.2:
  version "1.6.0"
  resolved "https://registry.yarnpkg.com/ext/-/ext-1.6.0.tgz#3871d50641e874cc172e2b53f919842d19db4c52"
  integrity sha512-sdBImtzkq2HpkdRLtlLWDa6w4DX22ijZLKx8BMPUuKe1c5lbN6xwQDQCxSfxBQnHZ13ls/FH0MQZx/q/gr6FQg==
  dependencies:
    type "^2.5.0"

form-data@^3.0.0:
  version "3.0.1"
  resolved "https://registry.yarnpkg.com/form-data/-/form-data-3.0.1.tgz#ebd53791b78356a99af9a300d4282c4d5eb9755f"
  integrity sha512-RHkBKtLWUVwd7SqRIvCZMEvAMoGUp0XU+seQiZejj0COz3RI3hWP4sCv3gZWWLjJTd7rGwcsF5eKZGii0r/hbg==
  dependencies:
    asynckit "^0.4.0"
    combined-stream "^1.0.8"
    mime-types "^2.1.12"

ip-regex@^4.3.0:
  version "4.3.0"
  resolved "https://registry.yarnpkg.com/ip-regex/-/ip-regex-4.3.0.tgz#687275ab0f57fa76978ff8f4dddc8a23d5990db5"
  integrity sha512-B9ZWJxHHOHUhUjCPrMpLD4xEq35bUTClHM1S6CBU5ixQnkZmwipwgc96vAd7AAGM9TGHvJR+Uss+/Ak6UphK+Q==

is-typedarray@^1.0.0:
  version "1.0.0"
  resolved "https://registry.yarnpkg.com/is-typedarray/-/is-typedarray-1.0.0.tgz#e479c80858df0c1b11ddda6940f96011fcda4a9a"
  integrity sha1-5HnICFjfDBsR3dppQPlgEfzaSpo=

json-stringify-safe@^5.0.1:
  version "5.0.1"
  resolved "https://registry.yarnpkg.com/json-stringify-safe/-/json-stringify-safe-5.0.1.tgz#1296a2d58fd45f19a0f6ce01d65701e2c735b6eb"
  integrity sha1-Epai1Y/UXxmg9s4B1lcB4sc1tus=

lodash.set@^4.3.2:
  version "4.3.2"
  resolved "https://registry.yarnpkg.com/lodash.set/-/lodash.set-4.3.2.tgz#d8757b1da807dde24816b0d6a84bea1a76230b23"
  integrity sha1-2HV7HagH3eJIFrDWqEvqGnYjCyM=

mime-db@1.52.0:
  version "1.52.0"
  resolved "https://registry.yarnpkg.com/mime-db/-/mime-db-1.52.0.tgz#bbabcdc02859f4987301c856e3387ce5ec43bf70"
  integrity sha512-sPU4uV7dYlvtWJxwwxHD0PuihVNiE7TyAbQ5SWxDCB9mUYvOgroQOwYQQOKPJ8CIbE+1ETVlOoK1UC2nU3gYvg==

mime-types@^2.1.12:
  version "2.1.35"
  resolved "https://registry.yarnpkg.com/mime-types/-/mime-types-2.1.35.tgz#381a871b62a734450660ae3deee44813f70d959a"
  integrity sha512-ZDY+bPm5zTTF+YpCrAU9nK0UgICYPT0QtT1NZWFv4s++TNkcgVaT0g6+4R2uI4MjQjzysHB1zxuWL50hzaeXiw==
  dependencies:
    mime-db "1.52.0"

mock-socket@^9.1.2:
  version "9.1.2"
  resolved "https://registry.yarnpkg.com/mock-socket/-/mock-socket-9.1.2.tgz#cce6cf2193aada937ba41de3288c5c1922fbd571"
  integrity sha512-XKZkCnQ9ISOlTnaPg4LYYSMj7+6i78HyadYzLA5JM4465ibLdjappZD9Csnqc3Tfzep/eEK/LCJ29BTaLHoB1A==

ms@2.0.0:
  version "2.0.0"
  resolved "https://registry.yarnpkg.com/ms/-/ms-2.0.0.tgz#5608aeadfc00be6c2901df5f9861788de0d597c8"
  integrity sha1-VgiurfwAvmwpAd9fmGF4jeDVl8g=

ms@2.1.2:
  version "2.1.2"
  resolved "https://registry.yarnpkg.com/ms/-/ms-2.1.2.tgz#d09d1f357b443f493382a8eb3ccd183872ae6009"
  integrity sha512-sGkPx+VjMtmA6MX27oA4FBFELFCZZ4S4XqeGOXCv68tT+jb3vk/RyaKWP0PTKyWtmLSM0b+adUTEvbs1PEaH2w==

next-tick@^1.1.0:
  version "1.1.0"
  resolved "https://registry.yarnpkg.com/next-tick/-/next-tick-1.1.0.tgz#1836ee30ad56d67ef281b22bd199f709449b35eb"
  integrity sha512-CXdUiJembsNjuToQvxayPZF9Vqht7hewsvy2sOWafLvi2awflj9mOC6bHIg50orX8IJvWKY9wYQ/zB2kogPslQ==

nock@^13.2.4:
  version "13.2.4"
  resolved "https://registry.yarnpkg.com/nock/-/nock-13.2.4.tgz#43a309d93143ee5cdcca91358614e7bde56d20e1"
  integrity sha512-8GPznwxcPNCH/h8B+XZcKjYPXnUV5clOKCjAqyjsiqA++MpNx9E9+t8YPp0MbThO+KauRo7aZJ1WuIZmOrT2Ug==
  dependencies:
    debug "^4.1.0"
    json-stringify-safe "^5.0.1"
    lodash.set "^4.3.2"
    propagate "^2.0.0"

node-fetch@^2.6.7:
  version "2.6.7"
  resolved "https://registry.yarnpkg.com/node-fetch/-/node-fetch-2.6.7.tgz#24de9fba827e3b4ae44dc8b20256a379160052ad"
  integrity sha512-ZjMPFEfVx5j+y2yF35Kzx5sF7kDzxuDj6ziH4FFbOp87zKDZNx8yExJIb05OGF4Nlt9IHFIMBkRl41VdvcNdbQ==
  dependencies:
    whatwg-url "^5.0.0"

node-gyp-build@^4.3.0:
  version "4.3.0"
  resolved "https://registry.yarnpkg.com/node-gyp-build/-/node-gyp-build-4.3.0.tgz#9f256b03e5826150be39c764bf51e993946d71a3"
  integrity sha512-iWjXZvmboq0ja1pUGULQBexmxq8CV4xBhX7VDOTbL7ZR4FOowwY/VOtRxBN/yKxmdGoIp4j5ysNT4u3S2pDQ3Q==

propagate@^2.0.0:
  version "2.0.1"
  resolved "https://registry.yarnpkg.com/propagate/-/propagate-2.0.1.tgz#40cdedab18085c792334e64f0ac17256d38f9a45"
  integrity sha512-vGrhOavPSTz4QVNuBNdcNXePNdNMaO1xj9yBeH1ScQPjk/rhg9sSlCXPhMkFuaNNW/syTvYqsnbIJxMBfRbbag==

regenerator-runtime@^0.13.4:
  version "0.13.9"
  resolved "https://registry.yarnpkg.com/regenerator-runtime/-/regenerator-runtime-0.13.9.tgz#8925742a98ffd90814988d7566ad30ca3b263b52"
  integrity sha512-p3VT+cOEgxFsRRA9X4lkI1E+k2/CtnKtU4gcxyaCUreilL/vqI6CdZ3wxVUx3UOUg+gnUOQQcRI7BmSI656MYA==

rxjs@^7.5.4:
  version "7.5.5"
  resolved "https://registry.yarnpkg.com/rxjs/-/rxjs-7.5.5.tgz#2ebad89af0f560f460ad5cc4213219e1f7dd4e9f"
  integrity sha512-sy+H0pQofO95VDmFLzyaw9xNJU4KTRSwQIGM6+iG3SypAtCiLDzpeG8sJrNCWn2Up9km+KhkvTdbkrdy+yzZdw==
  dependencies:
    tslib "^2.1.0"

tr46@~0.0.3:
  version "0.0.3"
  resolved "https://registry.yarnpkg.com/tr46/-/tr46-0.0.3.tgz#8184fd347dac9cdc185992f3a6622e14b9d9ab6a"
  integrity sha1-gYT9NH2snNwYWZLzpmIuFLnZq2o=

tslib@^2.1.0:
  version "2.3.1"
  resolved "https://registry.yarnpkg.com/tslib/-/tslib-2.3.1.tgz#e8a335add5ceae51aa261d32a490158ef042ef01"
  integrity sha512-77EbyPPpMz+FRFRuAFlWMtmgUWGe9UOG2Z25NqCwiIjRhOf5iKGuzSe5P2w1laq+FkRy4p+PCuVkJSGkzTEKVw==

tweetnacl@1.x.x, tweetnacl@^1.0.3:
  version "1.0.3"
  resolved "https://registry.yarnpkg.com/tweetnacl/-/tweetnacl-1.0.3.tgz#ac0af71680458d8a6378d0d0d050ab1407d35596"
  integrity sha512-6rt+RN7aOi1nGMyC4Xa5DdYiukl2UWCbcJft7YhxReBGQD7OAM8Pbxw6YMo4r2diNEA8FEmu32YOn9rhaiE5yw==

type@^1.0.1:
  version "1.2.0"
  resolved "https://registry.yarnpkg.com/type/-/type-1.2.0.tgz#848dd7698dafa3e54a6c479e759c4bc3f18847a0"
  integrity sha512-+5nt5AAniqsCnu2cEQQdpzCAh33kVx8n0VoFidKpB1dVVLAN/F+bgVOqOJqOnEnrhp222clB5p3vUlD+1QAnfg==

type@^2.5.0:
  version "2.6.0"
  resolved "https://registry.yarnpkg.com/type/-/type-2.6.0.tgz#3ca6099af5981d36ca86b78442973694278a219f"
  integrity sha512-eiDBDOmkih5pMbo9OqsqPRGMljLodLcwd5XD5JbtNB0o89xZAwynY9EdCDsJU7LtcVCClu9DvM7/0Ep1hYX3EQ==

typedarray-to-buffer@^3.1.5:
  version "3.1.5"
  resolved "https://registry.yarnpkg.com/typedarray-to-buffer/-/typedarray-to-buffer-3.1.5.tgz#a97ee7a9ff42691b9f783ff1bc5112fe3fca9080"
  integrity sha512-zdu8XMNEDepKKR+XYOXAVPtWui0ly0NtohUscw+UmaHiAWT8hrV1rr//H6V+0DvJ3OQ19S979M0laLfX8rm82Q==
  dependencies:
    is-typedarray "^1.0.0"

utf-8-validate@^5.0.2:
  version "5.0.9"
  resolved "https://registry.yarnpkg.com/utf-8-validate/-/utf-8-validate-5.0.9.tgz#ba16a822fbeedff1a58918f2a6a6b36387493ea3"
  integrity sha512-Yek7dAy0v3Kl0orwMlvi7TPtiCNrdfHNd7Gcc/pLq4BLXqfAmd0J7OWMizUQnTTJsyjKn02mU7anqwfmUP4J8Q==
  dependencies:
    node-gyp-build "^4.3.0"

webidl-conversions@^3.0.0:
  version "3.0.1"
  resolved "https://registry.yarnpkg.com/webidl-conversions/-/webidl-conversions-3.0.1.tgz#24534275e2a7bc6be7bc86611cc16ae0a5654871"
  integrity sha1-JFNCdeKnvGvnvIZhHMFq4KVlSHE=

websocket@^1.0.34:
  version "1.0.34"
  resolved "https://registry.yarnpkg.com/websocket/-/websocket-1.0.34.tgz#2bdc2602c08bf2c82253b730655c0ef7dcab3111"
  integrity sha512-PRDso2sGwF6kM75QykIesBijKSVceR6jL2G8NGYyq2XrItNC2P5/qL5XeR056GhA+Ly7JMFvJb9I312mJfmqnQ==
  dependencies:
    bufferutil "^4.0.1"
    debug "^2.2.0"
    es5-ext "^0.10.50"
    typedarray-to-buffer "^3.1.5"
    utf-8-validate "^5.0.2"
    yaeti "^0.0.6"

whatwg-url@^5.0.0:
  version "5.0.0"
  resolved "https://registry.yarnpkg.com/whatwg-url/-/whatwg-url-5.0.0.tgz#966454e8765462e37644d3626f6742ce8b70965d"
  integrity sha1-lmRU6HZUYuN2RNNib2dCzotwll0=
  dependencies:
    tr46 "~0.0.3"
    webidl-conversions "^3.0.0"

yaeti@^0.0.6:
  version "0.0.6"
  resolved "https://registry.yarnpkg.com/yaeti/-/yaeti-0.0.6.tgz#f26f484d72684cf42bedfb76970aa1608fbf9577"
  integrity sha1-8m9ITXJoTPQr7ft2lwqhYI+/lXc=
