# THIS IS AN AUTOGENERATED FILE. DO NOT EDIT THIS FILE DIRECTLY.
# yarn lockfile v1


"@babel/runtime@^7.20.13", "@babel/runtime@^7.20.6":
  "integrity" "sha512-xwII0//EObnq89Ji5AKYQaRYiW/nZ3llSv29d49IuxPhKbtJoLP+9QUUZ4nVragQVtaVGeZrpB+ZtG/Pdy/POw=="
  "resolved" "https://registry.npmjs.org/@babel/runtime/-/runtime-7.21.0.tgz"
  "version" "7.21.0"
  dependencies:
    "regenerator-runtime" "^0.13.11"

"@cspotcode/source-map-support@^0.8.0":
  "integrity" "sha512-IchNf6dN4tHoMFIn/7OE8LWZ19Y6q/67Bmf6vnGREv8RSbBVb9LPJxEcnwrcwX6ixSvaiGoomAUvu4YSxXrVgw=="
  "resolved" "https://registry.npmjs.org/@cspotcode/source-map-support/-/source-map-support-0.8.1.tgz"
  "version" "0.8.1"
  dependencies:
    "@jridgewell/trace-mapping" "0.3.9"

"@jridgewell/resolve-uri@^3.0.3":
  "integrity" "sha512-F2msla3tad+Mfht5cJq7LSXcdudKTWCVYUgw6pLFOOHSTtZlj6SWNYAp+AhuqLmWdBO2X5hPrLcu8cVP8fy28w=="
  "resolved" "https://registry.npmjs.org/@jridgewell/resolve-uri/-/resolve-uri-3.1.0.tgz"
  "version" "3.1.0"

"@jridgewell/sourcemap-codec@^1.4.10":
  "integrity" "sha512-XPSJHWmi394fuUuzDnGz1wiKqWfo1yXecHQMRf2l6hztTO+nPru658AyDngaBe7isIxEkRsPR3FZh+s7iVa4Uw=="
  "resolved" "https://registry.npmjs.org/@jridgewell/sourcemap-codec/-/sourcemap-codec-1.4.14.tgz"
  "version" "1.4.14"

"@jridgewell/trace-mapping@0.3.9":
  "integrity" "sha512-3Belt6tdc8bPgAtbcmdtNJlirVoTmEb5e2gC94PnkwEW9jI6CAHUeoG85tjWP5WquqfavoMtMwiG4P926ZKKuQ=="
  "resolved" "https://registry.npmjs.org/@jridgewell/trace-mapping/-/trace-mapping-0.3.9.tgz"
  "version" "0.3.9"
  dependencies:
    "@jridgewell/resolve-uri" "^3.0.3"
    "@jridgewell/sourcemap-codec" "^1.4.10"

"@noble/hashes@1.2.0":
  "integrity" "sha512-FZfhjEDbT5GRswV3C6uvLPHMiVD6lQBmpoX5+eSiPaMTXte/IKqI5dykDxzZB/WBeK/CDuQRBWarPdi3FNY2zQ=="
  "resolved" "https://registry.npmjs.org/@noble/hashes/-/hashes-1.2.0.tgz"
  "version" "1.2.0"

"@noble/secp256k1@1.7.1":
  "integrity" "sha512-hOUk6AyBFmqVrv7k5WAw/LpszxVbj9gGN4JRkIX52fdFAj1UA61KXmZDvqVEm+pOyec3+fIeZB02LYa/pWOArw=="
  "resolved" "https://registry.npmjs.org/@noble/secp256k1/-/secp256k1-1.7.1.tgz"
  "version" "1.7.1"

"@polkadot/api-augment@9.14.2":
  "integrity" "sha512-19MmW8AHEcLkdcUIo3LLk0eCQgREWqNSxkUyOeWn7UiNMY1AhDOOwMStUBNCvrIDK6VL6GGc1sY7rkPCLMuKSw=="
  "resolved" "https://registry.npmjs.org/@polkadot/api-augment/-/api-augment-9.14.2.tgz"
  "version" "9.14.2"
  dependencies:
    "@babel/runtime" "^7.20.13"
    "@polkadot/api-base" "9.14.2"
    "@polkadot/rpc-augment" "9.14.2"
    "@polkadot/types" "9.14.2"
    "@polkadot/types-augment" "9.14.2"
    "@polkadot/types-codec" "9.14.2"
    "@polkadot/util" "^10.4.2"

"@polkadot/api-base@9.14.2":
  "integrity" "sha512-ky9fmzG1Tnrjr/SBZ0aBB21l0TFr+CIyQenQczoUyVgiuxVaI/2Bp6R2SFrHhG28P+PW2/RcYhn2oIAR2Z2fZQ=="
  "resolved" "https://registry.npmjs.org/@polkadot/api-base/-/api-base-9.14.2.tgz"
  "version" "9.14.2"
  dependencies:
    "@babel/runtime" "^7.20.13"
    "@polkadot/rpc-core" "9.14.2"
    "@polkadot/types" "9.14.2"
    "@polkadot/util" "^10.4.2"
    "rxjs" "^7.8.0"

"@polkadot/api-derive@9.14.2":
  "integrity" "sha512-yw9OXucmeggmFqBTMgza0uZwhNjPxS7MaT7lSCUIRKckl1GejdV+qMhL3XFxPFeYzXwzFpdPG11zWf+qJlalqw=="
  "resolved" "https://registry.npmjs.org/@polkadot/api-derive/-/api-derive-9.14.2.tgz"
  "version" "9.14.2"
  dependencies:
    "@babel/runtime" "^7.20.13"
    "@polkadot/api" "9.14.2"
    "@polkadot/api-augment" "9.14.2"
    "@polkadot/api-base" "9.14.2"
    "@polkadot/rpc-core" "9.14.2"
    "@polkadot/types" "9.14.2"
    "@polkadot/types-codec" "9.14.2"
    "@polkadot/util" "^10.4.2"
    "@polkadot/util-crypto" "^10.4.2"
    "rxjs" "^7.8.0"

"@polkadot/api@^9.13.6", "@polkadot/api@9.14.2":
  "integrity" "sha512-R3eYFj2JgY1zRb+OCYQxNlJXCs2FA+AU4uIEiVcXnVLmR3M55tkRNEwYAZmiFxx0pQmegGgPMc33q7TWGdw24A=="
  "resolved" "https://registry.npmjs.org/@polkadot/api/-/api-9.14.2.tgz"
  "version" "9.14.2"
  dependencies:
    "@babel/runtime" "^7.20.13"
    "@polkadot/api-augment" "9.14.2"
    "@polkadot/api-base" "9.14.2"
    "@polkadot/api-derive" "9.14.2"
    "@polkadot/keyring" "^10.4.2"
    "@polkadot/rpc-augment" "9.14.2"
    "@polkadot/rpc-core" "9.14.2"
    "@polkadot/rpc-provider" "9.14.2"
    "@polkadot/types" "9.14.2"
    "@polkadot/types-augment" "9.14.2"
    "@polkadot/types-codec" "9.14.2"
    "@polkadot/types-create" "9.14.2"
    "@polkadot/types-known" "9.14.2"
    "@polkadot/util" "^10.4.2"
    "@polkadot/util-crypto" "^10.4.2"
    "eventemitter3" "^5.0.0"
    "rxjs" "^7.8.0"

"@polkadot/keyring@^10.3.1", "@polkadot/keyring@^10.4.2":
  "integrity" "sha512-7iHhJuXaHrRTG6cJDbZE9G+c1ts1dujp0qbO4RfAPmT7YUvphHvAtCKueN9UKPz5+TYDL+rP/jDEaSKU8jl/qQ=="
  "resolved" "https://registry.npmjs.org/@polkadot/keyring/-/keyring-10.4.2.tgz"
  "version" "10.4.2"
  dependencies:
    "@babel/runtime" "^7.20.13"
    "@polkadot/util" "10.4.2"
    "@polkadot/util-crypto" "10.4.2"

"@polkadot/networks@^10.4.2", "@polkadot/networks@10.4.2":
  "integrity" "sha512-FAh/znrEvWBiA/LbcT5GXHsCFUl//y9KqxLghSr/CreAmAergiJNT0MVUezC7Y36nkATgmsr4ylFwIxhVtuuCw=="
  "resolved" "https://registry.npmjs.org/@polkadot/networks/-/networks-10.4.2.tgz"
  "version" "10.4.2"
  dependencies:
    "@babel/runtime" "^7.20.13"
    "@polkadot/util" "10.4.2"
    "@substrate/ss58-registry" "^1.38.0"

"@polkadot/rpc-augment@9.14.2":
  "integrity" "sha512-mOubRm3qbKZTbP9H01XRrfTk7k5it9WyzaWAg72DJBQBYdgPUUkGSgpPD/Srkk5/5GAQTWVWL1I2UIBKJ4TJjQ=="
  "resolved" "https://registry.npmjs.org/@polkadot/rpc-augment/-/rpc-augment-9.14.2.tgz"
  "version" "9.14.2"
  dependencies:
    "@babel/runtime" "^7.20.13"
    "@polkadot/rpc-core" "9.14.2"
    "@polkadot/types" "9.14.2"
    "@polkadot/types-codec" "9.14.2"
    "@polkadot/util" "^10.4.2"

"@polkadot/rpc-core@9.14.2":
  "integrity" "sha512-krA/mtQ5t9nUQEsEVC1sjkttLuzN6z6gyJxK2IlpMS3S5ncy/R6w4FOpy+Q0H18Dn83JBo0p7ZtY7Y6XkK48Kw=="
  "resolved" "https://registry.npmjs.org/@polkadot/rpc-core/-/rpc-core-9.14.2.tgz"
  "version" "9.14.2"
  dependencies:
    "@babel/runtime" "^7.20.13"
    "@polkadot/rpc-augment" "9.14.2"
    "@polkadot/rpc-provider" "9.14.2"
    "@polkadot/types" "9.14.2"
    "@polkadot/util" "^10.4.2"
    "rxjs" "^7.8.0"

"@polkadot/rpc-provider@9.14.2":
  "integrity" "sha512-YTSywjD5PF01V47Ru5tln2LlpUwJiSOdz6rlJXPpMaY53hUp7+xMU01FVAQ1bllSBNisSD1Msv/mYHq84Oai2g=="
  "resolved" "https://registry.npmjs.org/@polkadot/rpc-provider/-/rpc-provider-9.14.2.tgz"
  "version" "9.14.2"
  dependencies:
    "@babel/runtime" "^7.20.13"
    "@polkadot/keyring" "^10.4.2"
    "@polkadot/types" "9.14.2"
    "@polkadot/types-support" "9.14.2"
    "@polkadot/util" "^10.4.2"
    "@polkadot/util-crypto" "^10.4.2"
    "@polkadot/x-fetch" "^10.4.2"
    "@polkadot/x-global" "^10.4.2"
    "@polkadot/x-ws" "^10.4.2"
    "eventemitter3" "^5.0.0"
    "mock-socket" "^9.2.1"
    "nock" "^13.3.0"
  optionalDependencies:
    "@substrate/connect" "0.7.19"

"@polkadot/types-augment@9.14.2":
  "integrity" "sha512-WO9d7RJufUeY3iFgt2Wz762kOu1tjEiGBR5TT4AHtpEchVHUeosVTrN9eycC+BhleqYu52CocKz6u3qCT/jKLg=="
  "resolved" "https://registry.npmjs.org/@polkadot/types-augment/-/types-augment-9.14.2.tgz"
  "version" "9.14.2"
  dependencies:
    "@babel/runtime" "^7.20.13"
    "@polkadot/types" "9.14.2"
    "@polkadot/types-codec" "9.14.2"
    "@polkadot/util" "^10.4.2"

"@polkadot/types-codec@9.14.2":
  "integrity" "sha512-AJ4XF7W1no4PENLBRU955V6gDxJw0h++EN3YoDgThozZ0sj3OxyFupKgNBZcZb2V23H8JxQozzIad8k+nJbO1w=="
  "resolved" "https://registry.npmjs.org/@polkadot/types-codec/-/types-codec-9.14.2.tgz"
  "version" "9.14.2"
  dependencies:
    "@babel/runtime" "^7.20.13"
    "@polkadot/util" "^10.4.2"
    "@polkadot/x-bigint" "^10.4.2"

"@polkadot/types-create@9.14.2":
  "integrity" "sha512-nSnKpBierlmGBQT8r6/SHf6uamBIzk4WmdMsAsR4uJKJF1PtbIqx2W5PY91xWSiMSNMzjkbCppHkwaDAMwLGaw=="
  "resolved" "https://registry.npmjs.org/@polkadot/types-create/-/types-create-9.14.2.tgz"
  "version" "9.14.2"
  dependencies:
    "@babel/runtime" "^7.20.13"
    "@polkadot/types-codec" "9.14.2"
    "@polkadot/util" "^10.4.2"

"@polkadot/types-known@9.14.2":
  "integrity" "sha512-iM8WOCgguzJ3TLMqlm4K1gKQEwWm2zxEKT1HZZ1irs/lAbBk9MquDWDvebryiw3XsLB8xgrp3RTIBn2Q4FjB2A=="
  "resolved" "https://registry.npmjs.org/@polkadot/types-known/-/types-known-9.14.2.tgz"
  "version" "9.14.2"
  dependencies:
    "@babel/runtime" "^7.20.13"
    "@polkadot/networks" "^10.4.2"
    "@polkadot/types" "9.14.2"
    "@polkadot/types-codec" "9.14.2"
    "@polkadot/types-create" "9.14.2"
    "@polkadot/util" "^10.4.2"

"@polkadot/types-support@9.14.2":
  "integrity" "sha512-VWCOPgXDK3XtXT7wMLyIWeNDZxUbNcw/8Pn6n6vMogs7o/n4h6WGbGMeTIQhPWyn831/RmkVs5+2DUC+2LlOhw=="
  "resolved" "https://registry.npmjs.org/@polkadot/types-support/-/types-support-9.14.2.tgz"
  "version" "9.14.2"
  dependencies:
    "@babel/runtime" "^7.20.13"
    "@polkadot/util" "^10.4.2"

"@polkadot/types@^9.13.6", "@polkadot/types@9.14.2":
  "integrity" "sha512-hGLddTiJbvowhhUZJ3k+olmmBc1KAjWIQxujIUIYASih8FQ3/YJDKxaofGOzh0VygOKW3jxQBN2VZPofyDP9KQ=="
  "resolved" "https://registry.npmjs.org/@polkadot/types/-/types-9.14.2.tgz"
  "version" "9.14.2"
  dependencies:
    "@babel/runtime" "^7.20.13"
    "@polkadot/keyring" "^10.4.2"
    "@polkadot/types-augment" "9.14.2"
    "@polkadot/types-codec" "9.14.2"
    "@polkadot/types-create" "9.14.2"
    "@polkadot/util" "^10.4.2"
    "@polkadot/util-crypto" "^10.4.2"
    "rxjs" "^7.8.0"

"@polkadot/util-crypto@^10.4.2", "@polkadot/util-crypto@10.4.2":
  "integrity" "sha512-RxZvF7C4+EF3fzQv8hZOLrYCBq5+wA+2LWv98nECkroChY3C2ZZvyWDqn8+aonNULt4dCVTWDZM0QIY6y4LUAQ=="
  "resolved" "https://registry.npmjs.org/@polkadot/util-crypto/-/util-crypto-10.4.2.tgz"
  "version" "10.4.2"
  dependencies:
    "@babel/runtime" "^7.20.13"
    "@noble/hashes" "1.2.0"
    "@noble/secp256k1" "1.7.1"
    "@polkadot/networks" "10.4.2"
    "@polkadot/util" "10.4.2"
    "@polkadot/wasm-crypto" "^6.4.1"
    "@polkadot/x-bigint" "10.4.2"
    "@polkadot/x-randomvalues" "10.4.2"
    "@scure/base" "1.1.1"
    "ed2curve" "^0.3.0"
    "tweetnacl" "^1.0.3"

"@polkadot/util@*", "@polkadot/util@^10.4.2", "@polkadot/util@10.4.2":
  "integrity" "sha512-0r5MGICYiaCdWnx+7Axlpvzisy/bi1wZGXgCSw5+ZTyPTOqvsYRqM2X879yxvMsGfibxzWqNzaiVjToz1jvUaA=="
  "resolved" "https://registry.npmjs.org/@polkadot/util/-/util-10.4.2.tgz"
  "version" "10.4.2"
  dependencies:
    "@babel/runtime" "^7.20.13"
    "@polkadot/x-bigint" "10.4.2"
    "@polkadot/x-global" "10.4.2"
    "@polkadot/x-textdecoder" "10.4.2"
    "@polkadot/x-textencoder" "10.4.2"
    "@types/bn.js" "^5.1.1"
    "bn.js" "^5.2.1"

"@polkadot/wasm-bridge@6.4.1":
  "integrity" "sha512-QZDvz6dsUlbYsaMV5biZgZWkYH9BC5AfhT0f0/knv8+LrbAoQdP3Asbvddw8vyU9sbpuCHXrd4bDLBwUCRfrBQ=="
  "resolved" "https://registry.npmjs.org/@polkadot/wasm-bridge/-/wasm-bridge-6.4.1.tgz"
  "version" "6.4.1"
  dependencies:
    "@babel/runtime" "^7.20.6"

"@polkadot/wasm-crypto-asmjs@6.4.1":
  "integrity" "sha512-UxZTwuBZlnODGIQdCsE2Sn/jU0O2xrNQ/TkhRFELfkZXEXTNu4lw6NpaKq7Iey4L+wKd8h4lT3VPVkMcPBLOvA=="
  "resolved" "https://registry.npmjs.org/@polkadot/wasm-crypto-asmjs/-/wasm-crypto-asmjs-6.4.1.tgz"
  "version" "6.4.1"
  dependencies:
    "@babel/runtime" "^7.20.6"

"@polkadot/wasm-crypto-init@6.4.1":
  "integrity" "sha512-1ALagSi/nfkyFaH6JDYfy/QbicVbSn99K8PV9rctDUfxc7P06R7CoqbjGQ4OMPX6w1WYVPU7B4jPHGLYBlVuMw=="
  "resolved" "https://registry.npmjs.org/@polkadot/wasm-crypto-init/-/wasm-crypto-init-6.4.1.tgz"
  "version" "6.4.1"
  dependencies:
    "@babel/runtime" "^7.20.6"
    "@polkadot/wasm-bridge" "6.4.1"
    "@polkadot/wasm-crypto-asmjs" "6.4.1"
    "@polkadot/wasm-crypto-wasm" "6.4.1"

"@polkadot/wasm-crypto-wasm@6.4.1":
  "integrity" "sha512-3VV9ZGzh0ZY3SmkkSw+0TRXxIpiO0nB8lFwlRgcwaCihwrvLfRnH9GI8WE12mKsHVjWTEVR3ogzILJxccAUjDA=="
  "resolved" "https://registry.npmjs.org/@polkadot/wasm-crypto-wasm/-/wasm-crypto-wasm-6.4.1.tgz"
  "version" "6.4.1"
  dependencies:
    "@babel/runtime" "^7.20.6"
    "@polkadot/wasm-util" "6.4.1"

"@polkadot/wasm-crypto@^6.4.1":
  "integrity" "sha512-FH+dcDPdhSLJvwL0pMLtn/LIPd62QDPODZRCmDyw+pFjLOMaRBc7raomWUOqyRWJTnqVf/iscc2rLVLNMyt7ag=="
  "resolved" "https://registry.npmjs.org/@polkadot/wasm-crypto/-/wasm-crypto-6.4.1.tgz"
  "version" "6.4.1"
  dependencies:
    "@babel/runtime" "^7.20.6"
    "@polkadot/wasm-bridge" "6.4.1"
    "@polkadot/wasm-crypto-asmjs" "6.4.1"
    "@polkadot/wasm-crypto-init" "6.4.1"
    "@polkadot/wasm-crypto-wasm" "6.4.1"
    "@polkadot/wasm-util" "6.4.1"

"@polkadot/wasm-util@6.4.1":
  "integrity" "sha512-Uwo+WpEsDmFExWC5kTNvsVhvqXMZEKf4gUHXFn4c6Xz4lmieRT5g+1bO1KJ21pl4msuIgdV3Bksfs/oiqMFqlw=="
  "resolved" "https://registry.npmjs.org/@polkadot/wasm-util/-/wasm-util-6.4.1.tgz"
  "version" "6.4.1"
  dependencies:
    "@babel/runtime" "^7.20.6"

"@polkadot/x-bigint@^10.4.2", "@polkadot/x-bigint@10.4.2":
  "integrity" "sha512-awRiox+/XSReLzimAU94fPldowiwnnMUkQJe8AebYhNocAj6SJU00GNoj6j6tAho6yleOwrTJXZaWFBaQVJQNg=="
  "resolved" "https://registry.npmjs.org/@polkadot/x-bigint/-/x-bigint-10.4.2.tgz"
  "version" "10.4.2"
  dependencies:
    "@babel/runtime" "^7.20.13"
    "@polkadot/x-global" "10.4.2"

"@polkadot/x-fetch@^10.4.2":
  "integrity" "sha512-Ubb64yaM4qwhogNP+4mZ3ibRghEg5UuCYRMNaCFoPgNAY8tQXuDKrHzeks3+frlmeH9YRd89o8wXLtWouwZIcw=="
  "resolved" "https://registry.npmjs.org/@polkadot/x-fetch/-/x-fetch-10.4.2.tgz"
  "version" "10.4.2"
  dependencies:
    "@babel/runtime" "^7.20.13"
    "@polkadot/x-global" "10.4.2"
    "@types/node-fetch" "^2.6.2"
    "node-fetch" "^3.3.0"

"@polkadot/x-global@^10.4.2", "@polkadot/x-global@10.4.2":
  "integrity" "sha512-g6GXHD/ykZvHap3M6wh19dO70Zm43l4jEhlxf5LtTo5/0/UporFCXr2YJYZqfbn9JbQwl1AU+NroYio+vtJdiA=="
  "resolved" "https://registry.npmjs.org/@polkadot/x-global/-/x-global-10.4.2.tgz"
  "version" "10.4.2"
  dependencies:
    "@babel/runtime" "^7.20.13"

"@polkadot/x-randomvalues@*", "@polkadot/x-randomvalues@10.4.2":
  "integrity" "sha512-mf1Wbpe7pRZHO0V3V89isPLqZOy5XGX2bCqsfUWHgb1NvV1MMx5TjVjdaYyNlGTiOkAmJKlOHshcfPU2sYWpNg=="
  "resolved" "https://registry.npmjs.org/@polkadot/x-randomvalues/-/x-randomvalues-10.4.2.tgz"
  "version" "10.4.2"
  dependencies:
    "@babel/runtime" "^7.20.13"
    "@polkadot/x-global" "10.4.2"

"@polkadot/x-textdecoder@10.4.2":
  "integrity" "sha512-d3ADduOKUTU+cliz839+KCFmi23pxTlabH7qh7Vs1GZQvXOELWdqFOqakdiAjtMn68n1KVF4O14Y+OUm7gp/zA=="
  "resolved" "https://registry.npmjs.org/@polkadot/x-textdecoder/-/x-textdecoder-10.4.2.tgz"
  "version" "10.4.2"
  dependencies:
    "@babel/runtime" "^7.20.13"
    "@polkadot/x-global" "10.4.2"

"@polkadot/x-textencoder@10.4.2":
  "integrity" "sha512-mxcQuA1exnyv74Kasl5vxBq01QwckG088lYjc3KwmND6+pPrW2OWagbxFX5VFoDLDAE+UJtnUHsjdWyOTDhpQA=="
  "resolved" "https://registry.npmjs.org/@polkadot/x-textencoder/-/x-textencoder-10.4.2.tgz"
  "version" "10.4.2"
  dependencies:
    "@babel/runtime" "^7.20.13"
    "@polkadot/x-global" "10.4.2"

"@polkadot/x-ws@^10.4.2":
  "integrity" "sha512-3gHSTXAWQu1EMcMVTF5QDKHhEHzKxhAArweEyDXE7VsgKUP/ixxw4hVZBrkX122iI5l5mjSiooRSnp/Zl3xqDQ=="
  "resolved" "https://registry.npmjs.org/@polkadot/x-ws/-/x-ws-10.4.2.tgz"
  "version" "10.4.2"
  dependencies:
    "@babel/runtime" "^7.20.13"
    "@polkadot/x-global" "10.4.2"
    "@types/websocket" "^1.0.5"
    "websocket" "^1.0.34"

"@scure/base@1.1.1":
  "integrity" "sha512-ZxOhsSyxYwLJj3pLZCefNitxsj093tb2vq90mp2txoYeBqbcjDjqFhyM8eUjq/uFm6zJ+mUuqxlS2FkuSY1MTA=="
  "resolved" "https://registry.npmjs.org/@scure/base/-/base-1.1.1.tgz"
  "version" "1.1.1"

"@substrate/connect-extension-protocol@^1.0.1":
  "integrity" "sha512-161JhCC1csjH3GE5mPLEd7HbWtwNSPJBg3p1Ksz9SFlTzj/bgEwudiRN2y5i0MoLGCIJRYKyKGMxVnd29PzNjg=="
  "resolved" "https://registry.npmjs.org/@substrate/connect-extension-protocol/-/connect-extension-protocol-1.0.1.tgz"
  "version" "1.0.1"

"@substrate/connect@0.7.19":
  "integrity" "sha512-+DDRadc466gCmDU71sHrYOt1HcI2Cbhm7zdCFjZfFVHXhC/E8tOdrVSglAH2HDEHR0x2SiHRxtxOGC7ak2Zjog=="
  "resolved" "https://registry.npmjs.org/@substrate/connect/-/connect-0.7.19.tgz"
  "version" "0.7.19"
  dependencies:
    "@substrate/connect-extension-protocol" "^1.0.1"
    "@substrate/smoldot-light" "0.7.9"
    "eventemitter3" "^4.0.7"

"@substrate/smoldot-light@0.7.9":
  "integrity" "sha512-HP8iP7sFYlpSgjjbo0lqHyU+gu9lL2hbDNce6dWk5/10mFFF9jKIFGfui4zCecUY808o/Go9pan/31kMJoLbug=="
  "resolved" "https://registry.npmjs.org/@substrate/smoldot-light/-/smoldot-light-0.7.9.tgz"
  "version" "0.7.9"
  dependencies:
    "pako" "^2.0.4"
    "ws" "^8.8.1"

"@substrate/ss58-registry@^1.38.0":
  "integrity" "sha512-sHiVRWekGMRZAjPukN9/W166NM6D5wtHcK6RVyLy66kg3CHNZ1BXfpXcjOiXSwhbd7guQFDEwnOVaDrbk1XL1g=="
  "resolved" "https://registry.npmjs.org/@substrate/ss58-registry/-/ss58-registry-1.38.0.tgz"
  "version" "1.38.0"

"@tsconfig/node10@^1.0.7":
  "integrity" "sha512-jNsYVVxU8v5g43Erja32laIDHXeoNvFEpX33OK4d6hljo3jDhCBDhx5dhCCTMWUojscpAagGiRkBKxpdl9fxqA=="
  "resolved" "https://registry.npmjs.org/@tsconfig/node10/-/node10-1.0.9.tgz"
  "version" "1.0.9"

"@tsconfig/node12@^1.0.7":
  "integrity" "sha512-cqefuRsh12pWyGsIoBKJA9luFu3mRxCA+ORZvA4ktLSzIuCUtWVxGIuXigEwO5/ywWFMZ2QEGKWvkZG1zDMTag=="
  "resolved" "https://registry.npmjs.org/@tsconfig/node12/-/node12-1.0.11.tgz"
  "version" "1.0.11"

"@tsconfig/node14@^1.0.0":
  "integrity" "sha512-ysT8mhdixWK6Hw3i1V2AeRqZ5WfXg1G43mqoYlM2nc6388Fq5jcXyr5mRsqViLx/GJYdoL0bfXD8nmF+Zn/Iow=="
  "resolved" "https://registry.npmjs.org/@tsconfig/node14/-/node14-1.0.3.tgz"
  "version" "1.0.3"

"@tsconfig/node16@^1.0.2":
  "integrity" "sha512-yOlFc+7UtL/89t2ZhjPvvB/DeAr3r+Dq58IgzsFkOAvVC6NMJXmCGjbptdXdR9qsX7pKcTL+s87FtYREi2dEEQ=="
  "resolved" "https://registry.npmjs.org/@tsconfig/node16/-/node16-1.0.3.tgz"
  "version" "1.0.3"

"@types/bn.js@^5.1.1":
  "integrity" "sha512-qNrYbZqMx0uJAfKnKclPh+dTwK33KfLHYqtyODwd5HnXOjnkhc4qgn3BrK6RWyGZm5+sIFE7Q7Vz6QQtJB7w7g=="
  "resolved" "https://registry.npmjs.org/@types/bn.js/-/bn.js-5.1.1.tgz"
  "version" "5.1.1"
  dependencies:
    "@types/node" "*"

"@types/node-fetch@^2.6.2":
  "integrity" "sha512-DHqhlq5jeESLy19TYhLakJ07kNumXWjcDdxXsLUMJZ6ue8VZJj4kLPQVE/2mdHh3xZziNF1xppu5lwmS53HR+A=="
  "resolved" "https://registry.npmjs.org/@types/node-fetch/-/node-fetch-2.6.2.tgz"
  "version" "2.6.2"
  dependencies:
    "@types/node" "*"
    "form-data" "^3.0.0"

"@types/node@*":
  "integrity" "sha512-5EWrvLmglK+imbCJY0+INViFWUHg1AHel1sq4ZVSfdcNqGy9Edv3UB9IIzzg+xPaUcAgZYcfVs2fBcwDeZzU0A=="
  "resolved" "https://registry.npmjs.org/@types/node/-/node-18.14.0.tgz"
  "version" "18.14.0"

"@types/typescript@^2.0.0":
  "integrity" "sha512-WMEWfMISiJ2QKyk5/dSdgL0ZwP//PZj0jmDU0hMh51FmLq4WIYzjlngsUQZXejQL+QtkXJUOGjb3G3UCvgZuSQ=="
  "resolved" "https://registry.npmjs.org/@types/typescript/-/typescript-2.0.0.tgz"
  "version" "2.0.0"
  dependencies:
    "typescript" "*"

"@types/websocket@^1.0.5":
  "integrity" "sha512-NbsqiNX9CnEfC1Z0Vf4mE1SgAJ07JnRYcNex7AJ9zAVzmiGHmjKFEk7O4TJIsgv2B1sLEb6owKFZrACwdYngsQ=="
  "resolved" "https://registry.npmjs.org/@types/websocket/-/websocket-1.0.5.tgz"
  "version" "1.0.5"
  dependencies:
    "@types/node" "*"

"acorn-walk@^8.1.1":
  "integrity" "sha512-k+iyHEuPgSw6SbuDpGQM+06HQUa04DZ3o+F6CSzXMvvI5KMvnaEqXe+YVe555R9nn6GPt404fos4wcgpw12SDA=="
  "resolved" "https://registry.npmjs.org/acorn-walk/-/acorn-walk-8.2.0.tgz"
  "version" "8.2.0"

"acorn@^8.4.1":
  "integrity" "sha512-xjIYgE8HBrkpd/sJqOGNspf8uHG+NOHGOw6a/Urj8taM2EXfdNAH2oFcPeIFfsv3+kz/mJrS5VuMqbNLjCa2vw=="
  "resolved" "https://registry.npmjs.org/acorn/-/acorn-8.8.2.tgz"
  "version" "8.8.2"

"arg@^4.1.0":
  "integrity" "sha512-58S9QDqG0Xx27YwPSt9fJxivjYl432YCwfDMfZ+71RAqUrZef7LrKQZ3LHLOwCS4FLNBplP533Zx895SeOCHvA=="
  "resolved" "https://registry.npmjs.org/arg/-/arg-4.1.3.tgz"
  "version" "4.1.3"

"asynckit@^0.4.0":
  "integrity" "sha512-Oei9OH4tRh0YqU3GxhX79dM/mwVgvbZJaSNaRk+bshkj0S5cfHcgYakreBjrHwatXKbz+IoIdYLxrKim2MjW0Q=="
  "resolved" "https://registry.npmjs.org/asynckit/-/asynckit-0.4.0.tgz"
  "version" "0.4.0"

"bn.js@^5.2.1":
  "integrity" "sha512-eXRvHzWyYPBuB4NBy0cmYQjGitUrtqwbvlzP3G6VFnNRbsZQIxQ10PbKKHt8gZ/HW/D/747aDl+QkDqg3KQLMQ=="
  "resolved" "https://registry.npmjs.org/bn.js/-/bn.js-5.2.1.tgz"
  "version" "5.2.1"

"bufferutil@^4.0.1":
  "integrity" "sha512-kukuqc39WOHtdxtw4UScxF/WVnMFVSQVKhtx3AjZJzhd0RGZZldcrfSEbVsWWe6KNH253574cq5F+wpv0G9pJw=="
  "resolved" "https://registry.npmjs.org/bufferutil/-/bufferutil-4.0.7.tgz"
  "version" "4.0.7"
  dependencies:
    "node-gyp-build" "^4.3.0"

"combined-stream@^1.0.8":
  "integrity" "sha512-FQN4MRfuJeHf7cBbBMJFXhKSDq+2kAArBlmRBvcvFE5BB1HZKXtSFASDhdlz9zOYwxh8lDdnvmMOe/+5cdoEdg=="
  "resolved" "https://registry.npmjs.org/combined-stream/-/combined-stream-1.0.8.tgz"
  "version" "1.0.8"
  dependencies:
    "delayed-stream" "~1.0.0"

"create-require@^1.1.0":
  "integrity" "sha512-dcKFX3jn0MpIaXjisoRvexIJVEKzaq7z2rZKxf+MSr9TkdmHmsU4m2lcLojrj/FHl8mk5VxMmYA+ftRkP/3oKQ=="
  "resolved" "https://registry.npmjs.org/create-require/-/create-require-1.1.1.tgz"
  "version" "1.1.1"

"d@^1.0.1", "d@1":
  "integrity" "sha512-m62ShEObQ39CfralilEQRjH6oAMtNCV1xJyEx5LpRYUVN+EviphDgUc/F3hnYbADmkiNs67Y+3ylmlG7Lnu+FA=="
  "resolved" "https://registry.npmjs.org/d/-/d-1.0.1.tgz"
  "version" "1.0.1"
  dependencies:
    "es5-ext" "^0.10.50"
    "type" "^1.0.1"

"data-uri-to-buffer@^4.0.0":
  "integrity" "sha512-0R9ikRb668HB7QDxT1vkpuUBtqc53YyAwMwGeUFKRojY/NWKvdZ+9UYtRfGmhqNbRkTSVpMbmyhXipFFv2cb/A=="
  "resolved" "https://registry.npmjs.org/data-uri-to-buffer/-/data-uri-to-buffer-4.0.1.tgz"
  "version" "4.0.1"

"debug@^2.2.0":
  "integrity" "sha512-bC7ElrdJaJnPbAP+1EotYvqZsb3ecl5wi6Bfi6BJTUcNowp6cvspg0jXznRTKDjm/E7AdgFBVeAPVMNcKGsHMA=="
  "resolved" "https://registry.npmjs.org/debug/-/debug-2.6.9.tgz"
  "version" "2.6.9"
  dependencies:
    "ms" "2.0.0"

"debug@^4.1.0":
  "integrity" "sha512-PRWFHuSU3eDtQJPvnNY7Jcket1j0t5OuOsFzPPzsekD52Zl8qUfFIPEiswXqIvHWGVHOgX+7G/vCNNhehwxfkQ=="
  "resolved" "https://registry.npmjs.org/debug/-/debug-4.3.4.tgz"
  "version" "4.3.4"
  dependencies:
    "ms" "2.1.2"

"delayed-stream@~1.0.0":
  "integrity" "sha512-ZySD7Nf91aLB0RxL4KGrKHBXl7Eds1DAmEdcoVawXnLD7SDhpNgtuII2aAkg7a7QS41jxPSZ17p4VdGnMHk3MQ=="
  "resolved" "https://registry.npmjs.org/delayed-stream/-/delayed-stream-1.0.0.tgz"
  "version" "1.0.0"

"diff@^4.0.1":
  "integrity" "sha512-58lmxKSA4BNyLz+HHMUzlOEpg09FV+ev6ZMe3vJihgdxzgcwZ8VoEEPmALCZG9LmqfVoNMMKpttIYTVG6uDY7A=="
  "resolved" "https://registry.npmjs.org/diff/-/diff-4.0.2.tgz"
  "version" "4.0.2"

"ed2curve@^0.3.0":
  "integrity" "sha512-8w2fmmq3hv9rCrcI7g9hms2pMunQr1JINfcjwR9tAyZqhtyaMN991lF/ZfHfr5tzZQ8c7y7aBgZbjfbd0fjFwQ=="
  "resolved" "https://registry.npmjs.org/ed2curve/-/ed2curve-0.3.0.tgz"
  "version" "0.3.0"
  dependencies:
    "tweetnacl" "1.x.x"

"es5-ext@^0.10.35", "es5-ext@^0.10.50":
  "integrity" "sha512-BHLqn0klhEpnOKSrzn/Xsz2UIW8j+cGmo9JLzr8BiUapV8hPL9+FliFqjwr9ngW7jWdnxv6eO+/LqyhJVqgrjA=="
  "resolved" "https://registry.npmjs.org/es5-ext/-/es5-ext-0.10.62.tgz"
  "version" "0.10.62"
  dependencies:
    "es6-iterator" "^2.0.3"
    "es6-symbol" "^3.1.3"
    "next-tick" "^1.1.0"

"es6-iterator@^2.0.3":
  "integrity" "sha512-zw4SRzoUkd+cl+ZoE15A9o1oQd920Bb0iOJMQkQhl3jNc03YqVjAhG7scf9C5KWRU/R13Orf588uCC6525o02g=="
  "resolved" "https://registry.npmjs.org/es6-iterator/-/es6-iterator-2.0.3.tgz"
  "version" "2.0.3"
  dependencies:
    "d" "1"
    "es5-ext" "^0.10.35"
    "es6-symbol" "^3.1.1"

"es6-symbol@^3.1.1", "es6-symbol@^3.1.3":
  "integrity" "sha512-NJ6Yn3FuDinBaBRWl/q5X/s4koRHBrgKAu+yGI6JCBeiu3qrcbJhwT2GeR/EXVfylRk8dpQVJoLEFhK+Mu31NA=="
  "resolved" "https://registry.npmjs.org/es6-symbol/-/es6-symbol-3.1.3.tgz"
  "version" "3.1.3"
  dependencies:
    "d" "^1.0.1"
    "ext" "^1.1.2"

"eventemitter3@^4.0.7":
  "integrity" "sha512-8guHBZCwKnFhYdHr2ysuRWErTwhoN2X8XELRlrRwpmfeY2jjuUN4taQMsULKUVo1K4DvZl+0pgfyoysHxvmvEw=="
  "resolved" "https://registry.npmjs.org/eventemitter3/-/eventemitter3-4.0.7.tgz"
  "version" "4.0.7"

"eventemitter3@^5.0.0":
  "integrity" "sha512-riuVbElZZNXLeLEoprfNYoDSwTBRR44X3mnhdI1YcnENpWTCsTTVZ2zFuqQcpoyqPQIUXdiPEU0ECAq0KQRaHg=="
  "resolved" "https://registry.npmjs.org/eventemitter3/-/eventemitter3-5.0.0.tgz"
  "version" "5.0.0"

"ext@^1.1.2":
  "integrity" "sha512-6hxeJYaL110a9b5TEJSj0gojyHQAmA2ch5Os+ySCiA1QGdS697XWY1pzsrSjqA9LDEEgdB/KypIlR59RcLuHYw=="
  "resolved" "https://registry.npmjs.org/ext/-/ext-1.7.0.tgz"
  "version" "1.7.0"
  dependencies:
    "type" "^2.7.2"

"fetch-blob@^3.1.2", "fetch-blob@^3.1.4":
  "integrity" "sha512-7yAQpD2UMJzLi1Dqv7qFYnPbaPx7ZfFK6PiIxQ4PfkGPyNyl2Ugx+a/umUonmKqjhM4DnfbMvdX6otXq83soQQ=="
  "resolved" "https://registry.npmjs.org/fetch-blob/-/fetch-blob-3.2.0.tgz"
  "version" "3.2.0"
  dependencies:
    "node-domexception" "^1.0.0"
    "web-streams-polyfill" "^3.0.3"

"form-data@^3.0.0":
  "integrity" "sha512-RHkBKtLWUVwd7SqRIvCZMEvAMoGUp0XU+seQiZejj0COz3RI3hWP4sCv3gZWWLjJTd7rGwcsF5eKZGii0r/hbg=="
  "resolved" "https://registry.npmjs.org/form-data/-/form-data-3.0.1.tgz"
  "version" "3.0.1"
  dependencies:
    "asynckit" "^0.4.0"
    "combined-stream" "^1.0.8"
    "mime-types" "^2.1.12"

"formdata-polyfill@^4.0.10":
  "integrity" "sha512-buewHzMvYL29jdeQTVILecSaZKnt/RJWjoZCF5OW60Z67/GmSLBkOFM7qh1PI3zFNtJbaZL5eQu1vLfazOwj4g=="
  "resolved" "https://registry.npmjs.org/formdata-polyfill/-/formdata-polyfill-4.0.10.tgz"
  "version" "4.0.10"
  dependencies:
    "fetch-blob" "^3.1.2"

"is-typedarray@^1.0.0":
  "integrity" "sha512-cyA56iCMHAh5CdzjJIa4aohJyeO1YbwLi3Jc35MmRU6poroFjIGZzUzupGiRPOjgHg9TLu43xbpwXk523fMxKA=="
  "resolved" "https://registry.npmjs.org/is-typedarray/-/is-typedarray-1.0.0.tgz"
  "version" "1.0.0"

"json-stringify-safe@^5.0.1":
  "integrity" "sha512-ZClg6AaYvamvYEE82d3Iyd3vSSIjQ+odgjaTzRuO3s7toCdFKczob2i0zCh7JE8kWn17yvAWhUVxvqGwUalsRA=="
  "resolved" "https://registry.npmjs.org/json-stringify-safe/-/json-stringify-safe-5.0.1.tgz"
  "version" "5.0.1"

"lodash@^4.17.21":
  "integrity" "sha512-v2kDEe57lecTulaDIuNTPy3Ry4gLGJ6Z1O3vE1krgXZNrsQ+LFTGHVxVjcXPs17LhbZVGedAJv8XZ1tvj5FvSg=="
  "resolved" "https://registry.npmjs.org/lodash/-/lodash-4.17.21.tgz"
  "version" "4.17.21"

"make-error@^1.1.1":
  "integrity" "sha512-s8UhlNe7vPKomQhC1qFelMokr/Sc3AgNbso3n74mVPA5LTZwkB9NlXf4XPamLxJE8h0gh73rM94xvwRT2CVInw=="
  "resolved" "https://registry.npmjs.org/make-error/-/make-error-1.3.6.tgz"
  "version" "1.3.6"

"mime-db@1.52.0":
  "integrity" "sha512-sPU4uV7dYlvtWJxwwxHD0PuihVNiE7TyAbQ5SWxDCB9mUYvOgroQOwYQQOKPJ8CIbE+1ETVlOoK1UC2nU3gYvg=="
  "resolved" "https://registry.npmjs.org/mime-db/-/mime-db-1.52.0.tgz"
  "version" "1.52.0"

"mime-types@^2.1.12":
  "integrity" "sha512-ZDY+bPm5zTTF+YpCrAU9nK0UgICYPT0QtT1NZWFv4s++TNkcgVaT0g6+4R2uI4MjQjzysHB1zxuWL50hzaeXiw=="
  "resolved" "https://registry.npmjs.org/mime-types/-/mime-types-2.1.35.tgz"
  "version" "2.1.35"
  dependencies:
    "mime-db" "1.52.0"

"mock-socket@^9.2.1":
  "integrity" "sha512-aw9F9T9G2zpGipLLhSNh6ZpgUyUl4frcVmRN08uE1NWPWg43Wx6+sGPDbQ7E5iFZZDJW5b5bypMeAEHqTbIFag=="
  "resolved" "https://registry.npmjs.org/mock-socket/-/mock-socket-9.2.1.tgz"
  "version" "9.2.1"

"ms@2.0.0":
  "integrity" "sha512-Tpp60P6IUJDTuOq/5Z8cdskzJujfwqfOTkrwIwj7IRISpnkJnT6SyJ4PCPnGMoFjC9ddhal5KVIYtAt97ix05A=="
  "resolved" "https://registry.npmjs.org/ms/-/ms-2.0.0.tgz"
  "version" "2.0.0"

"ms@2.1.2":
  "integrity" "sha512-sGkPx+VjMtmA6MX27oA4FBFELFCZZ4S4XqeGOXCv68tT+jb3vk/RyaKWP0PTKyWtmLSM0b+adUTEvbs1PEaH2w=="
  "resolved" "https://registry.npmjs.org/ms/-/ms-2.1.2.tgz"
  "version" "2.1.2"

"next-tick@^1.1.0":
  "integrity" "sha512-CXdUiJembsNjuToQvxayPZF9Vqht7hewsvy2sOWafLvi2awflj9mOC6bHIg50orX8IJvWKY9wYQ/zB2kogPslQ=="
  "resolved" "https://registry.npmjs.org/next-tick/-/next-tick-1.1.0.tgz"
  "version" "1.1.0"

"nock@^13.3.0":
  "integrity" "sha512-HHqYQ6mBeiMc+N038w8LkMpDCRquCHWeNmN3v6645P3NhN2+qXOBqvPqo7Rt1VyCMzKhJ733wZqw5B7cQVFNPg=="
  "resolved" "https://registry.npmjs.org/nock/-/nock-13.3.0.tgz"
  "version" "13.3.0"
  dependencies:
    "debug" "^4.1.0"
    "json-stringify-safe" "^5.0.1"
    "lodash" "^4.17.21"
    "propagate" "^2.0.0"

"node-domexception@^1.0.0":
  "integrity" "sha512-/jKZoMpw0F8GRwl4/eLROPA3cfcXtLApP0QzLmUT/HuPCZWyB7IY9ZrMeKw2O/nFIqPQB3PVM9aYm0F312AXDQ=="
  "resolved" "https://registry.npmjs.org/node-domexception/-/node-domexception-1.0.0.tgz"
  "version" "1.0.0"

"node-fetch@^3.3.0":
  "integrity" "sha512-BKwRP/O0UvoMKp7GNdwPlObhYGB5DQqwhEDQlNKuoqwVYSxkSZCSbHjnFFmUEtwSKRPU4kNK8PbDYYitwaE3QA=="
  "resolved" "https://registry.npmjs.org/node-fetch/-/node-fetch-3.3.0.tgz"
  "version" "3.3.0"
  dependencies:
    "data-uri-to-buffer" "^4.0.0"
    "fetch-blob" "^3.1.4"
    "formdata-polyfill" "^4.0.10"

"node-gyp-build@^4.3.0":
  "integrity" "sha512-NTZVKn9IylLwUzaKjkas1e4u2DLNcV4rdYagA4PWdPwW87Bi7z+BznyKSRwS/761tV/lzCGXplWsiaMjLqP2zQ=="
  "resolved" "https://registry.npmjs.org/node-gyp-build/-/node-gyp-build-4.6.0.tgz"
  "version" "4.6.0"

"pako@^2.0.4":
  "integrity" "sha512-w+eufiZ1WuJYgPXbV/PO3NCMEc3xqylkKHzp8bxp1uW4qaSNQUkwmLLEc3kKsfz8lpV1F8Ht3U1Cm+9Srog2ug=="
  "resolved" "https://registry.npmjs.org/pako/-/pako-2.1.0.tgz"
  "version" "2.1.0"

"propagate@^2.0.0":
  "integrity" "sha512-vGrhOavPSTz4QVNuBNdcNXePNdNMaO1xj9yBeH1ScQPjk/rhg9sSlCXPhMkFuaNNW/syTvYqsnbIJxMBfRbbag=="
  "resolved" "https://registry.npmjs.org/propagate/-/propagate-2.0.1.tgz"
  "version" "2.0.1"

"regenerator-runtime@^0.13.11":
  "integrity" "sha512-kY1AZVr2Ra+t+piVaJ4gxaFaReZVH40AKNo7UCX6W+dEwBo/2oZJzqfuN1qLq1oL45o56cPaTXELwrTh8Fpggg=="
  "resolved" "https://registry.npmjs.org/regenerator-runtime/-/regenerator-runtime-0.13.11.tgz"
  "version" "0.13.11"

"rxjs@^7.8.0":
  "integrity" "sha512-F2+gxDshqmIub1KdvZkaEfGDwLNpPvk9Fs6LD/MyQxNgMds/WH9OdDDXOmxUZpME+iSK3rQCctkL0DYyytUqMg=="
  "resolved" "https://registry.npmjs.org/rxjs/-/rxjs-7.8.0.tgz"
  "version" "7.8.0"
  dependencies:
    "tslib" "^2.1.0"

"ts-node@^10.9.1":
  "integrity" "sha512-NtVysVPkxxrwFGUUxGYhfux8k78pQB3JqYBXlLRZgdGUqTO5wU/UyHop5p70iEbGhB7q5KmiZiU0Y3KlJrScEw=="
  "resolved" "https://registry.npmjs.org/ts-node/-/ts-node-10.9.1.tgz"
  "version" "10.9.1"
  dependencies:
    "@cspotcode/source-map-support" "^0.8.0"
    "@tsconfig/node10" "^1.0.7"
    "@tsconfig/node12" "^1.0.7"
    "@tsconfig/node14" "^1.0.0"
    "@tsconfig/node16" "^1.0.2"
    "acorn" "^8.4.1"
    "acorn-walk" "^8.1.1"
    "arg" "^4.1.0"
    "create-require" "^1.1.0"
    "diff" "^4.0.1"
    "make-error" "^1.1.1"
    "v8-compile-cache-lib" "^3.0.1"
    "yn" "3.1.1"

"tslib@^2.1.0":
  "integrity" "sha512-336iVw3rtn2BUK7ORdIAHTyxHGRIHVReokCR3XjbckJMK7ms8FysBfhLR8IXnAgy7T0PTPNBWKiH514FOW/WSg=="
  "resolved" "https://registry.npmjs.org/tslib/-/tslib-2.5.0.tgz"
  "version" "2.5.0"

"tweetnacl@^1.0.3", "tweetnacl@1.x.x":
  "integrity" "sha512-6rt+RN7aOi1nGMyC4Xa5DdYiukl2UWCbcJft7YhxReBGQD7OAM8Pbxw6YMo4r2diNEA8FEmu32YOn9rhaiE5yw=="
  "resolved" "https://registry.npmjs.org/tweetnacl/-/tweetnacl-1.0.3.tgz"
  "version" "1.0.3"

"type@^1.0.1":
  "integrity" "sha512-+5nt5AAniqsCnu2cEQQdpzCAh33kVx8n0VoFidKpB1dVVLAN/F+bgVOqOJqOnEnrhp222clB5p3vUlD+1QAnfg=="
  "resolved" "https://registry.npmjs.org/type/-/type-1.2.0.tgz"
  "version" "1.2.0"

"type@^2.7.2":
  "integrity" "sha512-dzlvlNlt6AXU7EBSfpAscydQ7gXB+pPGsPnfJnZpiNJBDj7IaJzQlBZYGdEi4R9HmPdBv2XmWJ6YUtoTa7lmCw=="
  "resolved" "https://registry.npmjs.org/type/-/type-2.7.2.tgz"
  "version" "2.7.2"

"typedarray-to-buffer@^3.1.5":
  "integrity" "sha512-zdu8XMNEDepKKR+XYOXAVPtWui0ly0NtohUscw+UmaHiAWT8hrV1rr//H6V+0DvJ3OQ19S979M0laLfX8rm82Q=="
  "resolved" "https://registry.npmjs.org/typedarray-to-buffer/-/typedarray-to-buffer-3.1.5.tgz"
  "version" "3.1.5"
  dependencies:
    "is-typedarray" "^1.0.0"

"typescript@*", "typescript@^4.9.5", "typescript@>=2.7":
  "integrity" "sha512-1FXk9E2Hm+QzZQ7z+McJiHL4NW1F2EzMu9Nq9i3zAaGqibafqYwCVU6WyWAuyQRRzOlxou8xZSyXLEN8oKj24g=="
  "resolved" "https://registry.npmjs.org/typescript/-/typescript-4.9.5.tgz"
  "version" "4.9.5"

"utf-8-validate@^5.0.2", "utf-8-validate@>=5.0.2":
  "integrity" "sha512-Z6czzLq4u8fPOyx7TU6X3dvUZVvoJmxSQ+IcrlmagKhilxlhZgxPK6C5Jqbkw1IDUmFTM+cz9QDnnLTwDz/2gQ=="
  "resolved" "https://registry.npmjs.org/utf-8-validate/-/utf-8-validate-5.0.10.tgz"
  "version" "5.0.10"
  dependencies:
    "node-gyp-build" "^4.3.0"

"v8-compile-cache-lib@^3.0.1":
  "integrity" "sha512-wa7YjyUGfNZngI/vtK0UHAN+lgDCxBPCylVXGp0zu59Fz5aiGtNXaq3DhIov063MorB+VfufLh3JlF2KdTK3xg=="
  "resolved" "https://registry.npmjs.org/v8-compile-cache-lib/-/v8-compile-cache-lib-3.0.1.tgz"
  "version" "3.0.1"

"web-streams-polyfill@^3.0.3":
  "integrity" "sha512-e0MO3wdXWKrLbL0DgGnUV7WHVuw9OUvL4hjgnPkIeEvESk74gAITi5G606JtZPp39cd8HA9VQzCIvA49LpPN5Q=="
  "resolved" "https://registry.npmjs.org/web-streams-polyfill/-/web-streams-polyfill-3.2.1.tgz"
  "version" "3.2.1"

"websocket@^1.0.34":
  "integrity" "sha512-PRDso2sGwF6kM75QykIesBijKSVceR6jL2G8NGYyq2XrItNC2P5/qL5XeR056GhA+Ly7JMFvJb9I312mJfmqnQ=="
  "resolved" "https://registry.npmjs.org/websocket/-/websocket-1.0.34.tgz"
  "version" "1.0.34"
  dependencies:
    "bufferutil" "^4.0.1"
    "debug" "^2.2.0"
    "es5-ext" "^0.10.50"
    "typedarray-to-buffer" "^3.1.5"
    "utf-8-validate" "^5.0.2"
    "yaeti" "^0.0.6"

"ws@^8.8.1":
  "integrity" "sha512-1qo+M9Ba+xNhPB+YTWUlK6M17brTut5EXbcBaMRN5pH5dFrXz7lzz1ChFSUq3bOUl8yEvSenhHmYUNJxFzdJew=="
  "resolved" "https://registry.npmjs.org/ws/-/ws-8.12.1.tgz"
  "version" "8.12.1"

"yaeti@^0.0.6":
  "integrity" "sha512-MvQa//+KcZCUkBTIC9blM+CU9J2GzuTytsOUwf2lidtvkx/6gnEp1QvJv34t9vdjhFmha/mUiNDbN0D0mJWdug=="
  "resolved" "https://registry.npmjs.org/yaeti/-/yaeti-0.0.6.tgz"
  "version" "0.0.6"

"yn@3.1.1":
  "integrity" "sha512-Ux4ygGWsu2c7isFWe8Yu1YluJmqVhxqK2cLXNQA5AcC3QfbGNpM7fu0Y8b/z16pXLnFxZYvWhd3fhBY9DLmC6Q=="
  "resolved" "https://registry.npmjs.org/yn/-/yn-3.1.1.tgz"
  "version" "3.1.1"
