# THIS IS AN AUTOGENERATED FILE. DO NOT EDIT THIS FILE DIRECTLY.
# yarn lockfile v1


"@babel/runtime@^7.20.13", "@babel/runtime@^7.20.6":
  version "7.21.0"
  resolved "https://registry.yarnpkg.com/@babel/runtime/-/runtime-7.21.0.tgz#5b55c9d394e5fcf304909a8b00c07dc217b56673"
  integrity sha512-xwII0//EObnq89Ji5AKYQaRYiW/nZ3llSv29d49IuxPhKbtJoLP+9QUUZ4nVragQVtaVGeZrpB+ZtG/Pdy/POw==
  dependencies:
    regenerator-runtime "^0.13.11"

"@noble/hashes@1.2.0":
  version "1.2.0"
  resolved "https://registry.yarnpkg.com/@noble/hashes/-/hashes-1.2.0.tgz#a3150eeb09cc7ab207ebf6d7b9ad311a9bdbed12"
  integrity sha512-FZfhjEDbT5GRswV3C6uvLPHMiVD6lQBmpoX5+eSiPaMTXte/IKqI5dykDxzZB/WBeK/CDuQRBWarPdi3FNY2zQ==

"@noble/secp256k1@1.7.1":
  version "1.7.1"
  resolved "https://registry.yarnpkg.com/@noble/secp256k1/-/secp256k1-1.7.1.tgz#b251c70f824ce3ca7f8dc3df08d58f005cc0507c"
  integrity sha512-hOUk6AyBFmqVrv7k5WAw/LpszxVbj9gGN4JRkIX52fdFAj1UA61KXmZDvqVEm+pOyec3+fIeZB02LYa/pWOArw==

"@polkadot/api-augment@9.14.2":
  version "9.14.2"
  resolved "https://registry.yarnpkg.com/@polkadot/api-augment/-/api-augment-9.14.2.tgz#2c49cdcfdf7057523db1dc8d7b0801391a8a2e69"
  integrity sha512-19MmW8AHEcLkdcUIo3LLk0eCQgREWqNSxkUyOeWn7UiNMY1AhDOOwMStUBNCvrIDK6VL6GGc1sY7rkPCLMuKSw==
  dependencies:
    "@babel/runtime" "^7.20.13"
    "@polkadot/api-base" "9.14.2"
    "@polkadot/rpc-augment" "9.14.2"
    "@polkadot/types" "9.14.2"
    "@polkadot/types-augment" "9.14.2"
    "@polkadot/types-codec" "9.14.2"
    "@polkadot/util" "^10.4.2"

"@polkadot/api-base@9.14.2":
  version "9.14.2"
  resolved "https://registry.yarnpkg.com/@polkadot/api-base/-/api-base-9.14.2.tgz#605b44e3692a125bd8d97eed9cea8af9d0c454e2"
  integrity sha512-ky9fmzG1Tnrjr/SBZ0aBB21l0TFr+CIyQenQczoUyVgiuxVaI/2Bp6R2SFrHhG28P+PW2/RcYhn2oIAR2Z2fZQ==
  dependencies:
    "@babel/runtime" "^7.20.13"
    "@polkadot/rpc-core" "9.14.2"
    "@polkadot/types" "9.14.2"
    "@polkadot/util" "^10.4.2"
    rxjs "^7.8.0"

"@polkadot/api-derive@9.14.2":
  version "9.14.2"
  resolved "https://registry.yarnpkg.com/@polkadot/api-derive/-/api-derive-9.14.2.tgz#e8fcd4ee3f2b80b9fe34d4dec96169c3bdb4214d"
  integrity sha512-yw9OXucmeggmFqBTMgza0uZwhNjPxS7MaT7lSCUIRKckl1GejdV+qMhL3XFxPFeYzXwzFpdPG11zWf+qJlalqw==
  dependencies:
    "@babel/runtime" "^7.20.13"
    "@polkadot/api" "9.14.2"
    "@polkadot/api-augment" "9.14.2"
    "@polkadot/api-base" "9.14.2"
    "@polkadot/rpc-core" "9.14.2"
    "@polkadot/types" "9.14.2"
    "@polkadot/types-codec" "9.14.2"
    "@polkadot/util" "^10.4.2"
    "@polkadot/util-crypto" "^10.4.2"
    rxjs "^7.8.0"

"@polkadot/api@9.14.2", "@polkadot/api@^9.2.4":
  version "9.14.2"
  resolved "https://registry.yarnpkg.com/@polkadot/api/-/api-9.14.2.tgz#d5cee02236654c6063d7c4b70c78c290db5aba8d"
  integrity sha512-R3eYFj2JgY1zRb+OCYQxNlJXCs2FA+AU4uIEiVcXnVLmR3M55tkRNEwYAZmiFxx0pQmegGgPMc33q7TWGdw24A==
  dependencies:
    "@babel/runtime" "^7.20.13"
    "@polkadot/api-augment" "9.14.2"
    "@polkadot/api-base" "9.14.2"
    "@polkadot/api-derive" "9.14.2"
    "@polkadot/keyring" "^10.4.2"
    "@polkadot/rpc-augment" "9.14.2"
    "@polkadot/rpc-core" "9.14.2"
    "@polkadot/rpc-provider" "9.14.2"
    "@polkadot/types" "9.14.2"
    "@polkadot/types-augment" "9.14.2"
    "@polkadot/types-codec" "9.14.2"
    "@polkadot/types-create" "9.14.2"
    "@polkadot/types-known" "9.14.2"
    "@polkadot/util" "^10.4.2"
    "@polkadot/util-crypto" "^10.4.2"
    eventemitter3 "^5.0.0"
    rxjs "^7.8.0"

"@polkadot/keyring@^10.4.2":
  version "10.4.2"
  resolved "https://registry.yarnpkg.com/@polkadot/keyring/-/keyring-10.4.2.tgz#793377fdb9076df0af771df11388faa6be03c70d"
  integrity sha512-7iHhJuXaHrRTG6cJDbZE9G+c1ts1dujp0qbO4RfAPmT7YUvphHvAtCKueN9UKPz5+TYDL+rP/jDEaSKU8jl/qQ==
  dependencies:
    "@babel/runtime" "^7.20.13"
    "@polkadot/util" "10.4.2"
    "@polkadot/util-crypto" "10.4.2"

"@polkadot/networks@10.4.2", "@polkadot/networks@^10.4.2":
  version "10.4.2"
  resolved "https://registry.yarnpkg.com/@polkadot/networks/-/networks-10.4.2.tgz#d7878c6aad8173c800a21140bfe5459261724456"
  integrity sha512-FAh/znrEvWBiA/LbcT5GXHsCFUl//y9KqxLghSr/CreAmAergiJNT0MVUezC7Y36nkATgmsr4ylFwIxhVtuuCw==
  dependencies:
    "@babel/runtime" "^7.20.13"
    "@polkadot/util" "10.4.2"
    "@substrate/ss58-registry" "^1.38.0"

"@polkadot/rpc-augment@9.14.2":
  version "9.14.2"
  resolved "https://registry.yarnpkg.com/@polkadot/rpc-augment/-/rpc-augment-9.14.2.tgz#eb70d5511463dab8d995faeb77d4edfe4952fe26"
  integrity sha512-mOubRm3qbKZTbP9H01XRrfTk7k5it9WyzaWAg72DJBQBYdgPUUkGSgpPD/Srkk5/5GAQTWVWL1I2UIBKJ4TJjQ==
  dependencies:
    "@babel/runtime" "^7.20.13"
    "@polkadot/rpc-core" "9.14.2"
    "@polkadot/types" "9.14.2"
    "@polkadot/types-codec" "9.14.2"
    "@polkadot/util" "^10.4.2"

"@polkadot/rpc-core@9.14.2":
  version "9.14.2"
  resolved "https://registry.yarnpkg.com/@polkadot/rpc-core/-/rpc-core-9.14.2.tgz#26d4f00ac7abbf880f8280e9b96235880d35794b"
  integrity sha512-krA/mtQ5t9nUQEsEVC1sjkttLuzN6z6gyJxK2IlpMS3S5ncy/R6w4FOpy+Q0H18Dn83JBo0p7ZtY7Y6XkK48Kw==
  dependencies:
    "@babel/runtime" "^7.20.13"
    "@polkadot/rpc-augment" "9.14.2"
    "@polkadot/rpc-provider" "9.14.2"
    "@polkadot/types" "9.14.2"
    "@polkadot/util" "^10.4.2"
    rxjs "^7.8.0"

"@polkadot/rpc-provider@9.14.2":
  version "9.14.2"
  resolved "https://registry.yarnpkg.com/@polkadot/rpc-provider/-/rpc-provider-9.14.2.tgz#0dea667f3a03bf530f202cba5cd360df19b32e30"
  integrity sha512-YTSywjD5PF01V47Ru5tln2LlpUwJiSOdz6rlJXPpMaY53hUp7+xMU01FVAQ1bllSBNisSD1Msv/mYHq84Oai2g==
  dependencies:
    "@babel/runtime" "^7.20.13"
    "@polkadot/keyring" "^10.4.2"
    "@polkadot/types" "9.14.2"
    "@polkadot/types-support" "9.14.2"
    "@polkadot/util" "^10.4.2"
    "@polkadot/util-crypto" "^10.4.2"
    "@polkadot/x-fetch" "^10.4.2"
    "@polkadot/x-global" "^10.4.2"
    "@polkadot/x-ws" "^10.4.2"
    eventemitter3 "^5.0.0"
    mock-socket "^9.2.1"
    nock "^13.3.0"
  optionalDependencies:
    "@substrate/connect" "0.7.19"

"@polkadot/types-augment@9.14.2":
  version "9.14.2"
  resolved "https://registry.yarnpkg.com/@polkadot/types-augment/-/types-augment-9.14.2.tgz#1a478e18e713b04038f3e171287ee5abe908f0aa"
  integrity sha512-WO9d7RJufUeY3iFgt2Wz762kOu1tjEiGBR5TT4AHtpEchVHUeosVTrN9eycC+BhleqYu52CocKz6u3qCT/jKLg==
  dependencies:
    "@babel/runtime" "^7.20.13"
    "@polkadot/types" "9.14.2"
    "@polkadot/types-codec" "9.14.2"
    "@polkadot/util" "^10.4.2"

"@polkadot/types-codec@9.14.2":
  version "9.14.2"
  resolved "https://registry.yarnpkg.com/@polkadot/types-codec/-/types-codec-9.14.2.tgz#d625c80495d7a68237b3d5c0a60ff10d206131fa"
  integrity sha512-AJ4XF7W1no4PENLBRU955V6gDxJw0h++EN3YoDgThozZ0sj3OxyFupKgNBZcZb2V23H8JxQozzIad8k+nJbO1w==
  dependencies:
    "@babel/runtime" "^7.20.13"
    "@polkadot/util" "^10.4.2"
    "@polkadot/x-bigint" "^10.4.2"

"@polkadot/types-create@9.14.2":
  version "9.14.2"
  resolved "https://registry.yarnpkg.com/@polkadot/types-create/-/types-create-9.14.2.tgz#aec515a2d3bc7e7b7802095cdd35ece48dc442bc"
  integrity sha512-nSnKpBierlmGBQT8r6/SHf6uamBIzk4WmdMsAsR4uJKJF1PtbIqx2W5PY91xWSiMSNMzjkbCppHkwaDAMwLGaw==
  dependencies:
    "@babel/runtime" "^7.20.13"
    "@polkadot/types-codec" "9.14.2"
    "@polkadot/util" "^10.4.2"

"@polkadot/types-known@9.14.2":
  version "9.14.2"
  resolved "https://registry.yarnpkg.com/@polkadot/types-known/-/types-known-9.14.2.tgz#17fe5034a5b907bd006093a687f112b07edadf10"
  integrity sha512-iM8WOCgguzJ3TLMqlm4K1gKQEwWm2zxEKT1HZZ1irs/lAbBk9MquDWDvebryiw3XsLB8xgrp3RTIBn2Q4FjB2A==
  dependencies:
    "@babel/runtime" "^7.20.13"
    "@polkadot/networks" "^10.4.2"
    "@polkadot/types" "9.14.2"
    "@polkadot/types-codec" "9.14.2"
    "@polkadot/types-create" "9.14.2"
    "@polkadot/util" "^10.4.2"

"@polkadot/types-support@9.14.2":
  version "9.14.2"
  resolved "https://registry.yarnpkg.com/@polkadot/types-support/-/types-support-9.14.2.tgz#d25e8d4e5ec3deef914cb55fc8bc5448431ddd18"
  integrity sha512-VWCOPgXDK3XtXT7wMLyIWeNDZxUbNcw/8Pn6n6vMogs7o/n4h6WGbGMeTIQhPWyn831/RmkVs5+2DUC+2LlOhw==
  dependencies:
    "@babel/runtime" "^7.20.13"
    "@polkadot/util" "^10.4.2"

"@polkadot/types@9.14.2":
  version "9.14.2"
  resolved "https://registry.yarnpkg.com/@polkadot/types/-/types-9.14.2.tgz#5105f41eb9e8ea29938188d21497cbf1753268b8"
  integrity sha512-hGLddTiJbvowhhUZJ3k+olmmBc1KAjWIQxujIUIYASih8FQ3/YJDKxaofGOzh0VygOKW3jxQBN2VZPofyDP9KQ==
  dependencies:
    "@babel/runtime" "^7.20.13"
    "@polkadot/keyring" "^10.4.2"
    "@polkadot/types-augment" "9.14.2"
    "@polkadot/types-codec" "9.14.2"
    "@polkadot/types-create" "9.14.2"
    "@polkadot/util" "^10.4.2"
    "@polkadot/util-crypto" "^10.4.2"
    rxjs "^7.8.0"

"@polkadot/util-crypto@10.4.2", "@polkadot/util-crypto@^10.4.2":
  version "10.4.2"
  resolved "https://registry.yarnpkg.com/@polkadot/util-crypto/-/util-crypto-10.4.2.tgz#871fb69c65768bd48c57bb5c1f76a85d979fb8b5"
  integrity sha512-RxZvF7C4+EF3fzQv8hZOLrYCBq5+wA+2LWv98nECkroChY3C2ZZvyWDqn8+aonNULt4dCVTWDZM0QIY6y4LUAQ==
  dependencies:
    "@babel/runtime" "^7.20.13"
    "@noble/hashes" "1.2.0"
    "@noble/secp256k1" "1.7.1"
    "@polkadot/networks" "10.4.2"
    "@polkadot/util" "10.4.2"
    "@polkadot/wasm-crypto" "^6.4.1"
    "@polkadot/x-bigint" "10.4.2"
    "@polkadot/x-randomvalues" "10.4.2"
    "@scure/base" "1.1.1"
    ed2curve "^0.3.0"
    tweetnacl "^1.0.3"

"@polkadot/util@10.4.2", "@polkadot/util@^10.4.2":
  version "10.4.2"
  resolved "https://registry.yarnpkg.com/@polkadot/util/-/util-10.4.2.tgz#df41805cb27f46b2b4dad24c371fa2a68761baa1"
  integrity sha512-0r5MGICYiaCdWnx+7Axlpvzisy/bi1wZGXgCSw5+ZTyPTOqvsYRqM2X879yxvMsGfibxzWqNzaiVjToz1jvUaA==
  dependencies:
    "@babel/runtime" "^7.20.13"
    "@polkadot/x-bigint" "10.4.2"
    "@polkadot/x-global" "10.4.2"
    "@polkadot/x-textdecoder" "10.4.2"
    "@polkadot/x-textencoder" "10.4.2"
    "@types/bn.js" "^5.1.1"
    bn.js "^5.2.1"

"@polkadot/wasm-bridge@6.4.1":
  version "6.4.1"
  resolved "https://registry.yarnpkg.com/@polkadot/wasm-bridge/-/wasm-bridge-6.4.1.tgz#e97915dd67ba543ec3381299c2a5b9330686e27e"
  integrity sha512-QZDvz6dsUlbYsaMV5biZgZWkYH9BC5AfhT0f0/knv8+LrbAoQdP3Asbvddw8vyU9sbpuCHXrd4bDLBwUCRfrBQ==
  dependencies:
    "@babel/runtime" "^7.20.6"

"@polkadot/wasm-crypto-asmjs@6.4.1":
  version "6.4.1"
  resolved "https://registry.yarnpkg.com/@polkadot/wasm-crypto-asmjs/-/wasm-crypto-asmjs-6.4.1.tgz#3cc76bbda5ea4a7a860982c64f9565907b312253"
  integrity sha512-UxZTwuBZlnODGIQdCsE2Sn/jU0O2xrNQ/TkhRFELfkZXEXTNu4lw6NpaKq7Iey4L+wKd8h4lT3VPVkMcPBLOvA==
  dependencies:
    "@babel/runtime" "^7.20.6"

"@polkadot/wasm-crypto-init@6.4.1":
  version "6.4.1"
  resolved "https://registry.yarnpkg.com/@polkadot/wasm-crypto-init/-/wasm-crypto-init-6.4.1.tgz#4d9ab0030db52cf177bf707ef8e77aa4ca721668"
  integrity sha512-1ALagSi/nfkyFaH6JDYfy/QbicVbSn99K8PV9rctDUfxc7P06R7CoqbjGQ4OMPX6w1WYVPU7B4jPHGLYBlVuMw==
  dependencies:
    "@babel/runtime" "^7.20.6"
    "@polkadot/wasm-bridge" "6.4.1"
    "@polkadot/wasm-crypto-asmjs" "6.4.1"
    "@polkadot/wasm-crypto-wasm" "6.4.1"

"@polkadot/wasm-crypto-wasm@6.4.1":
  version "6.4.1"
  resolved "https://registry.yarnpkg.com/@polkadot/wasm-crypto-wasm/-/wasm-crypto-wasm-6.4.1.tgz#97180f80583b18f6a13c1054fa5f7e8da40b1028"
  integrity sha512-3VV9ZGzh0ZY3SmkkSw+0TRXxIpiO0nB8lFwlRgcwaCihwrvLfRnH9GI8WE12mKsHVjWTEVR3ogzILJxccAUjDA==
  dependencies:
    "@babel/runtime" "^7.20.6"
    "@polkadot/wasm-util" "6.4.1"

"@polkadot/wasm-crypto@^6.4.1":
  version "6.4.1"
  resolved "https://registry.yarnpkg.com/@polkadot/wasm-crypto/-/wasm-crypto-6.4.1.tgz#79310e23ad1ca62362ba893db6a8567154c2536a"
  integrity sha512-FH+dcDPdhSLJvwL0pMLtn/LIPd62QDPODZRCmDyw+pFjLOMaRBc7raomWUOqyRWJTnqVf/iscc2rLVLNMyt7ag==
  dependencies:
    "@babel/runtime" "^7.20.6"
    "@polkadot/wasm-bridge" "6.4.1"
    "@polkadot/wasm-crypto-asmjs" "6.4.1"
    "@polkadot/wasm-crypto-init" "6.4.1"
    "@polkadot/wasm-crypto-wasm" "6.4.1"
    "@polkadot/wasm-util" "6.4.1"

"@polkadot/wasm-util@6.4.1":
  version "6.4.1"
  resolved "https://registry.yarnpkg.com/@polkadot/wasm-util/-/wasm-util-6.4.1.tgz#74aecc85bec427a9225d9874685944ea3dc3ab76"
  integrity sha512-Uwo+WpEsDmFExWC5kTNvsVhvqXMZEKf4gUHXFn4c6Xz4lmieRT5g+1bO1KJ21pl4msuIgdV3Bksfs/oiqMFqlw==
  dependencies:
    "@babel/runtime" "^7.20.6"

"@polkadot/x-bigint@10.4.2", "@polkadot/x-bigint@^10.4.2":
  version "10.4.2"
  resolved "https://registry.yarnpkg.com/@polkadot/x-bigint/-/x-bigint-10.4.2.tgz#7eb2ec732259df48b5a00f07879a1331e05606ec"
  integrity sha512-awRiox+/XSReLzimAU94fPldowiwnnMUkQJe8AebYhNocAj6SJU00GNoj6j6tAho6yleOwrTJXZaWFBaQVJQNg==
  dependencies:
    "@babel/runtime" "^7.20.13"
    "@polkadot/x-global" "10.4.2"

"@polkadot/x-fetch@^10.4.2":
  version "10.4.2"
  resolved "https://registry.yarnpkg.com/@polkadot/x-fetch/-/x-fetch-10.4.2.tgz#bc6ba70de71a252472fbe36180511ed920e05f05"
  integrity sha512-Ubb64yaM4qwhogNP+4mZ3ibRghEg5UuCYRMNaCFoPgNAY8tQXuDKrHzeks3+frlmeH9YRd89o8wXLtWouwZIcw==
  dependencies:
    "@babel/runtime" "^7.20.13"
    "@polkadot/x-global" "10.4.2"
    "@types/node-fetch" "^2.6.2"
    node-fetch "^3.3.0"

"@polkadot/x-global@10.4.2", "@polkadot/x-global@^10.4.2":
  version "10.4.2"
  resolved "https://registry.yarnpkg.com/@polkadot/x-global/-/x-global-10.4.2.tgz#5662366e3deda0b4c8f024b2d902fa838f9e60a4"
  integrity sha512-g6GXHD/ykZvHap3M6wh19dO70Zm43l4jEhlxf5LtTo5/0/UporFCXr2YJYZqfbn9JbQwl1AU+NroYio+vtJdiA==
  dependencies:
    "@babel/runtime" "^7.20.13"

"@polkadot/x-randomvalues@10.4.2":
  version "10.4.2"
  resolved "https://registry.yarnpkg.com/@polkadot/x-randomvalues/-/x-randomvalues-10.4.2.tgz#895f1220d5a4522a83d8d5014e3c1e03b129893e"
  integrity sha512-mf1Wbpe7pRZHO0V3V89isPLqZOy5XGX2bCqsfUWHgb1NvV1MMx5TjVjdaYyNlGTiOkAmJKlOHshcfPU2sYWpNg==
  dependencies:
    "@babel/runtime" "^7.20.13"
    "@polkadot/x-global" "10.4.2"

"@polkadot/x-textdecoder@10.4.2":
  version "10.4.2"
  resolved "https://registry.yarnpkg.com/@polkadot/x-textdecoder/-/x-textdecoder-10.4.2.tgz#93202f3e5ad0e7f75a3fa02d2b8a3343091b341b"
  integrity sha512-d3ADduOKUTU+cliz839+KCFmi23pxTlabH7qh7Vs1GZQvXOELWdqFOqakdiAjtMn68n1KVF4O14Y+OUm7gp/zA==
  dependencies:
    "@babel/runtime" "^7.20.13"
    "@polkadot/x-global" "10.4.2"

"@polkadot/x-textencoder@10.4.2":
  version "10.4.2"
  resolved "https://registry.yarnpkg.com/@polkadot/x-textencoder/-/x-textencoder-10.4.2.tgz#cd2e6c8a66b0b400a73f0164e99c510fb5c83501"
  integrity sha512-mxcQuA1exnyv74Kasl5vxBq01QwckG088lYjc3KwmND6+pPrW2OWagbxFX5VFoDLDAE+UJtnUHsjdWyOTDhpQA==
  dependencies:
    "@babel/runtime" "^7.20.13"
    "@polkadot/x-global" "10.4.2"

"@polkadot/x-ws@^10.4.2":
  version "10.4.2"
  resolved "https://registry.yarnpkg.com/@polkadot/x-ws/-/x-ws-10.4.2.tgz#4e9d88f37717570ccf942c6f4f63b06260f45025"
  integrity sha512-3gHSTXAWQu1EMcMVTF5QDKHhEHzKxhAArweEyDXE7VsgKUP/ixxw4hVZBrkX122iI5l5mjSiooRSnp/Zl3xqDQ==
  dependencies:
    "@babel/runtime" "^7.20.13"
    "@polkadot/x-global" "10.4.2"
    "@types/websocket" "^1.0.5"
    websocket "^1.0.34"

"@scure/base@1.1.1":
  version "1.1.1"
  resolved "https://registry.yarnpkg.com/@scure/base/-/base-1.1.1.tgz#ebb651ee52ff84f420097055f4bf46cfba403938"
  integrity sha512-ZxOhsSyxYwLJj3pLZCefNitxsj093tb2vq90mp2txoYeBqbcjDjqFhyM8eUjq/uFm6zJ+mUuqxlS2FkuSY1MTA==

"@substrate/connect-extension-protocol@^1.0.1":
  version "1.0.1"
  resolved "https://registry.yarnpkg.com/@substrate/connect-extension-protocol/-/connect-extension-protocol-1.0.1.tgz#fa5738039586c648013caa6a0c95c43265dbe77d"
  integrity sha512-161JhCC1csjH3GE5mPLEd7HbWtwNSPJBg3p1Ksz9SFlTzj/bgEwudiRN2y5i0MoLGCIJRYKyKGMxVnd29PzNjg==

"@substrate/connect@0.7.19":
  version "0.7.19"
  resolved "https://registry.yarnpkg.com/@substrate/connect/-/connect-0.7.19.tgz#7c879cb275bc7ac2fe9edbf797572d4ff8d8b86a"
  integrity sha512-+DDRadc466gCmDU71sHrYOt1HcI2Cbhm7zdCFjZfFVHXhC/E8tOdrVSglAH2HDEHR0x2SiHRxtxOGC7ak2Zjog==
  dependencies:
    "@substrate/connect-extension-protocol" "^1.0.1"
    "@substrate/smoldot-light" "0.7.9"
    eventemitter3 "^4.0.7"

"@substrate/smoldot-light@0.7.9":
  version "0.7.9"
  resolved "https://registry.yarnpkg.com/@substrate/smoldot-light/-/smoldot-light-0.7.9.tgz#68449873a25558e547e9468289686ee228a9930f"
  integrity sha512-HP8iP7sFYlpSgjjbo0lqHyU+gu9lL2hbDNce6dWk5/10mFFF9jKIFGfui4zCecUY808o/Go9pan/31kMJoLbug==
  dependencies:
    pako "^2.0.4"
    ws "^8.8.1"

"@substrate/ss58-registry@^1.38.0":
  version "1.40.0"
  resolved "https://registry.yarnpkg.com/@substrate/ss58-registry/-/ss58-registry-1.40.0.tgz#2223409c496271df786c1ca8496898896595441e"
  integrity sha512-QuU2nBql3J4KCnOWtWDw4n1K4JU0T79j54ZZvm/9nhsX6AIar13FyhsaBfs6QkJ2ixTQAnd7TocJIoJRWbqMZA==

"@t3rn/sdk@../sdk":
  version "0.1.4"
  dependencies:
    "@polkadot/api" "^9.2.4"

"@types/bn.js@^5.1.1":
  version "5.1.1"
  resolved "https://registry.yarnpkg.com/@types/bn.js/-/bn.js-5.1.1.tgz#b51e1b55920a4ca26e9285ff79936bbdec910682"
  integrity sha512-qNrYbZqMx0uJAfKnKclPh+dTwK33KfLHYqtyODwd5HnXOjnkhc4qgn3BrK6RWyGZm5+sIFE7Q7Vz6QQtJB7w7g==
  dependencies:
    "@types/node" "*"

"@types/node-fetch@^2.6.2":
  version "2.6.3"
  resolved "https://registry.yarnpkg.com/@types/node-fetch/-/node-fetch-2.6.3.tgz#175d977f5e24d93ad0f57602693c435c57ad7e80"
  integrity sha512-ETTL1mOEdq/sxUtgtOhKjyB2Irra4cjxksvcMUR5Zr4n+PxVhsCD9WS46oPbHL3et9Zde7CNRr+WUNlcHvsX+w==
  dependencies:
    "@types/node" "*"
    form-data "^3.0.0"

"@types/node@*":
  version "18.16.1"
  resolved "https://registry.yarnpkg.com/@types/node/-/node-18.16.1.tgz#5db121e9c5352925bb1f1b892c4ae620e3526799"
  integrity sha512-DZxSZWXxFfOlx7k7Rv4LAyiMroaxa3Ly/7OOzZO8cBNho0YzAi4qlbrx8W27JGqG57IgR/6J7r+nOJWw6kcvZA==

"@types/websocket@^1.0.5":
  version "1.0.5"
  resolved "https://registry.yarnpkg.com/@types/websocket/-/websocket-1.0.5.tgz#3fb80ed8e07f88e51961211cd3682a3a4a81569c"
  integrity sha512-NbsqiNX9CnEfC1Z0Vf4mE1SgAJ07JnRYcNex7AJ9zAVzmiGHmjKFEk7O4TJIsgv2B1sLEb6owKFZrACwdYngsQ==
  dependencies:
    "@types/node" "*"

asynckit@^0.4.0:
  version "0.4.0"
  resolved "https://registry.yarnpkg.com/asynckit/-/asynckit-0.4.0.tgz#c79ed97f7f34cb8f2ba1bc9790bcc366474b4b79"
  integrity sha512-Oei9OH4tRh0YqU3GxhX79dM/mwVgvbZJaSNaRk+bshkj0S5cfHcgYakreBjrHwatXKbz+IoIdYLxrKim2MjW0Q==

axios@^1.4.0:
  version "1.4.0"
  resolved "https://registry.yarnpkg.com/axios/-/axios-1.4.0.tgz#38a7bf1224cd308de271146038b551d725f0be1f"
  integrity sha512-S4XCWMEmzvo64T9GfvQDOXgYRDJ/wsSZc7Jvdgx5u1sd0JwsuPLqb3SYmusag+edF6ziyMensPVqLTSc1PiSEA==
  dependencies:
    follow-redirects "^1.15.0"
    form-data "^4.0.0"
    proxy-from-env "^1.1.0"

bintrees@1.0.2:
  version "1.0.2"
  resolved "https://registry.yarnpkg.com/bintrees/-/bintrees-1.0.2.tgz#49f896d6e858a4a499df85c38fb399b9aff840f8"
  integrity sha512-VOMgTMwjAaUG580SXn3LacVgjurrbMme7ZZNYGSSV7mmtY6QQRh0Eg3pwIcntQ77DErK1L0NxkbetjcoXzVwKw==

bn.js@^5.2.1:
  version "5.2.1"
  resolved "https://registry.yarnpkg.com/bn.js/-/bn.js-5.2.1.tgz#0bc527a6a0d18d0aa8d5b0538ce4a77dccfa7b70"
  integrity sha512-eXRvHzWyYPBuB4NBy0cmYQjGitUrtqwbvlzP3G6VFnNRbsZQIxQ10PbKKHt8gZ/HW/D/747aDl+QkDqg3KQLMQ==

bufferutil@^4.0.1:
  version "4.0.7"
  resolved "https://registry.yarnpkg.com/bufferutil/-/bufferutil-4.0.7.tgz#60c0d19ba2c992dd8273d3f73772ffc894c153ad"
  integrity sha512-kukuqc39WOHtdxtw4UScxF/WVnMFVSQVKhtx3AjZJzhd0RGZZldcrfSEbVsWWe6KNH253574cq5F+wpv0G9pJw==
  dependencies:
    node-gyp-build "^4.3.0"

combined-stream@^1.0.8:
  version "1.0.8"
  resolved "https://registry.yarnpkg.com/combined-stream/-/combined-stream-1.0.8.tgz#c3d45a8b34fd730631a110a8a2520682b31d5a7f"
  integrity sha512-FQN4MRfuJeHf7cBbBMJFXhKSDq+2kAArBlmRBvcvFE5BB1HZKXtSFASDhdlz9zOYwxh8lDdnvmMOe/+5cdoEdg==
  dependencies:
    delayed-stream "~1.0.0"

d@1, d@^1.0.1:
  version "1.0.1"
  resolved "https://registry.yarnpkg.com/d/-/d-1.0.1.tgz#8698095372d58dbee346ffd0c7093f99f8f9eb5a"
  integrity sha512-m62ShEObQ39CfralilEQRjH6oAMtNCV1xJyEx5LpRYUVN+EviphDgUc/F3hnYbADmkiNs67Y+3ylmlG7Lnu+FA==
  dependencies:
    es5-ext "^0.10.50"
    type "^1.0.1"

data-uri-to-buffer@^4.0.0:
  version "4.0.1"
  resolved "https://registry.yarnpkg.com/data-uri-to-buffer/-/data-uri-to-buffer-4.0.1.tgz#d8feb2b2881e6a4f58c2e08acfd0e2834e26222e"
  integrity sha512-0R9ikRb668HB7QDxT1vkpuUBtqc53YyAwMwGeUFKRojY/NWKvdZ+9UYtRfGmhqNbRkTSVpMbmyhXipFFv2cb/A==

debug@^2.2.0:
  version "2.6.9"
  resolved "https://registry.yarnpkg.com/debug/-/debug-2.6.9.tgz#5d128515df134ff327e90a4c93f4e077a536341f"
  integrity sha512-bC7ElrdJaJnPbAP+1EotYvqZsb3ecl5wi6Bfi6BJTUcNowp6cvspg0jXznRTKDjm/E7AdgFBVeAPVMNcKGsHMA==
  dependencies:
    ms "2.0.0"

debug@^4.1.0:
  version "4.3.4"
  resolved "https://registry.yarnpkg.com/debug/-/debug-4.3.4.tgz#1319f6579357f2338d3337d2cdd4914bb5dcc865"
  integrity sha512-PRWFHuSU3eDtQJPvnNY7Jcket1j0t5OuOsFzPPzsekD52Zl8qUfFIPEiswXqIvHWGVHOgX+7G/vCNNhehwxfkQ==
  dependencies:
    ms "2.1.2"

delayed-stream@~1.0.0:
  version "1.0.0"
  resolved "https://registry.yarnpkg.com/delayed-stream/-/delayed-stream-1.0.0.tgz#df3ae199acadfb7d440aaae0b29e2272b24ec619"
  integrity sha512-ZySD7Nf91aLB0RxL4KGrKHBXl7Eds1DAmEdcoVawXnLD7SDhpNgtuII2aAkg7a7QS41jxPSZ17p4VdGnMHk3MQ==

dotenv@^16.0.3:
  version "16.0.3"
  resolved "https://registry.yarnpkg.com/dotenv/-/dotenv-16.0.3.tgz#115aec42bac5053db3c456db30cc243a5a836a07"
  integrity sha512-7GO6HghkA5fYG9TYnNxi14/7K9f5occMlp3zXAuSxn7CKCxt9xbNWG7yF8hTCSUchlfWSe3uLmlPfigevRItzQ==

ed2curve@^0.3.0:
  version "0.3.0"
  resolved "https://registry.yarnpkg.com/ed2curve/-/ed2curve-0.3.0.tgz#322b575152a45305429d546b071823a93129a05d"
  integrity sha512-8w2fmmq3hv9rCrcI7g9hms2pMunQr1JINfcjwR9tAyZqhtyaMN991lF/ZfHfr5tzZQ8c7y7aBgZbjfbd0fjFwQ==
  dependencies:
    tweetnacl "1.x.x"

es5-ext@^0.10.35, es5-ext@^0.10.50:
  version "0.10.62"
  resolved "https://registry.yarnpkg.com/es5-ext/-/es5-ext-0.10.62.tgz#5e6adc19a6da524bf3d1e02bbc8960e5eb49a9a5"
  integrity sha512-BHLqn0klhEpnOKSrzn/Xsz2UIW8j+cGmo9JLzr8BiUapV8hPL9+FliFqjwr9ngW7jWdnxv6eO+/LqyhJVqgrjA==
  dependencies:
    es6-iterator "^2.0.3"
    es6-symbol "^3.1.3"
    next-tick "^1.1.0"

es6-iterator@^2.0.3:
  version "2.0.3"
  resolved "https://registry.yarnpkg.com/es6-iterator/-/es6-iterator-2.0.3.tgz#a7de889141a05a94b0854403b2d0a0fbfa98f3b7"
  integrity sha512-zw4SRzoUkd+cl+ZoE15A9o1oQd920Bb0iOJMQkQhl3jNc03YqVjAhG7scf9C5KWRU/R13Orf588uCC6525o02g==
  dependencies:
    d "1"
    es5-ext "^0.10.35"
    es6-symbol "^3.1.1"

es6-symbol@^3.1.1, es6-symbol@^3.1.3:
  version "3.1.3"
  resolved "https://registry.yarnpkg.com/es6-symbol/-/es6-symbol-3.1.3.tgz#bad5d3c1bcdac28269f4cb331e431c78ac705d18"
  integrity sha512-NJ6Yn3FuDinBaBRWl/q5X/s4koRHBrgKAu+yGI6JCBeiu3qrcbJhwT2GeR/EXVfylRk8dpQVJoLEFhK+Mu31NA==
  dependencies:
    d "^1.0.1"
    ext "^1.1.2"

eventemitter3@^4.0.7:
  version "4.0.7"
  resolved "https://registry.yarnpkg.com/eventemitter3/-/eventemitter3-4.0.7.tgz#2de9b68f6528d5644ef5c59526a1b4a07306169f"
  integrity sha512-8guHBZCwKnFhYdHr2ysuRWErTwhoN2X8XELRlrRwpmfeY2jjuUN4taQMsULKUVo1K4DvZl+0pgfyoysHxvmvEw==

eventemitter3@^5.0.0:
  version "5.0.0"
  resolved "https://registry.yarnpkg.com/eventemitter3/-/eventemitter3-5.0.0.tgz#084eb7f5b5388df1451e63f4c2aafd71b217ccb3"
  integrity sha512-riuVbElZZNXLeLEoprfNYoDSwTBRR44X3mnhdI1YcnENpWTCsTTVZ2zFuqQcpoyqPQIUXdiPEU0ECAq0KQRaHg==

ext@^1.1.2:
  version "1.7.0"
  resolved "https://registry.yarnpkg.com/ext/-/ext-1.7.0.tgz#0ea4383c0103d60e70be99e9a7f11027a33c4f5f"
  integrity sha512-6hxeJYaL110a9b5TEJSj0gojyHQAmA2ch5Os+ySCiA1QGdS697XWY1pzsrSjqA9LDEEgdB/KypIlR59RcLuHYw==
  dependencies:
    type "^2.7.2"

fetch-blob@^3.1.2, fetch-blob@^3.1.4:
  version "3.2.0"
  resolved "https://registry.yarnpkg.com/fetch-blob/-/fetch-blob-3.2.0.tgz#f09b8d4bbd45adc6f0c20b7e787e793e309dcce9"
  integrity sha512-7yAQpD2UMJzLi1Dqv7qFYnPbaPx7ZfFK6PiIxQ4PfkGPyNyl2Ugx+a/umUonmKqjhM4DnfbMvdX6otXq83soQQ==
  dependencies:
    node-domexception "^1.0.0"
    web-streams-polyfill "^3.0.3"

follow-redirects@^1.15.0:
  version "1.15.2"
  resolved "https://registry.yarnpkg.com/follow-redirects/-/follow-redirects-1.15.2.tgz#b460864144ba63f2681096f274c4e57026da2c13"
  integrity sha512-VQLG33o04KaQ8uYi2tVNbdrWp1QWxNNea+nmIB4EVM28v0hmP17z7aG1+wAkNzVq4KeXTq3221ye5qTJP91JwA==

form-data@^3.0.0:
  version "3.0.1"
  resolved "https://registry.yarnpkg.com/form-data/-/form-data-3.0.1.tgz#ebd53791b78356a99af9a300d4282c4d5eb9755f"
  integrity sha512-RHkBKtLWUVwd7SqRIvCZMEvAMoGUp0XU+seQiZejj0COz3RI3hWP4sCv3gZWWLjJTd7rGwcsF5eKZGii0r/hbg==
  dependencies:
    asynckit "^0.4.0"
    combined-stream "^1.0.8"
    mime-types "^2.1.12"

form-data@^4.0.0:
  version "4.0.0"
  resolved "https://registry.yarnpkg.com/form-data/-/form-data-4.0.0.tgz#93919daeaf361ee529584b9b31664dc12c9fa452"
  integrity sha512-ETEklSGi5t0QMZuiXoA/Q6vcnxcLQP5vdugSpuAyi6SVGi2clPPp+xgEhuMaHC+zGgn31Kd235W35f7Hykkaww==
  dependencies:
    asynckit "^0.4.0"
    combined-stream "^1.0.8"
    mime-types "^2.1.12"

formdata-polyfill@^4.0.10:
  version "4.0.10"
  resolved "https://registry.yarnpkg.com/formdata-polyfill/-/formdata-polyfill-4.0.10.tgz#24807c31c9d402e002ab3d8c720144ceb8848423"
  integrity sha512-buewHzMvYL29jdeQTVILecSaZKnt/RJWjoZCF5OW60Z67/GmSLBkOFM7qh1PI3zFNtJbaZL5eQu1vLfazOwj4g==
  dependencies:
    fetch-blob "^3.1.2"

http@^0.0.1-security:
  version "0.0.1-security"
  resolved "https://registry.yarnpkg.com/http/-/http-0.0.1-security.tgz#3aac09129d12dc2747bbce4157afde20ad1f7995"
  integrity sha512-RnDvP10Ty9FxqOtPZuxtebw1j4L/WiqNMDtuc1YMH1XQm5TgDRaR1G9u8upL6KD1bXHSp9eSXo/ED+8Q7FAr+g==

is-typedarray@^1.0.0:
  version "1.0.0"
  resolved "https://registry.yarnpkg.com/is-typedarray/-/is-typedarray-1.0.0.tgz#e479c80858df0c1b11ddda6940f96011fcda4a9a"
  integrity sha512-cyA56iCMHAh5CdzjJIa4aohJyeO1YbwLi3Jc35MmRU6poroFjIGZzUzupGiRPOjgHg9TLu43xbpwXk523fMxKA==

json-stringify-safe@^5.0.1:
  version "5.0.1"
  resolved "https://registry.yarnpkg.com/json-stringify-safe/-/json-stringify-safe-5.0.1.tgz#1296a2d58fd45f19a0f6ce01d65701e2c735b6eb"
  integrity sha512-ZClg6AaYvamvYEE82d3Iyd3vSSIjQ+odgjaTzRuO3s7toCdFKczob2i0zCh7JE8kWn17yvAWhUVxvqGwUalsRA==

lodash@^4.17.21:
  version "4.17.21"
  resolved "https://registry.yarnpkg.com/lodash/-/lodash-4.17.21.tgz#679591c564c3bffaae8454cf0b3df370c3d6911c"
  integrity sha512-v2kDEe57lecTulaDIuNTPy3Ry4gLGJ6Z1O3vE1krgXZNrsQ+LFTGHVxVjcXPs17LhbZVGedAJv8XZ1tvj5FvSg==

mime-db@1.52.0:
  version "1.52.0"
  resolved "https://registry.yarnpkg.com/mime-db/-/mime-db-1.52.0.tgz#bbabcdc02859f4987301c856e3387ce5ec43bf70"
  integrity sha512-sPU4uV7dYlvtWJxwwxHD0PuihVNiE7TyAbQ5SWxDCB9mUYvOgroQOwYQQOKPJ8CIbE+1ETVlOoK1UC2nU3gYvg==

mime-types@^2.1.12:
  version "2.1.35"
  resolved "https://registry.yarnpkg.com/mime-types/-/mime-types-2.1.35.tgz#381a871b62a734450660ae3deee44813f70d959a"
  integrity sha512-ZDY+bPm5zTTF+YpCrAU9nK0UgICYPT0QtT1NZWFv4s++TNkcgVaT0g6+4R2uI4MjQjzysHB1zxuWL50hzaeXiw==
  dependencies:
    mime-db "1.52.0"

mock-socket@^9.2.1:
  version "9.2.1"
  resolved "https://registry.yarnpkg.com/mock-socket/-/mock-socket-9.2.1.tgz#cc9c0810aa4d0afe02d721dcb2b7e657c00e2282"
  integrity sha512-aw9F9T9G2zpGipLLhSNh6ZpgUyUl4frcVmRN08uE1NWPWg43Wx6+sGPDbQ7E5iFZZDJW5b5bypMeAEHqTbIFag==

ms@2.0.0:
  version "2.0.0"
  resolved "https://registry.yarnpkg.com/ms/-/ms-2.0.0.tgz#5608aeadfc00be6c2901df5f9861788de0d597c8"
  integrity sha512-Tpp60P6IUJDTuOq/5Z8cdskzJujfwqfOTkrwIwj7IRISpnkJnT6SyJ4PCPnGMoFjC9ddhal5KVIYtAt97ix05A==

ms@2.1.2:
  version "2.1.2"
  resolved "https://registry.yarnpkg.com/ms/-/ms-2.1.2.tgz#d09d1f357b443f493382a8eb3ccd183872ae6009"
  integrity sha512-sGkPx+VjMtmA6MX27oA4FBFELFCZZ4S4XqeGOXCv68tT+jb3vk/RyaKWP0PTKyWtmLSM0b+adUTEvbs1PEaH2w==

next-tick@^1.1.0:
  version "1.1.0"
  resolved "https://registry.yarnpkg.com/next-tick/-/next-tick-1.1.0.tgz#1836ee30ad56d67ef281b22bd199f709449b35eb"
  integrity sha512-CXdUiJembsNjuToQvxayPZF9Vqht7hewsvy2sOWafLvi2awflj9mOC6bHIg50orX8IJvWKY9wYQ/zB2kogPslQ==

nock@^13.3.0:
  version "13.3.0"
  resolved "https://registry.yarnpkg.com/nock/-/nock-13.3.0.tgz#b13069c1a03f1ad63120f994b04bfd2556925768"
  integrity sha512-HHqYQ6mBeiMc+N038w8LkMpDCRquCHWeNmN3v6645P3NhN2+qXOBqvPqo7Rt1VyCMzKhJ733wZqw5B7cQVFNPg==
  dependencies:
    debug "^4.1.0"
    json-stringify-safe "^5.0.1"
    lodash "^4.17.21"
    propagate "^2.0.0"

node-domexception@^1.0.0:
  version "1.0.0"
  resolved "https://registry.yarnpkg.com/node-domexception/-/node-domexception-1.0.0.tgz#6888db46a1f71c0b76b3f7555016b63fe64766e5"
  integrity sha512-/jKZoMpw0F8GRwl4/eLROPA3cfcXtLApP0QzLmUT/HuPCZWyB7IY9ZrMeKw2O/nFIqPQB3PVM9aYm0F312AXDQ==

node-fetch@^3.3.0:
  version "3.3.1"
  resolved "https://registry.yarnpkg.com/node-fetch/-/node-fetch-3.3.1.tgz#b3eea7b54b3a48020e46f4f88b9c5a7430d20b2e"
  integrity sha512-cRVc/kyto/7E5shrWca1Wsea4y6tL9iYJE5FBCius3JQfb/4P4I295PfhgbJQBLTx6lATE4z+wK0rPM4VS2uow==
  dependencies:
    data-uri-to-buffer "^4.0.0"
    fetch-blob "^3.1.4"
    formdata-polyfill "^4.0.10"

node-gyp-build@^4.3.0:
  version "4.6.0"
  resolved "https://registry.yarnpkg.com/node-gyp-build/-/node-gyp-build-4.6.0.tgz#0c52e4cbf54bbd28b709820ef7b6a3c2d6209055"
  integrity sha512-NTZVKn9IylLwUzaKjkas1e4u2DLNcV4rdYagA4PWdPwW87Bi7z+BznyKSRwS/761tV/lzCGXplWsiaMjLqP2zQ==

pako@^2.0.4:
  version "2.1.0"
  resolved "https://registry.yarnpkg.com/pako/-/pako-2.1.0.tgz#266cc37f98c7d883545d11335c00fbd4062c9a86"
  integrity sha512-w+eufiZ1WuJYgPXbV/PO3NCMEc3xqylkKHzp8bxp1uW4qaSNQUkwmLLEc3kKsfz8lpV1F8Ht3U1Cm+9Srog2ug==

prom-client@^14.2.0:
  version "14.2.0"
  resolved "https://registry.yarnpkg.com/prom-client/-/prom-client-14.2.0.tgz#ca94504e64156f6506574c25fb1c34df7812cf11"
  integrity sha512-sF308EhTenb/pDRPakm+WgiN+VdM/T1RaHj1x+MvAuT8UiQP8JmOEbxVqtkbfR4LrvOg5n7ic01kRBDGXjYikA==
  dependencies:
    tdigest "^0.1.1"

propagate@^2.0.0:
  version "2.0.1"
  resolved "https://registry.yarnpkg.com/propagate/-/propagate-2.0.1.tgz#40cdedab18085c792334e64f0ac17256d38f9a45"
  integrity sha512-vGrhOavPSTz4QVNuBNdcNXePNdNMaO1xj9yBeH1ScQPjk/rhg9sSlCXPhMkFuaNNW/syTvYqsnbIJxMBfRbbag==

proxy-from-env@^1.1.0:
  version "1.1.0"
  resolved "https://registry.yarnpkg.com/proxy-from-env/-/proxy-from-env-1.1.0.tgz#e102f16ca355424865755d2c9e8ea4f24d58c3e2"
  integrity sha512-D+zkORCbA9f1tdWRK0RaCR3GPv50cMxcrz4X8k5LTSUD1Dkw47mKJEZQNunItRTkWwgtaUSo1RVFRIG9ZXiFYg==

punycode@1.3.2:
  version "1.3.2"
  resolved "https://registry.yarnpkg.com/punycode/-/punycode-1.3.2.tgz#9653a036fb7c1ee42342f2325cceefea3926c48d"
  integrity sha512-RofWgt/7fL5wP1Y7fxE7/EmTLzQVnB0ycyibJ0OOHIlJqTNzglYFxVwETOcIoJqJmpDXJ9xImDv+Fq34F/d4Dw==

querystring@0.2.0:
  version "0.2.0"
  resolved "https://registry.yarnpkg.com/querystring/-/querystring-0.2.0.tgz#b209849203bb25df820da756e747005878521620"
  integrity sha512-X/xY82scca2tau62i9mDyU9K+I+djTMUsvwf7xnUX5GLvVzgJybOJf4Y6o9Zx3oJK/LSXg5tTZBjwzqVPaPO2g==

regenerator-runtime@^0.13.11:
  version "0.13.11"
  resolved "https://registry.yarnpkg.com/regenerator-runtime/-/regenerator-runtime-0.13.11.tgz#f6dca3e7ceec20590d07ada785636a90cdca17f9"
  integrity sha512-kY1AZVr2Ra+t+piVaJ4gxaFaReZVH40AKNo7UCX6W+dEwBo/2oZJzqfuN1qLq1oL45o56cPaTXELwrTh8Fpggg==

rxjs@^7.8.0:
  version "7.8.1"
  resolved "https://registry.yarnpkg.com/rxjs/-/rxjs-7.8.1.tgz#6f6f3d99ea8044291efd92e7c7fcf562c4057543"
  integrity sha512-AA3TVj+0A2iuIoQkWEK/tqFjBq2j+6PO6Y0zJcvzLAFhEFIO3HL0vls9hWLncZbAAbK0mar7oZ4V079I/qPMxg==
  dependencies:
    tslib "^2.1.0"

tdigest@^0.1.1:
  version "0.1.2"
  resolved "https://registry.yarnpkg.com/tdigest/-/tdigest-0.1.2.tgz#96c64bac4ff10746b910b0e23b515794e12faced"
  integrity sha512-+G0LLgjjo9BZX2MfdvPfH+MKLCrxlXSYec5DaPYP1fe6Iyhf0/fSmJ0bFiZ1F8BT6cGXl2LpltQptzjXKWEkKA==
  dependencies:
    bintrees "1.0.2"

tslib@^2.1.0:
  version "2.5.0"
  resolved "https://registry.yarnpkg.com/tslib/-/tslib-2.5.0.tgz#42bfed86f5787aeb41d031866c8f402429e0fddf"
  integrity sha512-336iVw3rtn2BUK7ORdIAHTyxHGRIHVReokCR3XjbckJMK7ms8FysBfhLR8IXnAgy7T0PTPNBWKiH514FOW/WSg==

tweetnacl@1.x.x, tweetnacl@^1.0.3:
  version "1.0.3"
  resolved "https://registry.yarnpkg.com/tweetnacl/-/tweetnacl-1.0.3.tgz#ac0af71680458d8a6378d0d0d050ab1407d35596"
  integrity sha512-6rt+RN7aOi1nGMyC4Xa5DdYiukl2UWCbcJft7YhxReBGQD7OAM8Pbxw6YMo4r2diNEA8FEmu32YOn9rhaiE5yw==

type@^1.0.1:
  version "1.2.0"
  resolved "https://registry.yarnpkg.com/type/-/type-1.2.0.tgz#848dd7698dafa3e54a6c479e759c4bc3f18847a0"
  integrity sha512-+5nt5AAniqsCnu2cEQQdpzCAh33kVx8n0VoFidKpB1dVVLAN/F+bgVOqOJqOnEnrhp222clB5p3vUlD+1QAnfg==

type@^2.7.2:
  version "2.7.2"
  resolved "https://registry.yarnpkg.com/type/-/type-2.7.2.tgz#2376a15a3a28b1efa0f5350dcf72d24df6ef98d0"
  integrity sha512-dzlvlNlt6AXU7EBSfpAscydQ7gXB+pPGsPnfJnZpiNJBDj7IaJzQlBZYGdEi4R9HmPdBv2XmWJ6YUtoTa7lmCw==

typedarray-to-buffer@^3.1.5:
  version "3.1.5"
  resolved "https://registry.yarnpkg.com/typedarray-to-buffer/-/typedarray-to-buffer-3.1.5.tgz#a97ee7a9ff42691b9f783ff1bc5112fe3fca9080"
  integrity sha512-zdu8XMNEDepKKR+XYOXAVPtWui0ly0NtohUscw+UmaHiAWT8hrV1rr//H6V+0DvJ3OQ19S979M0laLfX8rm82Q==
  dependencies:
    is-typedarray "^1.0.0"

url@^0.11.0:
  version "0.11.0"
  resolved "https://registry.yarnpkg.com/url/-/url-0.11.0.tgz#3838e97cfc60521eb73c525a8e55bfdd9e2e28f1"
  integrity sha512-kbailJa29QrtXnxgq+DdCEGlbTeYM2eJUxsz6vjZavrCYPMIFHMKQmSKYAIuUK2i7hgPm28a8piX5NTUtM/LKQ==
  dependencies:
    punycode "1.3.2"
    querystring "0.2.0"

utf-8-validate@^5.0.2:
  version "5.0.10"
  resolved "https://registry.yarnpkg.com/utf-8-validate/-/utf-8-validate-5.0.10.tgz#d7d10ea39318171ca982718b6b96a8d2442571a2"
  integrity sha512-Z6czzLq4u8fPOyx7TU6X3dvUZVvoJmxSQ+IcrlmagKhilxlhZgxPK6C5Jqbkw1IDUmFTM+cz9QDnnLTwDz/2gQ==
  dependencies:
    node-gyp-build "^4.3.0"

web-streams-polyfill@^3.0.3:
  version "3.2.1"
  resolved "https://registry.yarnpkg.com/web-streams-polyfill/-/web-streams-polyfill-3.2.1.tgz#71c2718c52b45fd49dbeee88634b3a60ceab42a6"
  integrity sha512-e0MO3wdXWKrLbL0DgGnUV7WHVuw9OUvL4hjgnPkIeEvESk74gAITi5G606JtZPp39cd8HA9VQzCIvA49LpPN5Q==

websocket@^1.0.34:
  version "1.0.34"
  resolved "https://registry.yarnpkg.com/websocket/-/websocket-1.0.34.tgz#2bdc2602c08bf2c82253b730655c0ef7dcab3111"
  integrity sha512-PRDso2sGwF6kM75QykIesBijKSVceR6jL2G8NGYyq2XrItNC2P5/qL5XeR056GhA+Ly7JMFvJb9I312mJfmqnQ==
  dependencies:
    bufferutil "^4.0.1"
    debug "^2.2.0"
    es5-ext "^0.10.50"
    typedarray-to-buffer "^3.1.5"
    utf-8-validate "^5.0.2"
    yaeti "^0.0.6"

ws@^8.8.1:
  version "8.13.0"
  resolved "https://registry.yarnpkg.com/ws/-/ws-8.13.0.tgz#9a9fb92f93cf41512a0735c8f4dd09b8a1211cd0"
  integrity sha512-x9vcZYTrFPC7aSIbj7sRCYo7L/Xb8Iy+pW0ng0wt2vCJv7M9HOMy0UoN3rr+IFC7hb7vXoqS+P9ktyLLLhO+LA==

yaeti@^0.0.6:
  version "0.0.6"
  resolved "https://registry.yarnpkg.com/yaeti/-/yaeti-0.0.6.tgz#f26f484d72684cf42bedfb76970aa1608fbf9577"
  integrity sha512-MvQa//+KcZCUkBTIC9blM+CU9J2GzuTytsOUwf2lidtvkx/6gnEp1QvJv34t9vdjhFmha/mUiNDbN0D0mJWdug==
