# This is dummy GHA that waits for release concurrency to finish
# Reason behind it is that after release is finished, we want to commit cargo release changes and changelog
# So anything in merge queue needs to wait for release to finish
name: Wait for Release to Finish

on:
  merge_group:

jobs:
  release:
    runs-on: self-hosted
    concurrency: release
    steps:
      - name: Checkout
        uses: actions/checkout@v3
